// !$*UTF8*$!
{
	archiveVersion = 1;
	classes = {
	};
	objectVersion = 56;
	objects = {

/* Begin PBXBuildFile section */
		580477022BF1B92A0093019C /* NavigationButtonType.swift in Sources */ = {isa = PBXBuildFile; fileRef = 580477012BF1B92A0093019C /* NavigationButtonType.swift */; };
		580477052BF1BC7E0093019C /* RouteFinderSheetCollectionViewCell.swift in Sources */ = {isa = PBXBuildFile; fileRef = 580477042BF1BC7E0093019C /* RouteFinderSheetCollectionViewCell.swift */; };
		580477092BF1BF480093019C /* RouteFinderSheetCollectionController.swift in Sources */ = {isa = PBXBuildFile; fileRef = 580477082BF1BF480093019C /* RouteFinderSheetCollectionController.swift */; };
		5804770C2BF1C46A0093019C /* Route.swift in Sources */ = {isa = PBXBuildFile; fileRef = 5804770B2BF1C46A0093019C /* Route.swift */; };
		5806472A2BCD147A00FB7310 /* UIImage+Extension.swift in Sources */ = {isa = PBXBuildFile; fileRef = 580647292BCD147A00FB7310 /* UIImage+Extension.swift */; };
		5810DE202BE1F78400180BFB /* MappinImageView.swift in Sources */ = {isa = PBXBuildFile; fileRef = 5810DE1F2BE1F78400180BFB /* MappinImageView.swift */; };
		5810DE462BE35D4600180BFB /* BaseStackView.swift in Sources */ = {isa = PBXBuildFile; fileRef = 5810DE452BE35D4600180BFB /* BaseStackView.swift */; };
		5810DE4A2BE37C9400180BFB /* FirebaseAuthManager.swift in Sources */ = {isa = PBXBuildFile; fileRef = 5810DE492BE37C9400180BFB /* FirebaseAuthManager.swift */; };
		5810DE4C2BE3890200180BFB /* CryptoUtils.swift in Sources */ = {isa = PBXBuildFile; fileRef = 5810DE4B2BE3890200180BFB /* CryptoUtils.swift */; };
		581F796D2BEC9A98001F81A0 /* Placemark.swift in Sources */ = {isa = PBXBuildFile; fileRef = 581F796C2BEC9A98001F81A0 /* Placemark.swift */; };
		581F79752BEE212D001F81A0 /* RouteManager.swift in Sources */ = {isa = PBXBuildFile; fileRef = 581F79742BEE212D001F81A0 /* RouteManager.swift */; };
		581F79782BEF1D83001F81A0 /* RouteFinderSheetViewController.swift in Sources */ = {isa = PBXBuildFile; fileRef = 581F79772BEF1D83001F81A0 /* RouteFinderSheetViewController.swift */; };
		581F797A2BEF32B3001F81A0 /* RouteFinderSheetView.swift in Sources */ = {isa = PBXBuildFile; fileRef = 581F79792BEF32B3001F81A0 /* RouteFinderSheetView.swift */; };
		581F797C2BEF3F97001F81A0 /* RouteFinderSheetViewModel.swift in Sources */ = {isa = PBXBuildFile; fileRef = 581F797B2BEF3F97001F81A0 /* RouteFinderSheetViewModel.swift */; };
		581F79802BEF687B001F81A0 /* Transport.swift in Sources */ = {isa = PBXBuildFile; fileRef = 581F797F2BEF687B001F81A0 /* Transport.swift */; };
		583210B52BE6610300D9DCA1 /* SignUpTextFieldHandler.swift in Sources */ = {isa = PBXBuildFile; fileRef = 583210B42BE6610300D9DCA1 /* SignUpTextFieldHandler.swift */; };
		583210B82BE69EB700D9DCA1 /* CollectionViewCellProtocol.swift in Sources */ = {isa = PBXBuildFile; fileRef = 583210B72BE69EB700D9DCA1 /* CollectionViewCellProtocol.swift */; };
		583210BA2BE76DAA00D9DCA1 /* BaseLabel.swift in Sources */ = {isa = PBXBuildFile; fileRef = 583210B92BE76DAA00D9DCA1 /* BaseLabel.swift */; };
		583210BC2BE8F24200D9DCA1 /* BaseImageView.swift in Sources */ = {isa = PBXBuildFile; fileRef = 583210BB2BE8F24200D9DCA1 /* BaseImageView.swift */; };
		58368EFC2BD536B8009E008C /* AlertService.swift in Sources */ = {isa = PBXBuildFile; fileRef = 58368EFB2BD536B8009E008C /* AlertService.swift */; };
		58368F032BD80472009E008C /* HomeInteractor.swift in Sources */ = {isa = PBXBuildFile; fileRef = 58368F022BD80472009E008C /* HomeInteractor.swift */; };
		58368F052BD8047E009E008C /* HomePresenter.swift in Sources */ = {isa = PBXBuildFile; fileRef = 58368F042BD8047E009E008C /* HomePresenter.swift */; };
		58368F0D2BD828C6009E008C /* HomeSearchCollectionViewCell.swift in Sources */ = {isa = PBXBuildFile; fileRef = 58368F0C2BD828C6009E008C /* HomeSearchCollectionViewCell.swift */; };
		58368F102BD83490009E008C /* BaseViewController.swift in Sources */ = {isa = PBXBuildFile; fileRef = 58368F0F2BD83490009E008C /* BaseViewController.swift */; };
		58368F122BD8B7D5009E008C /* HomeSearchBarView.swift in Sources */ = {isa = PBXBuildFile; fileRef = 58368F112BD8B7D5009E008C /* HomeSearchBarView.swift */; };
		58368F162BDE41FC009E008C /* PlaceSearchViewController.swift in Sources */ = {isa = PBXBuildFile; fileRef = 58368F152BDE41FC009E008C /* PlaceSearchViewController.swift */; };
		58368F1A2BDE424A009E008C /* PlaceSearchView.swift in Sources */ = {isa = PBXBuildFile; fileRef = 58368F192BDE424A009E008C /* PlaceSearchView.swift */; };
		58368F1D2BDE4AD2009E008C /* PlaceSearchNavigationBar.swift in Sources */ = {isa = PBXBuildFile; fileRef = 58368F1C2BDE4AD2009E008C /* PlaceSearchNavigationBar.swift */; };
		584FA3E72BA41484002600F1 /* AppDelegate.swift in Sources */ = {isa = PBXBuildFile; fileRef = 584FA3E62BA41484002600F1 /* AppDelegate.swift */; };
		584FA3E92BA41484002600F1 /* SceneDelegate.swift in Sources */ = {isa = PBXBuildFile; fileRef = 584FA3E82BA41484002600F1 /* SceneDelegate.swift */; };
		584FA3F02BA41485002600F1 /* Assets.xcassets in Resources */ = {isa = PBXBuildFile; fileRef = 584FA3EF2BA41485002600F1 /* Assets.xcassets */; };
		584FA3F32BA41485002600F1 /* LaunchScreen.storyboard in Resources */ = {isa = PBXBuildFile; fileRef = 584FA3F12BA41485002600F1 /* LaunchScreen.storyboard */; };
		584FA4082BA41485002600F1 /* GILUITests.swift in Sources */ = {isa = PBXBuildFile; fileRef = 584FA4072BA41485002600F1 /* GILUITests.swift */; };
		584FA40A2BA41485002600F1 /* GILUITestsLaunchTests.swift in Sources */ = {isa = PBXBuildFile; fileRef = 584FA4092BA41485002600F1 /* GILUITestsLaunchTests.swift */; };
		584FA41B2BA7F606002600F1 /* LoginViewController.swift in Sources */ = {isa = PBXBuildFile; fileRef = 584FA41A2BA7F606002600F1 /* LoginViewController.swift */; };
		584FA41E2BA82886002600F1 /* FormTextField.swift in Sources */ = {isa = PBXBuildFile; fileRef = 584FA41D2BA82886002600F1 /* FormTextField.swift */; };
		584FA4302BABC0EE002600F1 /* LoginView.swift in Sources */ = {isa = PBXBuildFile; fileRef = 584FA42F2BABC0EE002600F1 /* LoginView.swift */; };
		584FA4372BAD5607002600F1 /* FirebaseAnalytics in Frameworks */ = {isa = PBXBuildFile; productRef = 584FA4362BAD5607002600F1 /* FirebaseAnalytics */; };
		584FA4392BAD5607002600F1 /* FirebaseAnalyticsOnDeviceConversion in Frameworks */ = {isa = PBXBuildFile; productRef = 584FA4382BAD5607002600F1 /* FirebaseAnalyticsOnDeviceConversion */; };
		584FA43B2BAD5607002600F1 /* FirebaseAnalyticsSwift in Frameworks */ = {isa = PBXBuildFile; productRef = 584FA43A2BAD5607002600F1 /* FirebaseAnalyticsSwift */; };
		584FA43D2BAD5607002600F1 /* FirebaseAnalyticsWithoutAdIdSupport in Frameworks */ = {isa = PBXBuildFile; productRef = 584FA43C2BAD5607002600F1 /* FirebaseAnalyticsWithoutAdIdSupport */; };
		584FA43F2BAD5607002600F1 /* FirebaseCrashlytics in Frameworks */ = {isa = PBXBuildFile; productRef = 584FA43E2BAD5607002600F1 /* FirebaseCrashlytics */; };
		584FA4452BAD6068002600F1 /* GoogleService-Info.plist in Resources */ = {isa = PBXBuildFile; fileRef = 584FA4442BAD6068002600F1 /* GoogleService-Info.plist */; };
		584FA44A2BB15D51002600F1 /* LoginViewModel.swift in Sources */ = {isa = PBXBuildFile; fileRef = 584FA4492BB15D51002600F1 /* LoginViewModel.swift */; };
		5858890E2BFE473400F3F642 /* PlaceSearchCollectionViewHandler.swift in Sources */ = {isa = PBXBuildFile; fileRef = 5858890D2BFE473400F3F642 /* PlaceSearchCollectionViewHandler.swift */; };
		585889102BFE474000F3F642 /* PlaceSearchViewModel.swift in Sources */ = {isa = PBXBuildFile; fileRef = 5858890F2BFE474000F3F642 /* PlaceSearchViewModel.swift */; };
		585889162BFF213F00F3F642 /* RouteFinderFlowCoordinator.swift in Sources */ = {isa = PBXBuildFile; fileRef = 585889152BFF213F00F3F642 /* RouteFinderFlowCoordinator.swift */; };
		5858891B2BFF22A700F3F642 /* RouteFinderSceneDIContainer.swift in Sources */ = {isa = PBXBuildFile; fileRef = 5858891A2BFF22A700F3F642 /* RouteFinderSceneDIContainer.swift */; };
		585889222BFF7F8900F3F642 /* RouteFinderUseCase.swift in Sources */ = {isa = PBXBuildFile; fileRef = 585889212BFF7F8900F3F642 /* RouteFinderUseCase.swift */; };
		585889242C00A12F00F3F642 /* Distance.swift in Sources */ = {isa = PBXBuildFile; fileRef = 585889232C00A12F00F3F642 /* Distance.swift */; };
		585889282C00AE1300F3F642 /* LoadingView.swift in Sources */ = {isa = PBXBuildFile; fileRef = 585889272C00AE1300F3F642 /* LoadingView.swift */; };
		5858892C2C030E3200F3F642 /* PlaceRepository.swift in Sources */ = {isa = PBXBuildFile; fileRef = 5858892B2C030E3200F3F642 /* PlaceRepository.swift */; };
		5858892F2C046AF000F3F642 /* InlineSnapshotTesting in Frameworks */ = {isa = PBXBuildFile; productRef = 5858892E2C046AF000F3F642 /* InlineSnapshotTesting */; };
		585889312C046AF000F3F642 /* SnapshotTesting in Frameworks */ = {isa = PBXBuildFile; productRef = 585889302C046AF000F3F642 /* SnapshotTesting */; };
		585889342C046F4900F3F642 /* GILSnapshotTests.swift in Sources */ = {isa = PBXBuildFile; fileRef = 585889332C046F4900F3F642 /* GILSnapshotTests.swift */; };
		585889362C0474CF00F3F642 /* MockFirebaseAuthManager.swift in Sources */ = {isa = PBXBuildFile; fileRef = 585889352C0474CF00F3F642 /* MockFirebaseAuthManager.swift */; };
		585889392C05A0AF00F3F642 /* MockRouteManager.swift in Sources */ = {isa = PBXBuildFile; fileRef = 585889382C05A0AF00F3F642 /* MockRouteManager.swift */; };
		586F030C2BE0C4A2008660A0 /* LanguageCode.swift in Sources */ = {isa = PBXBuildFile; fileRef = 586F030B2BE0C4A1008660A0 /* LanguageCode.swift */; };
		586F030F2BE0D050008660A0 /* Place.swift in Sources */ = {isa = PBXBuildFile; fileRef = 586F030E2BE0D050008660A0 /* Place.swift */; };
		586F03182BE13696008660A0 /* HomeRecentSearchPlaceCollectionViewCell.swift in Sources */ = {isa = PBXBuildFile; fileRef = 586F03172BE13696008660A0 /* HomeRecentSearchPlaceCollectionViewCell.swift */; };
		587DB20C2BF460610097119C /* UIView+AccessibilityExtension.swift in Sources */ = {isa = PBXBuildFile; fileRef = 587DB20B2BF460610097119C /* UIView+AccessibilityExtension.swift */; };
		587DB2102BF4751B0097119C /* UIImageView+Extension.swift in Sources */ = {isa = PBXBuildFile; fileRef = 587DB20F2BF4751B0097119C /* UIImageView+Extension.swift */; };
		58A6808E2BDE7C02004E6706 /* LocationService.swift in Sources */ = {isa = PBXBuildFile; fileRef = 58A6808D2BDE7C02004E6706 /* LocationService.swift */; };
		58BAC8972BC52F8500CDEB1F /* UILabel+Extension.swift in Sources */ = {isa = PBXBuildFile; fileRef = 58BAC8962BC52F8500CDEB1F /* UILabel+Extension.swift */; };
		58BAC8992BC5399D00CDEB1F /* UITextField+Extension.swift in Sources */ = {isa = PBXBuildFile; fileRef = 58BAC8982BC5399D00CDEB1F /* UITextField+Extension.swift */; };
		58BAC89B2BC53A4D00CDEB1F /* UIButton+Extension.swift in Sources */ = {isa = PBXBuildFile; fileRef = 58BAC89A2BC53A4D00CDEB1F /* UIButton+Extension.swift */; };
		58BAC8AD2BC7C79200CDEB1F /* Localizable.xcstrings in Resources */ = {isa = PBXBuildFile; fileRef = 58BAC8AC2BC7C79200CDEB1F /* Localizable.xcstrings */; };
		58BDFBA22BB2B8F5006AC994 /* SignUpViewController.swift in Sources */ = {isa = PBXBuildFile; fileRef = 58BDFBA12BB2B8F5006AC994 /* SignUpViewController.swift */; };
		58BDFBA42BB2E536006AC994 /* SignUpView.swift in Sources */ = {isa = PBXBuildFile; fileRef = 58BDFBA32BB2E536006AC994 /* SignUpView.swift */; };
		58BDFBC22BB6A748006AC994 /* OSLog.swift in Sources */ = {isa = PBXBuildFile; fileRef = 58BDFBC12BB6A748006AC994 /* OSLog.swift */; };
		58BDFBC52BB6AFFB006AC994 /* OSLog.framework in Frameworks */ = {isa = PBXBuildFile; fileRef = 58BDFBC42BB6AFFB006AC994 /* OSLog.framework */; settings = {ATTRIBUTES = (Weak, ); }; };
		58BDFBCA2BBA9B27006AC994 /* SignUpViewModel.swift in Sources */ = {isa = PBXBuildFile; fileRef = 58BDFBC92BBA9B27006AC994 /* SignUpViewModel.swift */; };
		58BDFBCC2BBAA78F006AC994 /* String+Extension.swift in Sources */ = {isa = PBXBuildFile; fileRef = 58BDFBCB2BBAA78F006AC994 /* String+Extension.swift */; };
		58BDFBD12BBE5B53006AC994 /* HomeViewController.swift in Sources */ = {isa = PBXBuildFile; fileRef = 58BDFBD02BBE5B53006AC994 /* HomeViewController.swift */; };
		58BDFBD52BBE889D006AC994 /* FirebaseAuth in Frameworks */ = {isa = PBXBuildFile; productRef = 58BDFBD42BBE889D006AC994 /* FirebaseAuth */; };
		58BDFBDC2BBEA5D0006AC994 /* HomeView.swift in Sources */ = {isa = PBXBuildFile; fileRef = 58BDFBDB2BBEA5D0006AC994 /* HomeView.swift */; };
		58C1DE7F2BF2130C00B169CF /* UIStackView+Extension.swift in Sources */ = {isa = PBXBuildFile; fileRef = 58C1DE7E2BF2130C00B169CF /* UIStackView+Extension.swift */; };
		58C1DE852BF327C400B169CF /* NavigationBarHideable.swift in Sources */ = {isa = PBXBuildFile; fileRef = 58C1DE842BF327C400B169CF /* NavigationBarHideable.swift */; };
		58C1DE872BF3382400B169CF /* MapLocation.swift in Sources */ = {isa = PBXBuildFile; fileRef = 58C1DE862BF3382400B169CF /* MapLocation.swift */; };
		58C1DE892BF3386500B169CF /* Coordinate.swift in Sources */ = {isa = PBXBuildFile; fileRef = 58C1DE882BF3386500B169CF /* Coordinate.swift */; };
		58CC1AA32BE9EC4A0004FEAE /* HomeCollectionViewHandler.swift in Sources */ = {isa = PBXBuildFile; fileRef = 58CC1AA22BE9EC4A0004FEAE /* HomeCollectionViewHandler.swift */; };
		58CC1B012BEB0E720004FEAE /* RouteMapViewController.swift in Sources */ = {isa = PBXBuildFile; fileRef = 58CC1B002BEB0E720004FEAE /* RouteMapViewController.swift */; };
		58CC1B032BEB0F450004FEAE /* RouteMapView.swift in Sources */ = {isa = PBXBuildFile; fileRef = 58CC1B022BEB0F450004FEAE /* RouteMapView.swift */; };
		58CC1B062BEB165E0004FEAE /* RouteMapViewModel.swift in Sources */ = {isa = PBXBuildFile; fileRef = 58CC1B052BEB165E0004FEAE /* RouteMapViewModel.swift */; };
		58D9468E2BF50698006417AF /* AutoLayoutBuilder.swift in Sources */ = {isa = PBXBuildFile; fileRef = 58D9468D2BF50698006417AF /* AutoLayoutBuilder.swift */; };
		58D946912BF5B88E006417AF /* RecentSearchPlaceButton.swift in Sources */ = {isa = PBXBuildFile; fileRef = 58D946902BF5B88E006417AF /* RecentSearchPlaceButton.swift */; };
		58D946A72BF7489F006417AF /* ToastManager.swift in Sources */ = {isa = PBXBuildFile; fileRef = 58D946A62BF7489F006417AF /* ToastManager.swift */; };
		58D946A92BF74FB7006417AF /* ToastView.swift in Sources */ = {isa = PBXBuildFile; fileRef = 58D946A82BF74FB7006417AF /* ToastView.swift */; };
		58D946AE2BFB99F2006417AF /* AppFlowCoordinator.swift in Sources */ = {isa = PBXBuildFile; fileRef = 58D946AD2BFB99F2006417AF /* AppFlowCoordinator.swift */; };
		58D946B12BFB9E6B006417AF /* AppDIContainer.swift in Sources */ = {isa = PBXBuildFile; fileRef = 58D946B02BFB9E6B006417AF /* AppDIContainer.swift */; };
		58D946B82BFBA09B006417AF /* AuthenticationSceneDIContainer.swift in Sources */ = {isa = PBXBuildFile; fileRef = 58D946B72BFBA09B006417AF /* AuthenticationSceneDIContainer.swift */; };
		58D946BC2BFBA6D6006417AF /* AuthenticationFlowCoordinator.swift in Sources */ = {isa = PBXBuildFile; fileRef = 58D946BB2BFBA6D6006417AF /* AuthenticationFlowCoordinator.swift */; };
		58D946CE2BFC2DF2006417AF /* AuthenticationUseCase.swift in Sources */ = {isa = PBXBuildFile; fileRef = 58D946CD2BFC2DF2006417AF /* AuthenticationUseCase.swift */; };
		58D946D42BFCAEB7006417AF /* Member.swift in Sources */ = {isa = PBXBuildFile; fileRef = 58D946D32BFCAEB7006417AF /* Member.swift */; };
		58D946D82BFCC279006417AF /* HomeFlowCoordinator.swift in Sources */ = {isa = PBXBuildFile; fileRef = 58D946D72BFCC279006417AF /* HomeFlowCoordinator.swift */; };
		58D946DA2BFCC2EB006417AF /* HomeSceneDIContainer.swift in Sources */ = {isa = PBXBuildFile; fileRef = 58D946D92BFCC2EB006417AF /* HomeSceneDIContainer.swift */; };
		58D946E82BFCCA84006417AF /* PlaceSearchFlowCoordinator.swift in Sources */ = {isa = PBXBuildFile; fileRef = 58D946E72BFCCA84006417AF /* PlaceSearchFlowCoordinator.swift */; };
		58D946F02BFCCB91006417AF /* PlaceSearchSceneDIContainer.swift in Sources */ = {isa = PBXBuildFile; fileRef = 58D946EF2BFCCB91006417AF /* PlaceSearchSceneDIContainer.swift */; };
		58D946F22BFCD8B9006417AF /* PlaceSearchUseCase.swift in Sources */ = {isa = PBXBuildFile; fileRef = 58D946F12BFCD8B9006417AF /* PlaceSearchUseCase.swift */; };
		58D946F62BFD86CD006417AF /* DefaultPlaceRepository.swift in Sources */ = {isa = PBXBuildFile; fileRef = 58D946F52BFD86CD006417AF /* DefaultPlaceRepository.swift */; };
		58DA598C2BF4C2FA0039630D /* MockClass.swift in Sources */ = {isa = PBXBuildFile; fileRef = 58DA598B2BF4C2FA0039630D /* MockClass.swift */; };
		58DA598E2BF4C39B0039630D /* PlaceSearchViewModelTests.swift in Sources */ = {isa = PBXBuildFile; fileRef = 58DA598D2BF4C39B0039630D /* PlaceSearchViewModelTests.swift */; };
		58DE93092BDF850B00C97575 /* PlaceSearchCollectionViewCell.swift in Sources */ = {isa = PBXBuildFile; fileRef = 58DE93082BDF850B00C97575 /* PlaceSearchCollectionViewCell.swift */; };
		58DE930D2BDF94B600C97575 /* MapItem.swift in Sources */ = {isa = PBXBuildFile; fileRef = 58DE930C2BDF94B600C97575 /* MapItem.swift */; };
		58DE930F2BDFA23200C97575 /* UIView+Extension.swift in Sources */ = {isa = PBXBuildFile; fileRef = 58DE930E2BDFA23200C97575 /* UIView+Extension.swift */; };
/* End PBXBuildFile section */

/* Begin PBXContainerItemProxy section */
		584FA3FA2BA41485002600F1 /* PBXContainerItemProxy */ = {
			isa = PBXContainerItemProxy;
			containerPortal = 584FA3DB2BA41483002600F1 /* Project object */;
			proxyType = 1;
			remoteGlobalIDString = 584FA3E22BA41484002600F1;
			remoteInfo = GIL;
		};
		584FA4042BA41485002600F1 /* PBXContainerItemProxy */ = {
			isa = PBXContainerItemProxy;
			containerPortal = 584FA3DB2BA41483002600F1 /* Project object */;
			proxyType = 1;
			remoteGlobalIDString = 584FA3E22BA41484002600F1;
			remoteInfo = GIL;
		};
/* End PBXContainerItemProxy section */

/* Begin PBXFileReference section */
		580477012BF1B92A0093019C /* NavigationButtonType.swift */ = {isa = PBXFileReference; lastKnownFileType = sourcecode.swift; path = NavigationButtonType.swift; sourceTree = "<group>"; };
		580477042BF1BC7E0093019C /* RouteFinderSheetCollectionViewCell.swift */ = {isa = PBXFileReference; lastKnownFileType = sourcecode.swift; path = RouteFinderSheetCollectionViewCell.swift; sourceTree = "<group>"; };
		580477082BF1BF480093019C /* RouteFinderSheetCollectionController.swift */ = {isa = PBXFileReference; lastKnownFileType = sourcecode.swift; path = RouteFinderSheetCollectionController.swift; sourceTree = "<group>"; };
		5804770B2BF1C46A0093019C /* Route.swift */ = {isa = PBXFileReference; lastKnownFileType = sourcecode.swift; path = Route.swift; sourceTree = "<group>"; };
		580647292BCD147A00FB7310 /* UIImage+Extension.swift */ = {isa = PBXFileReference; lastKnownFileType = sourcecode.swift; path = "UIImage+Extension.swift"; sourceTree = "<group>"; };
		5810DE1F2BE1F78400180BFB /* MappinImageView.swift */ = {isa = PBXFileReference; lastKnownFileType = sourcecode.swift; path = MappinImageView.swift; sourceTree = "<group>"; };
		5810DE452BE35D4600180BFB /* BaseStackView.swift */ = {isa = PBXFileReference; lastKnownFileType = sourcecode.swift; path = BaseStackView.swift; sourceTree = "<group>"; };
		5810DE492BE37C9400180BFB /* FirebaseAuthManager.swift */ = {isa = PBXFileReference; lastKnownFileType = sourcecode.swift; path = FirebaseAuthManager.swift; sourceTree = "<group>"; };
		5810DE4B2BE3890200180BFB /* CryptoUtils.swift */ = {isa = PBXFileReference; lastKnownFileType = sourcecode.swift; path = CryptoUtils.swift; sourceTree = "<group>"; };
		581F796C2BEC9A98001F81A0 /* Placemark.swift */ = {isa = PBXFileReference; lastKnownFileType = sourcecode.swift; path = Placemark.swift; sourceTree = "<group>"; };
		581F79742BEE212D001F81A0 /* RouteManager.swift */ = {isa = PBXFileReference; lastKnownFileType = sourcecode.swift; path = RouteManager.swift; sourceTree = "<group>"; };
		581F79772BEF1D83001F81A0 /* RouteFinderSheetViewController.swift */ = {isa = PBXFileReference; lastKnownFileType = sourcecode.swift; path = RouteFinderSheetViewController.swift; sourceTree = "<group>"; };
		581F79792BEF32B3001F81A0 /* RouteFinderSheetView.swift */ = {isa = PBXFileReference; lastKnownFileType = sourcecode.swift; path = RouteFinderSheetView.swift; sourceTree = "<group>"; };
		581F797B2BEF3F97001F81A0 /* RouteFinderSheetViewModel.swift */ = {isa = PBXFileReference; lastKnownFileType = sourcecode.swift; path = RouteFinderSheetViewModel.swift; sourceTree = "<group>"; };
		581F797F2BEF687B001F81A0 /* Transport.swift */ = {isa = PBXFileReference; lastKnownFileType = sourcecode.swift; path = Transport.swift; sourceTree = "<group>"; };
		583210B42BE6610300D9DCA1 /* SignUpTextFieldHandler.swift */ = {isa = PBXFileReference; lastKnownFileType = sourcecode.swift; path = SignUpTextFieldHandler.swift; sourceTree = "<group>"; };
		583210B72BE69EB700D9DCA1 /* CollectionViewCellProtocol.swift */ = {isa = PBXFileReference; lastKnownFileType = sourcecode.swift; path = CollectionViewCellProtocol.swift; sourceTree = "<group>"; };
		583210B92BE76DAA00D9DCA1 /* BaseLabel.swift */ = {isa = PBXFileReference; fileEncoding = 4; lastKnownFileType = sourcecode.swift; path = BaseLabel.swift; sourceTree = "<group>"; };
		583210BB2BE8F24200D9DCA1 /* BaseImageView.swift */ = {isa = PBXFileReference; lastKnownFileType = sourcecode.swift; path = BaseImageView.swift; sourceTree = "<group>"; };
		58368EFB2BD536B8009E008C /* AlertService.swift */ = {isa = PBXFileReference; lastKnownFileType = sourcecode.swift; path = AlertService.swift; sourceTree = "<group>"; };
		58368F022BD80472009E008C /* HomeInteractor.swift */ = {isa = PBXFileReference; lastKnownFileType = sourcecode.swift; path = HomeInteractor.swift; sourceTree = "<group>"; };
		58368F042BD8047E009E008C /* HomePresenter.swift */ = {isa = PBXFileReference; lastKnownFileType = sourcecode.swift; path = HomePresenter.swift; sourceTree = "<group>"; };
		58368F0C2BD828C6009E008C /* HomeSearchCollectionViewCell.swift */ = {isa = PBXFileReference; lastKnownFileType = sourcecode.swift; path = HomeSearchCollectionViewCell.swift; sourceTree = "<group>"; };
		58368F0F2BD83490009E008C /* BaseViewController.swift */ = {isa = PBXFileReference; lastKnownFileType = sourcecode.swift; path = BaseViewController.swift; sourceTree = "<group>"; };
		58368F112BD8B7D5009E008C /* HomeSearchBarView.swift */ = {isa = PBXFileReference; lastKnownFileType = sourcecode.swift; path = HomeSearchBarView.swift; sourceTree = "<group>"; };
		58368F152BDE41FC009E008C /* PlaceSearchViewController.swift */ = {isa = PBXFileReference; lastKnownFileType = sourcecode.swift; path = PlaceSearchViewController.swift; sourceTree = "<group>"; };
		58368F192BDE424A009E008C /* PlaceSearchView.swift */ = {isa = PBXFileReference; lastKnownFileType = sourcecode.swift; path = PlaceSearchView.swift; sourceTree = "<group>"; };
		58368F1C2BDE4AD2009E008C /* PlaceSearchNavigationBar.swift */ = {isa = PBXFileReference; lastKnownFileType = sourcecode.swift; path = PlaceSearchNavigationBar.swift; sourceTree = "<group>"; };
		584FA3E32BA41484002600F1 /* GIL.app */ = {isa = PBXFileReference; explicitFileType = wrapper.application; includeInIndex = 0; path = GIL.app; sourceTree = BUILT_PRODUCTS_DIR; };
		584FA3E62BA41484002600F1 /* AppDelegate.swift */ = {isa = PBXFileReference; lastKnownFileType = sourcecode.swift; path = AppDelegate.swift; sourceTree = "<group>"; };
		584FA3E82BA41484002600F1 /* SceneDelegate.swift */ = {isa = PBXFileReference; lastKnownFileType = sourcecode.swift; path = SceneDelegate.swift; sourceTree = "<group>"; };
		584FA3EF2BA41485002600F1 /* Assets.xcassets */ = {isa = PBXFileReference; lastKnownFileType = folder.assetcatalog; path = Assets.xcassets; sourceTree = "<group>"; };
		584FA3F42BA41485002600F1 /* Info.plist */ = {isa = PBXFileReference; lastKnownFileType = text.plist.xml; path = Info.plist; sourceTree = "<group>"; };
		584FA3F92BA41485002600F1 /* GILTests.xctest */ = {isa = PBXFileReference; explicitFileType = wrapper.cfbundle; includeInIndex = 0; path = GILTests.xctest; sourceTree = BUILT_PRODUCTS_DIR; };
		584FA4032BA41485002600F1 /* GILUITests.xctest */ = {isa = PBXFileReference; explicitFileType = wrapper.cfbundle; includeInIndex = 0; path = GILUITests.xctest; sourceTree = BUILT_PRODUCTS_DIR; };
		584FA4072BA41485002600F1 /* GILUITests.swift */ = {isa = PBXFileReference; lastKnownFileType = sourcecode.swift; path = GILUITests.swift; sourceTree = "<group>"; };
		584FA4092BA41485002600F1 /* GILUITestsLaunchTests.swift */ = {isa = PBXFileReference; lastKnownFileType = sourcecode.swift; path = GILUITestsLaunchTests.swift; sourceTree = "<group>"; };
		584FA41A2BA7F606002600F1 /* LoginViewController.swift */ = {isa = PBXFileReference; lastKnownFileType = sourcecode.swift; path = LoginViewController.swift; sourceTree = "<group>"; };
		584FA41D2BA82886002600F1 /* FormTextField.swift */ = {isa = PBXFileReference; lastKnownFileType = sourcecode.swift; path = FormTextField.swift; sourceTree = "<group>"; };
		584FA42F2BABC0EE002600F1 /* LoginView.swift */ = {isa = PBXFileReference; lastKnownFileType = sourcecode.swift; path = LoginView.swift; sourceTree = "<group>"; };
		584FA4442BAD6068002600F1 /* GoogleService-Info.plist */ = {isa = PBXFileReference; fileEncoding = 4; lastKnownFileType = text.plist.xml; path = "GoogleService-Info.plist"; sourceTree = "<group>"; };
		584FA4492BB15D51002600F1 /* LoginViewModel.swift */ = {isa = PBXFileReference; lastKnownFileType = sourcecode.swift; path = LoginViewModel.swift; sourceTree = "<group>"; };
		585889092BFE302B00F3F642 /* PlaceSearchViewModel.swift */ = {isa = PBXFileReference; fileEncoding = 4; lastKnownFileType = sourcecode.swift; path = PlaceSearchViewModel.swift; sourceTree = "<group>"; };
		5858890B2BFE345E00F3F642 /* PlaceSearchCollectionViewHandler.swift */ = {isa = PBXFileReference; fileEncoding = 4; lastKnownFileType = sourcecode.swift; path = PlaceSearchCollectionViewHandler.swift; sourceTree = "<group>"; };
		5858890D2BFE473400F3F642 /* PlaceSearchCollectionViewHandler.swift */ = {isa = PBXFileReference; fileEncoding = 4; lastKnownFileType = sourcecode.swift; path = PlaceSearchCollectionViewHandler.swift; sourceTree = "<group>"; };
		5858890F2BFE474000F3F642 /* PlaceSearchViewModel.swift */ = {isa = PBXFileReference; fileEncoding = 4; lastKnownFileType = sourcecode.swift; path = PlaceSearchViewModel.swift; sourceTree = "<group>"; };
		585889152BFF213F00F3F642 /* RouteFinderFlowCoordinator.swift */ = {isa = PBXFileReference; lastKnownFileType = sourcecode.swift; path = RouteFinderFlowCoordinator.swift; sourceTree = "<group>"; };
		5858891A2BFF22A700F3F642 /* RouteFinderSceneDIContainer.swift */ = {isa = PBXFileReference; lastKnownFileType = sourcecode.swift; path = RouteFinderSceneDIContainer.swift; sourceTree = "<group>"; };
		585889212BFF7F8900F3F642 /* RouteFinderUseCase.swift */ = {isa = PBXFileReference; lastKnownFileType = sourcecode.swift; path = RouteFinderUseCase.swift; sourceTree = "<group>"; };
		585889232C00A12F00F3F642 /* Distance.swift */ = {isa = PBXFileReference; lastKnownFileType = sourcecode.swift; path = Distance.swift; sourceTree = "<group>"; };
		585889272C00AE1300F3F642 /* LoadingView.swift */ = {isa = PBXFileReference; lastKnownFileType = sourcecode.swift; path = LoadingView.swift; sourceTree = "<group>"; };
		5858892B2C030E3200F3F642 /* PlaceRepository.swift */ = {isa = PBXFileReference; lastKnownFileType = sourcecode.swift; path = PlaceRepository.swift; sourceTree = "<group>"; };
		585889332C046F4900F3F642 /* GILSnapshotTests.swift */ = {isa = PBXFileReference; lastKnownFileType = sourcecode.swift; path = GILSnapshotTests.swift; sourceTree = "<group>"; };
		585889352C0474CF00F3F642 /* MockFirebaseAuthManager.swift */ = {isa = PBXFileReference; lastKnownFileType = sourcecode.swift; path = MockFirebaseAuthManager.swift; sourceTree = "<group>"; };
		585889382C05A0AF00F3F642 /* MockRouteManager.swift */ = {isa = PBXFileReference; lastKnownFileType = sourcecode.swift; path = MockRouteManager.swift; sourceTree = "<group>"; };
		586F030B2BE0C4A1008660A0 /* LanguageCode.swift */ = {isa = PBXFileReference; lastKnownFileType = sourcecode.swift; path = LanguageCode.swift; sourceTree = "<group>"; };
		586F030E2BE0D050008660A0 /* Place.swift */ = {isa = PBXFileReference; lastKnownFileType = sourcecode.swift; path = Place.swift; sourceTree = "<group>"; };
		586F03172BE13696008660A0 /* HomeRecentSearchPlaceCollectionViewCell.swift */ = {isa = PBXFileReference; lastKnownFileType = sourcecode.swift; path = HomeRecentSearchPlaceCollectionViewCell.swift; sourceTree = "<group>"; };
		587DB20B2BF460610097119C /* UIView+AccessibilityExtension.swift */ = {isa = PBXFileReference; lastKnownFileType = sourcecode.swift; path = "UIView+AccessibilityExtension.swift"; sourceTree = "<group>"; };
		587DB20F2BF4751B0097119C /* UIImageView+Extension.swift */ = {isa = PBXFileReference; lastKnownFileType = sourcecode.swift; path = "UIImageView+Extension.swift"; sourceTree = "<group>"; };
		58A6808D2BDE7C02004E6706 /* LocationService.swift */ = {isa = PBXFileReference; lastKnownFileType = sourcecode.swift; path = LocationService.swift; sourceTree = "<group>"; };
		58BAC8962BC52F8500CDEB1F /* UILabel+Extension.swift */ = {isa = PBXFileReference; lastKnownFileType = sourcecode.swift; path = "UILabel+Extension.swift"; sourceTree = "<group>"; };
		58BAC8982BC5399D00CDEB1F /* UITextField+Extension.swift */ = {isa = PBXFileReference; lastKnownFileType = sourcecode.swift; path = "UITextField+Extension.swift"; sourceTree = "<group>"; };
		58BAC89A2BC53A4D00CDEB1F /* UIButton+Extension.swift */ = {isa = PBXFileReference; lastKnownFileType = sourcecode.swift; path = "UIButton+Extension.swift"; sourceTree = "<group>"; };
		58BAC8A52BC7B80B00CDEB1F /* ja */ = {isa = PBXFileReference; lastKnownFileType = file.storyboard; name = ja; path = ja.lproj/LaunchScreen.storyboard; sourceTree = "<group>"; };
		58BAC8A82BC7C3EA00CDEB1F /* en */ = {isa = PBXFileReference; lastKnownFileType = file.storyboard; name = en; path = en.lproj/LaunchScreen.storyboard; sourceTree = "<group>"; };
		58BAC8AC2BC7C79200CDEB1F /* Localizable.xcstrings */ = {isa = PBXFileReference; lastKnownFileType = text.json.xcstrings; path = Localizable.xcstrings; sourceTree = "<group>"; };
		58BAC8AE2BC7C79C00CDEB1F /* ko */ = {isa = PBXFileReference; lastKnownFileType = file.storyboard; name = ko; path = ko.lproj/LaunchScreen.storyboard; sourceTree = "<group>"; };
		58BDFB9F2BB16F93006AC994 /* GIL.entitlements */ = {isa = PBXFileReference; lastKnownFileType = text.plist.entitlements; path = GIL.entitlements; sourceTree = "<group>"; };
		58BDFBA12BB2B8F5006AC994 /* SignUpViewController.swift */ = {isa = PBXFileReference; lastKnownFileType = sourcecode.swift; path = SignUpViewController.swift; sourceTree = "<group>"; };
		58BDFBA32BB2E536006AC994 /* SignUpView.swift */ = {isa = PBXFileReference; lastKnownFileType = sourcecode.swift; path = SignUpView.swift; sourceTree = "<group>"; };
		58BDFBC12BB6A748006AC994 /* OSLog.swift */ = {isa = PBXFileReference; lastKnownFileType = sourcecode.swift; path = OSLog.swift; sourceTree = "<group>"; };
		58BDFBC42BB6AFFB006AC994 /* OSLog.framework */ = {isa = PBXFileReference; lastKnownFileType = wrapper.framework; name = OSLog.framework; path = System/Library/Frameworks/OSLog.framework; sourceTree = SDKROOT; };
		58BDFBC92BBA9B27006AC994 /* SignUpViewModel.swift */ = {isa = PBXFileReference; lastKnownFileType = sourcecode.swift; path = SignUpViewModel.swift; sourceTree = "<group>"; };
		58BDFBCB2BBAA78F006AC994 /* String+Extension.swift */ = {isa = PBXFileReference; lastKnownFileType = sourcecode.swift; path = "String+Extension.swift"; sourceTree = "<group>"; };
		58BDFBD02BBE5B53006AC994 /* HomeViewController.swift */ = {isa = PBXFileReference; lastKnownFileType = sourcecode.swift; path = HomeViewController.swift; sourceTree = "<group>"; };
		58BDFBDB2BBEA5D0006AC994 /* HomeView.swift */ = {isa = PBXFileReference; lastKnownFileType = sourcecode.swift; path = HomeView.swift; sourceTree = "<group>"; };
		58C1DE7E2BF2130C00B169CF /* UIStackView+Extension.swift */ = {isa = PBXFileReference; lastKnownFileType = sourcecode.swift; path = "UIStackView+Extension.swift"; sourceTree = "<group>"; };
		58C1DE842BF327C400B169CF /* NavigationBarHideable.swift */ = {isa = PBXFileReference; lastKnownFileType = sourcecode.swift; path = NavigationBarHideable.swift; sourceTree = "<group>"; };
		58C1DE862BF3382400B169CF /* MapLocation.swift */ = {isa = PBXFileReference; lastKnownFileType = sourcecode.swift; path = MapLocation.swift; sourceTree = "<group>"; };
		58C1DE882BF3386500B169CF /* Coordinate.swift */ = {isa = PBXFileReference; lastKnownFileType = sourcecode.swift; path = Coordinate.swift; sourceTree = "<group>"; };
		58CC1AA22BE9EC4A0004FEAE /* HomeCollectionViewHandler.swift */ = {isa = PBXFileReference; lastKnownFileType = sourcecode.swift; path = HomeCollectionViewHandler.swift; sourceTree = "<group>"; };
		58CC1B002BEB0E720004FEAE /* RouteMapViewController.swift */ = {isa = PBXFileReference; lastKnownFileType = sourcecode.swift; path = RouteMapViewController.swift; sourceTree = "<group>"; };
		58CC1B022BEB0F450004FEAE /* RouteMapView.swift */ = {isa = PBXFileReference; lastKnownFileType = sourcecode.swift; path = RouteMapView.swift; sourceTree = "<group>"; };
		58CC1B052BEB165E0004FEAE /* RouteMapViewModel.swift */ = {isa = PBXFileReference; lastKnownFileType = sourcecode.swift; path = RouteMapViewModel.swift; sourceTree = "<group>"; };
		58D9468D2BF50698006417AF /* AutoLayoutBuilder.swift */ = {isa = PBXFileReference; lastKnownFileType = sourcecode.swift; path = AutoLayoutBuilder.swift; sourceTree = "<group>"; };
		58D946902BF5B88E006417AF /* RecentSearchPlaceButton.swift */ = {isa = PBXFileReference; lastKnownFileType = sourcecode.swift; path = RecentSearchPlaceButton.swift; sourceTree = "<group>"; };
		58D946A62BF7489F006417AF /* ToastManager.swift */ = {isa = PBXFileReference; lastKnownFileType = sourcecode.swift; path = ToastManager.swift; sourceTree = "<group>"; };
		58D946A82BF74FB7006417AF /* ToastView.swift */ = {isa = PBXFileReference; lastKnownFileType = sourcecode.swift; path = ToastView.swift; sourceTree = "<group>"; };
		58D946AD2BFB99F2006417AF /* AppFlowCoordinator.swift */ = {isa = PBXFileReference; lastKnownFileType = sourcecode.swift; path = AppFlowCoordinator.swift; sourceTree = "<group>"; };
		58D946B02BFB9E6B006417AF /* AppDIContainer.swift */ = {isa = PBXFileReference; lastKnownFileType = sourcecode.swift; path = AppDIContainer.swift; sourceTree = "<group>"; };
		58D946B72BFBA09B006417AF /* AuthenticationSceneDIContainer.swift */ = {isa = PBXFileReference; lastKnownFileType = sourcecode.swift; path = AuthenticationSceneDIContainer.swift; sourceTree = "<group>"; };
		58D946BB2BFBA6D6006417AF /* AuthenticationFlowCoordinator.swift */ = {isa = PBXFileReference; lastKnownFileType = sourcecode.swift; path = AuthenticationFlowCoordinator.swift; sourceTree = "<group>"; };
		58D946CD2BFC2DF2006417AF /* AuthenticationUseCase.swift */ = {isa = PBXFileReference; lastKnownFileType = sourcecode.swift; path = AuthenticationUseCase.swift; sourceTree = "<group>"; };
		58D946D32BFCAEB7006417AF /* Member.swift */ = {isa = PBXFileReference; lastKnownFileType = sourcecode.swift; path = Member.swift; sourceTree = "<group>"; };
		58D946D72BFCC279006417AF /* HomeFlowCoordinator.swift */ = {isa = PBXFileReference; lastKnownFileType = sourcecode.swift; path = HomeFlowCoordinator.swift; sourceTree = "<group>"; };
		58D946D92BFCC2EB006417AF /* HomeSceneDIContainer.swift */ = {isa = PBXFileReference; lastKnownFileType = sourcecode.swift; path = HomeSceneDIContainer.swift; sourceTree = "<group>"; };
		58D946E72BFCCA84006417AF /* PlaceSearchFlowCoordinator.swift */ = {isa = PBXFileReference; lastKnownFileType = sourcecode.swift; path = PlaceSearchFlowCoordinator.swift; sourceTree = "<group>"; };
		58D946EF2BFCCB91006417AF /* PlaceSearchSceneDIContainer.swift */ = {isa = PBXFileReference; lastKnownFileType = sourcecode.swift; path = PlaceSearchSceneDIContainer.swift; sourceTree = "<group>"; };
		58D946F12BFCD8B9006417AF /* PlaceSearchUseCase.swift */ = {isa = PBXFileReference; lastKnownFileType = sourcecode.swift; path = PlaceSearchUseCase.swift; sourceTree = "<group>"; };
		58D946F52BFD86CD006417AF /* DefaultPlaceRepository.swift */ = {isa = PBXFileReference; lastKnownFileType = sourcecode.swift; path = DefaultPlaceRepository.swift; sourceTree = "<group>"; };
		58DA59832BF4B1C50039630D /* Release.xctestplan */ = {isa = PBXFileReference; lastKnownFileType = text; path = Release.xctestplan; sourceTree = SOURCE_ROOT; };
		58DA598B2BF4C2FA0039630D /* MockClass.swift */ = {isa = PBXFileReference; lastKnownFileType = sourcecode.swift; path = MockClass.swift; sourceTree = "<group>"; };
		58DA598D2BF4C39B0039630D /* PlaceSearchViewModelTests.swift */ = {isa = PBXFileReference; lastKnownFileType = sourcecode.swift; path = PlaceSearchViewModelTests.swift; sourceTree = "<group>"; };
		58DE93082BDF850B00C97575 /* PlaceSearchCollectionViewCell.swift */ = {isa = PBXFileReference; lastKnownFileType = sourcecode.swift; path = PlaceSearchCollectionViewCell.swift; sourceTree = "<group>"; };
		58DE930C2BDF94B600C97575 /* MapItem.swift */ = {isa = PBXFileReference; lastKnownFileType = sourcecode.swift; path = MapItem.swift; sourceTree = "<group>"; };
		58DE930E2BDFA23200C97575 /* UIView+Extension.swift */ = {isa = PBXFileReference; lastKnownFileType = sourcecode.swift; path = "UIView+Extension.swift"; sourceTree = "<group>"; };
/* End PBXFileReference section */

/* Begin PBXFrameworksBuildPhase section */
		584FA3E02BA41484002600F1 /* Frameworks */ = {
			isa = PBXFrameworksBuildPhase;
			buildActionMask = 2147483647;
			files = (
				584FA43B2BAD5607002600F1 /* FirebaseAnalyticsSwift in Frameworks */,
				584FA4372BAD5607002600F1 /* FirebaseAnalytics in Frameworks */,
				584FA43F2BAD5607002600F1 /* FirebaseCrashlytics in Frameworks */,
				584FA4392BAD5607002600F1 /* FirebaseAnalyticsOnDeviceConversion in Frameworks */,
				584FA43D2BAD5607002600F1 /* FirebaseAnalyticsWithoutAdIdSupport in Frameworks */,
				58BDFBD52BBE889D006AC994 /* FirebaseAuth in Frameworks */,
				58BDFBC52BB6AFFB006AC994 /* OSLog.framework in Frameworks */,
			);
			runOnlyForDeploymentPostprocessing = 0;
		};
		584FA3F62BA41485002600F1 /* Frameworks */ = {
			isa = PBXFrameworksBuildPhase;
			buildActionMask = 2147483647;
			files = (
				5858892F2C046AF000F3F642 /* InlineSnapshotTesting in Frameworks */,
				585889312C046AF000F3F642 /* SnapshotTesting in Frameworks */,
			);
			runOnlyForDeploymentPostprocessing = 0;
		};
		584FA4002BA41485002600F1 /* Frameworks */ = {
			isa = PBXFrameworksBuildPhase;
			buildActionMask = 2147483647;
			files = (
			);
			runOnlyForDeploymentPostprocessing = 0;
		};
/* End PBXFrameworksBuildPhase section */

/* Begin PBXGroup section */
		583210B62BE69EA800D9DCA1 /* Protocol */ = {
			isa = PBXGroup;
			children = (
				583210B72BE69EB700D9DCA1 /* CollectionViewCellProtocol.swift */,
				58C1DE842BF327C400B169CF /* NavigationBarHideable.swift */,
			);
			path = Protocol;
			sourceTree = "<group>";
		};
		58368EFF2BD76162009E008C /* Enum */ = {
			isa = PBXGroup;
			children = (
				586F030B2BE0C4A1008660A0 /* LanguageCode.swift */,
				581F797F2BEF687B001F81A0 /* Transport.swift */,
				580477012BF1B92A0093019C /* NavigationButtonType.swift */,
			);
			path = Enum;
			sourceTree = "<group>";
		};
		584FA3DA2BA41483002600F1 = {
			isa = PBXGroup;
			children = (
				584FA3E52BA41484002600F1 /* GIL */,
				584FA3FC2BA41485002600F1 /* GILTests */,
				584FA4062BA41485002600F1 /* GILUITests */,
				584FA3E42BA41484002600F1 /* Products */,
				58BDFBC32BB6AFFB006AC994 /* Frameworks */,
				585889032BFE2FBB00F3F642 /* Recovered References */,
			);
			sourceTree = "<group>";
		};
		584FA3E42BA41484002600F1 /* Products */ = {
			isa = PBXGroup;
			children = (
				584FA3E32BA41484002600F1 /* GIL.app */,
				584FA3F92BA41485002600F1 /* GILTests.xctest */,
				584FA4032BA41485002600F1 /* GILUITests.xctest */,
			);
			name = Products;
			sourceTree = "<group>";
		};
		584FA3E52BA41484002600F1 /* GIL */ = {
			isa = PBXGroup;
			children = (
				58D946AB2BFB8D25006417AF /* Application */,
				58D946B22BFB9EC7006417AF /* Presentation */,
				58D946CB2BFC2DCF006417AF /* Domain */,
				58D946F32BFD86A8006417AF /* Data */,
				584FA4202BA82D26002600F1 /* Component */,
				584FA4262BA84CF5002600F1 /* Extension */,
				583210B62BE69EA800D9DCA1 /* Protocol */,
				58368EFF2BD76162009E008C /* Enum */,
				58BDFBC62BBA8C21006AC994 /* Utilities */,
				58D946AC2BFB8D54006417AF /* Resources */,
			);
			path = GIL;
			sourceTree = "<group>";
		};
		584FA3FC2BA41485002600F1 /* GILTests */ = {
			isa = PBXGroup;
			children = (
				58DA59832BF4B1C50039630D /* Release.xctestplan */,
				58DA598D2BF4C39B0039630D /* PlaceSearchViewModelTests.swift */,
				585889372C04766100F3F642 /* Mocks */,
				585889322C046F0D00F3F642 /* SnapshotTests */,
			);
			path = GILTests;
			sourceTree = "<group>";
		};
		584FA4062BA41485002600F1 /* GILUITests */ = {
			isa = PBXGroup;
			children = (
				584FA4072BA41485002600F1 /* GILUITests.swift */,
				584FA4092BA41485002600F1 /* GILUITestsLaunchTests.swift */,
			);
			path = GILUITests;
			sourceTree = "<group>";
		};
		584FA4202BA82D26002600F1 /* Component */ = {
			isa = PBXGroup;
			children = (
				58D9468F2BF5B845006417AF /* Buttons */,
				58368F0F2BD83490009E008C /* BaseViewController.swift */,
				584FA41D2BA82886002600F1 /* FormTextField.swift */,
				5810DE1F2BE1F78400180BFB /* MappinImageView.swift */,
				5810DE452BE35D4600180BFB /* BaseStackView.swift */,
				583210B92BE76DAA00D9DCA1 /* BaseLabel.swift */,
				583210BB2BE8F24200D9DCA1 /* BaseImageView.swift */,
			);
			path = Component;
			sourceTree = "<group>";
		};
		584FA4262BA84CF5002600F1 /* Extension */ = {
			isa = PBXGroup;
			children = (
				58BDFBCB2BBAA78F006AC994 /* String+Extension.swift */,
				58BAC8962BC52F8500CDEB1F /* UILabel+Extension.swift */,
				58BAC8982BC5399D00CDEB1F /* UITextField+Extension.swift */,
				58BAC89A2BC53A4D00CDEB1F /* UIButton+Extension.swift */,
				580647292BCD147A00FB7310 /* UIImage+Extension.swift */,
				58DE930E2BDFA23200C97575 /* UIView+Extension.swift */,
				58C1DE7E2BF2130C00B169CF /* UIStackView+Extension.swift */,
				587DB20B2BF460610097119C /* UIView+AccessibilityExtension.swift */,
				587DB20F2BF4751B0097119C /* UIImageView+Extension.swift */,
			);
			path = Extension;
			sourceTree = "<group>";
		};
		585889032BFE2FBB00F3F642 /* Recovered References */ = {
			isa = PBXGroup;
			children = (
				5858890B2BFE345E00F3F642 /* PlaceSearchCollectionViewHandler.swift */,
				585889092BFE302B00F3F642 /* PlaceSearchViewModel.swift */,
			);
			name = "Recovered References";
			sourceTree = "<group>";
		};
		585889112BFF20EC00F3F642 /* RouteFinderScene */ = {
			isa = PBXGroup;
			children = (
				585889122BFF210400F3F642 /* Flows */,
				585889142BFF211500F3F642 /* Map */,
				585889132BFF210E00F3F642 /* FinderSheet */,
			);
			name = RouteFinderScene;
			sourceTree = "<group>";
		};
		585889122BFF210400F3F642 /* Flows */ = {
			isa = PBXGroup;
			children = (
				585889152BFF213F00F3F642 /* RouteFinderFlowCoordinator.swift */,
			);
			name = Flows;
			sourceTree = "<group>";
		};
		585889132BFF210E00F3F642 /* FinderSheet */ = {
			isa = PBXGroup;
			children = (
				5858891C2BFF384400F3F642 /* ViewModel */,
				5858891D2BFF385700F3F642 /* View */,
			);
			name = FinderSheet;
			sourceTree = "<group>";
		};
		585889142BFF211500F3F642 /* Map */ = {
			isa = PBXGroup;
			children = (
				585889172BFF223800F3F642 /* ViewModel */,
				585889182BFF223D00F3F642 /* View */,
			);
			name = Map;
			sourceTree = "<group>";
		};
		585889172BFF223800F3F642 /* ViewModel */ = {
			isa = PBXGroup;
			children = (
				58CC1B052BEB165E0004FEAE /* RouteMapViewModel.swift */,
			);
			name = ViewModel;
			sourceTree = "<group>";
		};
		585889182BFF223D00F3F642 /* View */ = {
			isa = PBXGroup;
			children = (
				58CC1B002BEB0E720004FEAE /* RouteMapViewController.swift */,
				585889192BFF226F00F3F642 /* RouteMapView */,
			);
			path = View;
			sourceTree = "<group>";
		};
		585889192BFF226F00F3F642 /* RouteMapView */ = {
			isa = PBXGroup;
			children = (
				58CC1B022BEB0F450004FEAE /* RouteMapView.swift */,
			);
			path = RouteMapView;
			sourceTree = "<group>";
		};
		5858891C2BFF384400F3F642 /* ViewModel */ = {
			isa = PBXGroup;
			children = (
				581F797B2BEF3F97001F81A0 /* RouteFinderSheetViewModel.swift */,
			);
			name = ViewModel;
			sourceTree = "<group>";
		};
		5858891D2BFF385700F3F642 /* View */ = {
			isa = PBXGroup;
			children = (
				581F79772BEF1D83001F81A0 /* RouteFinderSheetViewController.swift */,
				5858891E2BFF387300F3F642 /* RouteFinderSheetView */,
			);
			name = View;
			sourceTree = "<group>";
		};
		5858891E2BFF387300F3F642 /* RouteFinderSheetView */ = {
			isa = PBXGroup;
			children = (
				581F79792BEF32B3001F81A0 /* RouteFinderSheetView.swift */,
				5858891F2BFF389200F3F642 /* RouteFinderSheetCollectionView */,
			);
			name = RouteFinderSheetView;
			sourceTree = "<group>";
		};
		5858891F2BFF389200F3F642 /* RouteFinderSheetCollectionView */ = {
			isa = PBXGroup;
			children = (
				580477082BF1BF480093019C /* RouteFinderSheetCollectionController.swift */,
				585889202BFF389D00F3F642 /* Cells */,
			);
			name = RouteFinderSheetCollectionView;
			sourceTree = "<group>";
		};
		585889202BFF389D00F3F642 /* Cells */ = {
			isa = PBXGroup;
			children = (
				580477042BF1BC7E0093019C /* RouteFinderSheetCollectionViewCell.swift */,
			);
			name = Cells;
			sourceTree = "<group>";
		};
		585889292C030DC100F3F642 /* Interfaces */ = {
			isa = PBXGroup;
			children = (
				5858892A2C030DD900F3F642 /* Repositories */,
			);
			path = Interfaces;
			sourceTree = "<group>";
		};
		5858892A2C030DD900F3F642 /* Repositories */ = {
			isa = PBXGroup;
			children = (
				5858892B2C030E3200F3F642 /* PlaceRepository.swift */,
			);
			path = Repositories;
			sourceTree = "<group>";
		};
		585889322C046F0D00F3F642 /* SnapshotTests */ = {
			isa = PBXGroup;
			children = (
				585889332C046F4900F3F642 /* GILSnapshotTests.swift */,
			);
			path = SnapshotTests;
			sourceTree = "<group>";
		};
		585889372C04766100F3F642 /* Mocks */ = {
			isa = PBXGroup;
			children = (
				58DA598B2BF4C2FA0039630D /* MockClass.swift */,
				585889352C0474CF00F3F642 /* MockFirebaseAuthManager.swift */,
				585889382C05A0AF00F3F642 /* MockRouteManager.swift */,
			);
			path = Mocks;
			sourceTree = "<group>";
		};
		58BDFBC32BB6AFFB006AC994 /* Frameworks */ = {
			isa = PBXGroup;
			children = (
				58BDFBC42BB6AFFB006AC994 /* OSLog.framework */,
			);
			name = Frameworks;
			sourceTree = "<group>";
		};
		58BDFBC62BBA8C21006AC994 /* Utilities */ = {
			isa = PBXGroup;
			children = (
				58BDFBC12BB6A748006AC994 /* OSLog.swift */,
				5810DE4B2BE3890200180BFB /* CryptoUtils.swift */,
				58368EFB2BD536B8009E008C /* AlertService.swift */,
				58A6808D2BDE7C02004E6706 /* LocationService.swift */,
				5810DE492BE37C9400180BFB /* FirebaseAuthManager.swift */,
				581F79742BEE212D001F81A0 /* RouteManager.swift */,
				58D9468D2BF50698006417AF /* AutoLayoutBuilder.swift */,
				585889272C00AE1300F3F642 /* LoadingView.swift */,
				58D946AA2BF75188006417AF /* Toast */,
			);
			path = Utilities;
			sourceTree = "<group>";
		};
		58D9468F2BF5B845006417AF /* Buttons */ = {
			isa = PBXGroup;
			children = (
				58D946902BF5B88E006417AF /* RecentSearchPlaceButton.swift */,
			);
			path = Buttons;
			sourceTree = "<group>";
		};
		58D946AA2BF75188006417AF /* Toast */ = {
			isa = PBXGroup;
			children = (
				58D946A82BF74FB7006417AF /* ToastView.swift */,
				58D946A62BF7489F006417AF /* ToastManager.swift */,
			);
			path = Toast;
			sourceTree = "<group>";
		};
		58D946AB2BFB8D25006417AF /* Application */ = {
			isa = PBXGroup;
			children = (
				584FA3E82BA41484002600F1 /* SceneDelegate.swift */,
				584FA3E62BA41484002600F1 /* AppDelegate.swift */,
				58D946AD2BFB99F2006417AF /* AppFlowCoordinator.swift */,
				58D946AF2BFB9E4E006417AF /* DIContainer */,
			);
			path = Application;
			sourceTree = "<group>";
		};
		58D946AC2BFB8D54006417AF /* Resources */ = {
			isa = PBXGroup;
			children = (
				58BDFB9F2BB16F93006AC994 /* GIL.entitlements */,
				584FA4442BAD6068002600F1 /* GoogleService-Info.plist */,
				58BAC8AC2BC7C79200CDEB1F /* Localizable.xcstrings */,
				584FA3F42BA41485002600F1 /* Info.plist */,
				584FA3EF2BA41485002600F1 /* Assets.xcassets */,
				584FA3F12BA41485002600F1 /* LaunchScreen.storyboard */,
			);
			path = Resources;
			sourceTree = "<group>";
		};
		58D946AF2BFB9E4E006417AF /* DIContainer */ = {
			isa = PBXGroup;
			children = (
				58D946B02BFB9E6B006417AF /* AppDIContainer.swift */,
				58D946B72BFBA09B006417AF /* AuthenticationSceneDIContainer.swift */,
				58D946D92BFCC2EB006417AF /* HomeSceneDIContainer.swift */,
				58D946EF2BFCCB91006417AF /* PlaceSearchSceneDIContainer.swift */,
				5858891A2BFF22A700F3F642 /* RouteFinderSceneDIContainer.swift */,
			);
			path = DIContainer;
			sourceTree = "<group>";
		};
		58D946B22BFB9EC7006417AF /* Presentation */ = {
			isa = PBXGroup;
			children = (
				58D946B92BFBA6B9006417AF /* AuthenticationScene */,
				58D946D52BFCC20C006417AF /* HomeScene */,
				58D946E52BFCCA69006417AF /* PlaceSearchScene */,
				585889112BFF20EC00F3F642 /* RouteFinderScene */,
			);
			path = Presentation;
			sourceTree = "<group>";
		};
		58D946B92BFBA6B9006417AF /* AuthenticationScene */ = {
			isa = PBXGroup;
			children = (
				58D946BA2BFBA6C8006417AF /* Flows */,
				58D946BD2BFBA9EF006417AF /* Login */,
				58D946C62BFBAF5B006417AF /* SignUp */,
			);
			name = AuthenticationScene;
			sourceTree = "<group>";
		};
		58D946BA2BFBA6C8006417AF /* Flows */ = {
			isa = PBXGroup;
			children = (
				58D946BB2BFBA6D6006417AF /* AuthenticationFlowCoordinator.swift */,
			);
			name = Flows;
			sourceTree = "<group>";
		};
		58D946BD2BFBA9EF006417AF /* Login */ = {
			isa = PBXGroup;
			children = (
				58D946BF2BFBAA19006417AF /* ViewModel */,
				58D946BE2BFBAA0A006417AF /* View */,
			);
			name = Login;
			sourceTree = "<group>";
		};
		58D946BE2BFBAA0A006417AF /* View */ = {
			isa = PBXGroup;
			children = (
				584FA41A2BA7F606002600F1 /* LoginViewController.swift */,
				58D946C12BFBAA5F006417AF /* LoginView */,
			);
			name = View;
			sourceTree = "<group>";
		};
		58D946BF2BFBAA19006417AF /* ViewModel */ = {
			isa = PBXGroup;
			children = (
				584FA4492BB15D51002600F1 /* LoginViewModel.swift */,
			);
			name = ViewModel;
			sourceTree = "<group>";
		};
		58D946C12BFBAA5F006417AF /* LoginView */ = {
			isa = PBXGroup;
			children = (
				584FA42F2BABC0EE002600F1 /* LoginView.swift */,
			);
			name = LoginView;
			sourceTree = "<group>";
		};
		58D946C62BFBAF5B006417AF /* SignUp */ = {
			isa = PBXGroup;
			children = (
				58D946C72BFBAF66006417AF /* ViewModel */,
				58D946C82BFBAF76006417AF /* View */,
			);
			name = SignUp;
			sourceTree = "<group>";
		};
		58D946C72BFBAF66006417AF /* ViewModel */ = {
			isa = PBXGroup;
			children = (
				58BDFBC92BBA9B27006AC994 /* SignUpViewModel.swift */,
			);
			name = ViewModel;
			sourceTree = "<group>";
		};
		58D946C82BFBAF76006417AF /* View */ = {
			isa = PBXGroup;
			children = (
				58BDFBA12BB2B8F5006AC994 /* SignUpViewController.swift */,
				58D946C92BFBAF85006417AF /* SignUpView */,
			);
			name = View;
			sourceTree = "<group>";
		};
		58D946C92BFBAF85006417AF /* SignUpView */ = {
			isa = PBXGroup;
			children = (
				58BDFBA32BB2E536006AC994 /* SignUpView.swift */,
				58D946E42BFCC71D006417AF /* SignUpTextField */,
			);
			name = SignUpView;
			sourceTree = "<group>";
		};
		58D946CB2BFC2DCF006417AF /* Domain */ = {
			isa = PBXGroup;
			children = (
				58D946CF2BFC691F006417AF /* Entities */,
				58D946CC2BFC2DDE006417AF /* UseCases */,
				585889292C030DC100F3F642 /* Interfaces */,
			);
			path = Domain;
			sourceTree = "<group>";
		};
		58D946CC2BFC2DDE006417AF /* UseCases */ = {
			isa = PBXGroup;
			children = (
				58D946CD2BFC2DF2006417AF /* AuthenticationUseCase.swift */,
				58D946F12BFCD8B9006417AF /* PlaceSearchUseCase.swift */,
				585889212BFF7F8900F3F642 /* RouteFinderUseCase.swift */,
			);
			path = UseCases;
			sourceTree = "<group>";
		};
		58D946CF2BFC691F006417AF /* Entities */ = {
			isa = PBXGroup;
			children = (
				58D946D32BFCAEB7006417AF /* Member.swift */,
				586F030E2BE0D050008660A0 /* Place.swift */,
				58DE930C2BDF94B600C97575 /* MapItem.swift */,
				581F796C2BEC9A98001F81A0 /* Placemark.swift */,
				58C1DE882BF3386500B169CF /* Coordinate.swift */,
				5804770B2BF1C46A0093019C /* Route.swift */,
				58C1DE862BF3382400B169CF /* MapLocation.swift */,
				585889232C00A12F00F3F642 /* Distance.swift */,
			);
			path = Entities;
			sourceTree = "<group>";
		};
		58D946D52BFCC20C006417AF /* HomeScene */ = {
			isa = PBXGroup;
			children = (
				58D946D62BFCC232006417AF /* Flows */,
				58D946DB2BFCC5FC006417AF /* Home */,
			);
			name = HomeScene;
			sourceTree = "<group>";
		};
		58D946D62BFCC232006417AF /* Flows */ = {
			isa = PBXGroup;
			children = (
				58D946D72BFCC279006417AF /* HomeFlowCoordinator.swift */,
			);
			name = Flows;
			sourceTree = "<group>";
		};
		58D946DB2BFCC5FC006417AF /* Home */ = {
			isa = PBXGroup;
			children = (
				58D946DE2BFCC639006417AF /* View */,
				58D946DC2BFCC612006417AF /* Interactor */,
				58D946DD2BFCC61F006417AF /* Presenter */,
			);
			name = Home;
			sourceTree = "<group>";
		};
		58D946DC2BFCC612006417AF /* Interactor */ = {
			isa = PBXGroup;
			children = (
				58368F022BD80472009E008C /* HomeInteractor.swift */,
			);
			name = Interactor;
			sourceTree = "<group>";
		};
		58D946DD2BFCC61F006417AF /* Presenter */ = {
			isa = PBXGroup;
			children = (
				58368F042BD8047E009E008C /* HomePresenter.swift */,
			);
			name = Presenter;
			sourceTree = "<group>";
		};
		58D946DE2BFCC639006417AF /* View */ = {
			isa = PBXGroup;
			children = (
				58BDFBD02BBE5B53006AC994 /* HomeViewController.swift */,
				58D946E02BFCC68A006417AF /* HomeView */,
			);
			name = View;
			sourceTree = "<group>";
		};
		58D946E02BFCC68A006417AF /* HomeView */ = {
			isa = PBXGroup;
			children = (
				58D946E22BFCC6D7006417AF /* HomeCollectionView */,
				58BDFBDB2BBEA5D0006AC994 /* HomeView.swift */,
				58368F112BD8B7D5009E008C /* HomeSearchBarView.swift */,
			);
			name = HomeView;
			sourceTree = "<group>";
		};
		58D946E22BFCC6D7006417AF /* HomeCollectionView */ = {
			isa = PBXGroup;
			children = (
				58CC1AA22BE9EC4A0004FEAE /* HomeCollectionViewHandler.swift */,
				58D946E32BFCC6F4006417AF /* Cells */,
			);
			name = HomeCollectionView;
			sourceTree = "<group>";
		};
		58D946E32BFCC6F4006417AF /* Cells */ = {
			isa = PBXGroup;
			children = (
				58368F0C2BD828C6009E008C /* HomeSearchCollectionViewCell.swift */,
				586F03172BE13696008660A0 /* HomeRecentSearchPlaceCollectionViewCell.swift */,
			);
			name = Cells;
			sourceTree = "<group>";
		};
		58D946E42BFCC71D006417AF /* SignUpTextField */ = {
			isa = PBXGroup;
			children = (
				583210B42BE6610300D9DCA1 /* SignUpTextFieldHandler.swift */,
			);
			name = SignUpTextField;
			sourceTree = "<group>";
		};
		58D946E52BFCCA69006417AF /* PlaceSearchScene */ = {
			isa = PBXGroup;
			children = (
				58D946E62BFCCA78006417AF /* Flows */,
				58D946E92BFCCB21006417AF /* PlaceSearch */,
			);
			name = PlaceSearchScene;
			sourceTree = "<group>";
		};
		58D946E62BFCCA78006417AF /* Flows */ = {
			isa = PBXGroup;
			children = (
				58D946E72BFCCA84006417AF /* PlaceSearchFlowCoordinator.swift */,
			);
			name = Flows;
			sourceTree = "<group>";
		};
		58D946E92BFCCB21006417AF /* PlaceSearch */ = {
			isa = PBXGroup;
			children = (
				58D946EA2BFCCB2D006417AF /* ViewModel */,
				58D946EB2BFCCB3D006417AF /* View */,
			);
			name = PlaceSearch;
			sourceTree = "<group>";
		};
		58D946EA2BFCCB2D006417AF /* ViewModel */ = {
			isa = PBXGroup;
			children = (
				5858890F2BFE474000F3F642 /* PlaceSearchViewModel.swift */,
			);
			name = ViewModel;
			sourceTree = "<group>";
		};
		58D946EB2BFCCB3D006417AF /* View */ = {
			isa = PBXGroup;
			children = (
				58368F152BDE41FC009E008C /* PlaceSearchViewController.swift */,
				58D946EC2BFCCB47006417AF /* PlaceSearchView */,
			);
			name = View;
			sourceTree = "<group>";
		};
		58D946EC2BFCCB47006417AF /* PlaceSearchView */ = {
			isa = PBXGroup;
			children = (
				58368F1C2BDE4AD2009E008C /* PlaceSearchNavigationBar.swift */,
				58368F192BDE424A009E008C /* PlaceSearchView.swift */,
				58D946ED2BFCCB58006417AF /* PlaceSearchCollectionView */,
			);
			name = PlaceSearchView;
			sourceTree = "<group>";
		};
		58D946ED2BFCCB58006417AF /* PlaceSearchCollectionView */ = {
			isa = PBXGroup;
			children = (
				5858890D2BFE473400F3F642 /* PlaceSearchCollectionViewHandler.swift */,
				58D946EE2BFCCB68006417AF /* Cells */,
			);
			name = PlaceSearchCollectionView;
			sourceTree = "<group>";
		};
		58D946EE2BFCCB68006417AF /* Cells */ = {
			isa = PBXGroup;
			children = (
				58DE93082BDF850B00C97575 /* PlaceSearchCollectionViewCell.swift */,
			);
			name = Cells;
			sourceTree = "<group>";
		};
		58D946F32BFD86A8006417AF /* Data */ = {
			isa = PBXGroup;
			children = (
				58D946F42BFD86B9006417AF /* Repositories */,
			);
			path = Data;
			sourceTree = "<group>";
		};
		58D946F42BFD86B9006417AF /* Repositories */ = {
			isa = PBXGroup;
			children = (
				58D946F52BFD86CD006417AF /* DefaultPlaceRepository.swift */,
			);
			path = Repositories;
			sourceTree = "<group>";
		};
/* End PBXGroup section */

/* Begin PBXNativeTarget section */
		584FA3E22BA41484002600F1 /* GIL */ = {
			isa = PBXNativeTarget;
			buildConfigurationList = 584FA40D2BA41485002600F1 /* Build configuration list for PBXNativeTarget "GIL" */;
			buildPhases = (
				584FA3DF2BA41484002600F1 /* Sources */,
				584FA3E02BA41484002600F1 /* Frameworks */,
				584FA3E12BA41484002600F1 /* Resources */,
				584FA4462BAD67EF002600F1 /* ShellScript */,
			);
			buildRules = (
			);
			dependencies = (
			);
			name = GIL;
			packageProductDependencies = (
				584FA4362BAD5607002600F1 /* FirebaseAnalytics */,
				584FA4382BAD5607002600F1 /* FirebaseAnalyticsOnDeviceConversion */,
				584FA43A2BAD5607002600F1 /* FirebaseAnalyticsSwift */,
				584FA43C2BAD5607002600F1 /* FirebaseAnalyticsWithoutAdIdSupport */,
				584FA43E2BAD5607002600F1 /* FirebaseCrashlytics */,
				58BDFBD42BBE889D006AC994 /* FirebaseAuth */,
			);
			productName = GIL;
			productReference = 584FA3E32BA41484002600F1 /* GIL.app */;
			productType = "com.apple.product-type.application";
		};
		584FA3F82BA41485002600F1 /* GILTests */ = {
			isa = PBXNativeTarget;
			buildConfigurationList = 584FA4102BA41485002600F1 /* Build configuration list for PBXNativeTarget "GILTests" */;
			buildPhases = (
				584FA3F52BA41485002600F1 /* Sources */,
				584FA3F62BA41485002600F1 /* Frameworks */,
				584FA3F72BA41485002600F1 /* Resources */,
			);
			buildRules = (
			);
			dependencies = (
				584FA3FB2BA41485002600F1 /* PBXTargetDependency */,
			);
			name = GILTests;
			packageProductDependencies = (
				5858892E2C046AF000F3F642 /* InlineSnapshotTesting */,
				585889302C046AF000F3F642 /* SnapshotTesting */,
			);
			productName = GILTests;
			productReference = 584FA3F92BA41485002600F1 /* GILTests.xctest */;
			productType = "com.apple.product-type.bundle.unit-test";
		};
		584FA4022BA41485002600F1 /* GILUITests */ = {
			isa = PBXNativeTarget;
			buildConfigurationList = 584FA4132BA41485002600F1 /* Build configuration list for PBXNativeTarget "GILUITests" */;
			buildPhases = (
				584FA3FF2BA41485002600F1 /* Sources */,
				584FA4002BA41485002600F1 /* Frameworks */,
				584FA4012BA41485002600F1 /* Resources */,
			);
			buildRules = (
			);
			dependencies = (
				584FA4052BA41485002600F1 /* PBXTargetDependency */,
			);
			name = GILUITests;
			productName = GILUITests;
			productReference = 584FA4032BA41485002600F1 /* GILUITests.xctest */;
			productType = "com.apple.product-type.bundle.ui-testing";
		};
/* End PBXNativeTarget section */

/* Begin PBXProject section */
		584FA3DB2BA41483002600F1 /* Project object */ = {
			isa = PBXProject;
			attributes = {
				BuildIndependentTargetsInParallel = 1;
				LastSwiftUpdateCheck = 1520;
				LastUpgradeCheck = 1520;
				TargetAttributes = {
					584FA3E22BA41484002600F1 = {
						CreatedOnToolsVersion = 15.2;
					};
					584FA3F82BA41485002600F1 = {
						CreatedOnToolsVersion = 15.2;
						LastSwiftMigration = 1520;
						TestTargetID = 584FA3E22BA41484002600F1;
					};
					584FA4022BA41485002600F1 = {
						CreatedOnToolsVersion = 15.2;
						TestTargetID = 584FA3E22BA41484002600F1;
					};
				};
			};
			buildConfigurationList = 584FA3DE2BA41483002600F1 /* Build configuration list for PBXProject "GIL" */;
			compatibilityVersion = "Xcode 14.0";
			developmentRegion = ko;
			hasScannedForEncodings = 0;
			knownRegions = (
				ko,
				ja,
				en,
			);
			mainGroup = 584FA3DA2BA41483002600F1;
			packageReferences = (
				584FA4352BAD5607002600F1 /* XCRemoteSwiftPackageReference "firebase-ios-sdk" */,
				5858892D2C046AF000F3F642 /* XCRemoteSwiftPackageReference "swift-snapshot-testing" */,
			);
			productRefGroup = 584FA3E42BA41484002600F1 /* Products */;
			projectDirPath = "";
			projectRoot = "";
			targets = (
				584FA3E22BA41484002600F1 /* GIL */,
				584FA3F82BA41485002600F1 /* GILTests */,
				584FA4022BA41485002600F1 /* GILUITests */,
			);
		};
/* End PBXProject section */

/* Begin PBXResourcesBuildPhase section */
		584FA3E12BA41484002600F1 /* Resources */ = {
			isa = PBXResourcesBuildPhase;
			buildActionMask = 2147483647;
			files = (
				584FA3F32BA41485002600F1 /* LaunchScreen.storyboard in Resources */,
				584FA4452BAD6068002600F1 /* GoogleService-Info.plist in Resources */,
				58BAC8AD2BC7C79200CDEB1F /* Localizable.xcstrings in Resources */,
				584FA3F02BA41485002600F1 /* Assets.xcassets in Resources */,
			);
			runOnlyForDeploymentPostprocessing = 0;
		};
		584FA3F72BA41485002600F1 /* Resources */ = {
			isa = PBXResourcesBuildPhase;
			buildActionMask = 2147483647;
			files = (
			);
			runOnlyForDeploymentPostprocessing = 0;
		};
		584FA4012BA41485002600F1 /* Resources */ = {
			isa = PBXResourcesBuildPhase;
			buildActionMask = 2147483647;
			files = (
			);
			runOnlyForDeploymentPostprocessing = 0;
		};
/* End PBXResourcesBuildPhase section */

/* Begin PBXShellScriptBuildPhase section */
		584FA4462BAD67EF002600F1 /* ShellScript */ = {
			isa = PBXShellScriptBuildPhase;
			buildActionMask = 2147483647;
			files = (
			);
			inputFileListPaths = (
			);
			inputPaths = (
				"${DWARF_DSYM_FOLDER_PATH}/${DWARF_DSYM_FILE_NAME}",
				"${DWARF_DSYM_FOLDER_PATH}/${DWARF_DSYM_FILE_NAME}/Contents/Resources/DWARF/${PRODUCT_NAME}",
				"${DWARF_DSYM_FOLDER_PATH}/${DWARF_DSYM_FILE_NAME}/Contents/Info.plist",
				"$(TARGET_BUILD_DIR)/$(UNLOCALIZED_RESOURCES_FOLDER_PATH)/GoogleService-Info.plist",
				"$(TARGET_BUILD_DIR)/$(EXECUTABLE_PATH)",
			);
			outputFileListPaths = (
			);
			outputPaths = (
			);
			runOnlyForDeploymentPostprocessing = 0;
			shellPath = /bin/sh;
			shellScript = "# Type a script or drag a script file from your workspace to insert its path.\n\"${BUILD_DIR%/Build/*}/SourcePackages/checkouts/firebase-ios-sdk/Crashlytics/run\"\n";
		};
/* End PBXShellScriptBuildPhase section */

/* Begin PBXSourcesBuildPhase section */
		584FA3DF2BA41484002600F1 /* Sources */ = {
			isa = PBXSourcesBuildPhase;
			buildActionMask = 2147483647;
			files = (
				5810DE4A2BE37C9400180BFB /* FirebaseAuthManager.swift in Sources */,
				586F030F2BE0D050008660A0 /* Place.swift in Sources */,
				58368EFC2BD536B8009E008C /* AlertService.swift in Sources */,
				5858892C2C030E3200F3F642 /* PlaceRepository.swift in Sources */,
				584FA41B2BA7F606002600F1 /* LoginViewController.swift in Sources */,
				58368F032BD80472009E008C /* HomeInteractor.swift in Sources */,
				585889282C00AE1300F3F642 /* LoadingView.swift in Sources */,
				58368F052BD8047E009E008C /* HomePresenter.swift in Sources */,
				58D946B12BFB9E6B006417AF /* AppDIContainer.swift in Sources */,
				58368F162BDE41FC009E008C /* PlaceSearchViewController.swift in Sources */,
				58BDFBDC2BBEA5D0006AC994 /* HomeView.swift in Sources */,
				581F79782BEF1D83001F81A0 /* RouteFinderSheetViewController.swift in Sources */,
				5810DE4C2BE3890200180BFB /* CryptoUtils.swift in Sources */,
				585889242C00A12F00F3F642 /* Distance.swift in Sources */,
				58A6808E2BDE7C02004E6706 /* LocationService.swift in Sources */,
				58368F122BD8B7D5009E008C /* HomeSearchBarView.swift in Sources */,
				58CC1B032BEB0F450004FEAE /* RouteMapView.swift in Sources */,
				58BDFBA22BB2B8F5006AC994 /* SignUpViewController.swift in Sources */,
				581F797A2BEF32B3001F81A0 /* RouteFinderSheetView.swift in Sources */,
				58C1DE872BF3382400B169CF /* MapLocation.swift in Sources */,
				58D946D42BFCAEB7006417AF /* Member.swift in Sources */,
				585889162BFF213F00F3F642 /* RouteFinderFlowCoordinator.swift in Sources */,
				587DB2102BF4751B0097119C /* UIImageView+Extension.swift in Sources */,
				583210BC2BE8F24200D9DCA1 /* BaseImageView.swift in Sources */,
				58CC1B012BEB0E720004FEAE /* RouteMapViewController.swift in Sources */,
				581F79752BEE212D001F81A0 /* RouteManager.swift in Sources */,
				58DE930D2BDF94B600C97575 /* MapItem.swift in Sources */,
				58368F102BD83490009E008C /* BaseViewController.swift in Sources */,
				58D946A72BF7489F006417AF /* ToastManager.swift in Sources */,
				581F797C2BEF3F97001F81A0 /* RouteFinderSheetViewModel.swift in Sources */,
				5858891B2BFF22A700F3F642 /* RouteFinderSceneDIContainer.swift in Sources */,
				58BAC89B2BC53A4D00CDEB1F /* UIButton+Extension.swift in Sources */,
				58CC1AA32BE9EC4A0004FEAE /* HomeCollectionViewHandler.swift in Sources */,
				58D946F02BFCCB91006417AF /* PlaceSearchSceneDIContainer.swift in Sources */,
				583210B52BE6610300D9DCA1 /* SignUpTextFieldHandler.swift in Sources */,
				5806472A2BCD147A00FB7310 /* UIImage+Extension.swift in Sources */,
				5810DE202BE1F78400180BFB /* MappinImageView.swift in Sources */,
				58BDFBCA2BBA9B27006AC994 /* SignUpViewModel.swift in Sources */,
				58BDFBC22BB6A748006AC994 /* OSLog.swift in Sources */,
				58368F1A2BDE424A009E008C /* PlaceSearchView.swift in Sources */,
				58BAC8972BC52F8500CDEB1F /* UILabel+Extension.swift in Sources */,
				580477052BF1BC7E0093019C /* RouteFinderSheetCollectionViewCell.swift in Sources */,
				58C1DE852BF327C400B169CF /* NavigationBarHideable.swift in Sources */,
				58D946BC2BFBA6D6006417AF /* AuthenticationFlowCoordinator.swift in Sources */,
				58D946B82BFBA09B006417AF /* AuthenticationSceneDIContainer.swift in Sources */,
				58D946D82BFCC279006417AF /* HomeFlowCoordinator.swift in Sources */,
				584FA3E72BA41484002600F1 /* AppDelegate.swift in Sources */,
				58368F1D2BDE4AD2009E008C /* PlaceSearchNavigationBar.swift in Sources */,
				584FA41E2BA82886002600F1 /* FormTextField.swift in Sources */,
				58DE93092BDF850B00C97575 /* PlaceSearchCollectionViewCell.swift in Sources */,
				58D9468E2BF50698006417AF /* AutoLayoutBuilder.swift in Sources */,
				58C1DE892BF3386500B169CF /* Coordinate.swift in Sources */,
				58D946CE2BFC2DF2006417AF /* AuthenticationUseCase.swift in Sources */,
				58D946F62BFD86CD006417AF /* DefaultPlaceRepository.swift in Sources */,
				580477092BF1BF480093019C /* RouteFinderSheetCollectionController.swift in Sources */,
				58DE930F2BDFA23200C97575 /* UIView+Extension.swift in Sources */,
				583210BA2BE76DAA00D9DCA1 /* BaseLabel.swift in Sources */,
				58BDFBD12BBE5B53006AC994 /* HomeViewController.swift in Sources */,
				58D946AE2BFB99F2006417AF /* AppFlowCoordinator.swift in Sources */,
				58BDFBA42BB2E536006AC994 /* SignUpView.swift in Sources */,
				584FA4302BABC0EE002600F1 /* LoginView.swift in Sources */,
				58D946DA2BFCC2EB006417AF /* HomeSceneDIContainer.swift in Sources */,
				584FA3E92BA41484002600F1 /* SceneDelegate.swift in Sources */,
				581F79802BEF687B001F81A0 /* Transport.swift in Sources */,
				585889102BFE474000F3F642 /* PlaceSearchViewModel.swift in Sources */,
				58368F0D2BD828C6009E008C /* HomeSearchCollectionViewCell.swift in Sources */,
				581F796D2BEC9A98001F81A0 /* Placemark.swift in Sources */,
				58C1DE7F2BF2130C00B169CF /* UIStackView+Extension.swift in Sources */,
				58CC1B062BEB165E0004FEAE /* RouteMapViewModel.swift in Sources */,
				5804770C2BF1C46A0093019C /* Route.swift in Sources */,
				58D946E82BFCCA84006417AF /* PlaceSearchFlowCoordinator.swift in Sources */,
				5810DE462BE35D4600180BFB /* BaseStackView.swift in Sources */,
				587DB20C2BF460610097119C /* UIView+AccessibilityExtension.swift in Sources */,
				580477022BF1B92A0093019C /* NavigationButtonType.swift in Sources */,
				58D946F22BFCD8B9006417AF /* PlaceSearchUseCase.swift in Sources */,
				586F030C2BE0C4A2008660A0 /* LanguageCode.swift in Sources */,
				58BDFBCC2BBAA78F006AC994 /* String+Extension.swift in Sources */,
				58D946A92BF74FB7006417AF /* ToastView.swift in Sources */,
				58BAC8992BC5399D00CDEB1F /* UITextField+Extension.swift in Sources */,
				58D946912BF5B88E006417AF /* RecentSearchPlaceButton.swift in Sources */,
				585889222BFF7F8900F3F642 /* RouteFinderUseCase.swift in Sources */,
				5858890E2BFE473400F3F642 /* PlaceSearchCollectionViewHandler.swift in Sources */,
				586F03182BE13696008660A0 /* HomeRecentSearchPlaceCollectionViewCell.swift in Sources */,
				583210B82BE69EB700D9DCA1 /* CollectionViewCellProtocol.swift in Sources */,
				584FA44A2BB15D51002600F1 /* LoginViewModel.swift in Sources */,
			);
			runOnlyForDeploymentPostprocessing = 0;
		};
		584FA3F52BA41485002600F1 /* Sources */ = {
			isa = PBXSourcesBuildPhase;
			buildActionMask = 2147483647;
			files = (
				585889362C0474CF00F3F642 /* MockFirebaseAuthManager.swift in Sources */,
				585889392C05A0AF00F3F642 /* MockRouteManager.swift in Sources */,
				585889342C046F4900F3F642 /* GILSnapshotTests.swift in Sources */,
				58DA598E2BF4C39B0039630D /* PlaceSearchViewModelTests.swift in Sources */,
				58DA598C2BF4C2FA0039630D /* MockClass.swift in Sources */,
			);
			runOnlyForDeploymentPostprocessing = 0;
		};
		584FA3FF2BA41485002600F1 /* Sources */ = {
			isa = PBXSourcesBuildPhase;
			buildActionMask = 2147483647;
			files = (
				584FA4082BA41485002600F1 /* GILUITests.swift in Sources */,
				584FA40A2BA41485002600F1 /* GILUITestsLaunchTests.swift in Sources */,
			);
			runOnlyForDeploymentPostprocessing = 0;
		};
/* End PBXSourcesBuildPhase section */

/* Begin PBXTargetDependency section */
		584FA3FB2BA41485002600F1 /* PBXTargetDependency */ = {
			isa = PBXTargetDependency;
			target = 584FA3E22BA41484002600F1 /* GIL */;
			targetProxy = 584FA3FA2BA41485002600F1 /* PBXContainerItemProxy */;
		};
		584FA4052BA41485002600F1 /* PBXTargetDependency */ = {
			isa = PBXTargetDependency;
			target = 584FA3E22BA41484002600F1 /* GIL */;
			targetProxy = 584FA4042BA41485002600F1 /* PBXContainerItemProxy */;
		};
/* End PBXTargetDependency section */

/* Begin PBXVariantGroup section */
		584FA3F12BA41485002600F1 /* LaunchScreen.storyboard */ = {
			isa = PBXVariantGroup;
			children = (
				58BAC8A52BC7B80B00CDEB1F /* ja */,
				58BAC8A82BC7C3EA00CDEB1F /* en */,
				58BAC8AE2BC7C79C00CDEB1F /* ko */,
			);
			name = LaunchScreen.storyboard;
			sourceTree = "<group>";
		};
/* End PBXVariantGroup section */

/* Begin XCBuildConfiguration section */
		584FA40C2BA41485002600F1 /* Release */ = {
			isa = XCBuildConfiguration;
			buildSettings = {
				ALWAYS_SEARCH_USER_PATHS = NO;
				ASSETCATALOG_COMPILER_GENERATE_SWIFT_ASSET_SYMBOL_EXTENSIONS = YES;
				CLANG_ANALYZER_LOCALIZABILITY_NONLOCALIZED = YES;
				CLANG_ANALYZER_NONNULL = YES;
				CLANG_ANALYZER_NUMBER_OBJECT_CONVERSION = YES_AGGRESSIVE;
				CLANG_CXX_LANGUAGE_STANDARD = "gnu++20";
				CLANG_ENABLE_MODULES = YES;
				CLANG_ENABLE_OBJC_ARC = YES;
				CLANG_ENABLE_OBJC_WEAK = YES;
				CLANG_WARN_BLOCK_CAPTURE_AUTORELEASING = YES;
				CLANG_WARN_BOOL_CONVERSION = YES;
				CLANG_WARN_COMMA = YES;
				CLANG_WARN_CONSTANT_CONVERSION = YES;
				CLANG_WARN_DEPRECATED_OBJC_IMPLEMENTATIONS = YES;
				CLANG_WARN_DIRECT_OBJC_ISA_USAGE = YES_ERROR;
				CLANG_WARN_DOCUMENTATION_COMMENTS = YES;
				CLANG_WARN_EMPTY_BODY = YES;
				CLANG_WARN_ENUM_CONVERSION = YES;
				CLANG_WARN_INFINITE_RECURSION = YES;
				CLANG_WARN_INT_CONVERSION = YES;
				CLANG_WARN_NON_LITERAL_NULL_CONVERSION = YES;
				CLANG_WARN_OBJC_IMPLICIT_RETAIN_SELF = YES;
				CLANG_WARN_OBJC_LITERAL_CONVERSION = YES;
				CLANG_WARN_OBJC_ROOT_CLASS = YES_ERROR;
				CLANG_WARN_QUOTED_INCLUDE_IN_FRAMEWORK_HEADER = YES;
				CLANG_WARN_RANGE_LOOP_ANALYSIS = YES;
				CLANG_WARN_STRICT_PROTOTYPES = YES;
				CLANG_WARN_SUSPICIOUS_MOVE = YES;
				CLANG_WARN_UNGUARDED_AVAILABILITY = YES_AGGRESSIVE;
				CLANG_WARN_UNREACHABLE_CODE = YES;
				CLANG_WARN__DUPLICATE_METHOD_MATCH = YES;
				COPY_PHASE_STRIP = NO;
				DEBUG_INFORMATION_FORMAT = "dwarf-with-dsym";
				ENABLE_NS_ASSERTIONS = NO;
				ENABLE_STRICT_OBJC_MSGSEND = YES;
				ENABLE_TESTABILITY = YES;
				ENABLE_USER_SCRIPT_SANDBOXING = YES;
				GCC_C_LANGUAGE_STANDARD = gnu17;
				GCC_NO_COMMON_BLOCKS = YES;
				GCC_WARN_64_TO_32_BIT_CONVERSION = YES;
				GCC_WARN_ABOUT_RETURN_TYPE = YES_ERROR;
				GCC_WARN_UNDECLARED_SELECTOR = YES;
				GCC_WARN_UNINITIALIZED_AUTOS = YES_AGGRESSIVE;
				GCC_WARN_UNUSED_FUNCTION = YES;
				GCC_WARN_UNUSED_VARIABLE = YES;
				IPHONEOS_DEPLOYMENT_TARGET = 17.0;
				LOCALIZATION_PREFERS_STRING_CATALOGS = YES;
				MTL_ENABLE_DEBUG_INFO = NO;
				MTL_FAST_MATH = YES;
				OTHER_SWIFT_FLAGS = "-D RELEASE";
				SDKROOT = iphoneos;
				SWIFT_ACTIVE_COMPILATION_CONDITIONS = RELEASE;
				SWIFT_COMPILATION_MODE = wholemodule;
				VALIDATE_PRODUCT = YES;
			};
			name = Release;
		};
		584FA40F2BA41485002600F1 /* Release */ = {
			isa = XCBuildConfiguration;
			buildSettings = {
				ASSETCATALOG_COMPILER_APPICON_NAME = AppIcon;
				ASSETCATALOG_COMPILER_GLOBAL_ACCENT_COLOR_NAME = AccentColor;
				ASSETCATALOG_COMPILER_INCLUDE_ALL_APPICON_ASSETS = NO;
				CODE_SIGN_ENTITLEMENTS = GIL/Resources/GIL.entitlements;
				CODE_SIGN_STYLE = Automatic;
				CURRENT_PROJECT_VERSION = 1;
				DEBUG_INFORMATION_FORMAT = "dwarf-with-dsym";
				DEVELOPMENT_TEAM = E98D6ZNGDP;
				ENABLE_TESTABILITY = YES;
				GENERATE_INFOPLIST_FILE = YES;
				INFOPLIST_FILE = GIL/Resources/Info.plist;
				INFOPLIST_KEY_CFBundleDisplayName = GIL;
				INFOPLIST_KEY_UIApplicationSupportsIndirectInputEvents = YES;
				INFOPLIST_KEY_UILaunchStoryboardName = LaunchScreen;
				INFOPLIST_KEY_UISupportedInterfaceOrientations = UIInterfaceOrientationPortrait;
				INFOPLIST_KEY_UISupportedInterfaceOrientations_iPad = "UIInterfaceOrientationLandscapeLeft UIInterfaceOrientationLandscapeRight UIInterfaceOrientationPortrait UIInterfaceOrientationPortraitUpsideDown";
				IPHONEOS_DEPLOYMENT_TARGET = 17.0;
				LD_RUNPATH_SEARCH_PATHS = (
					"$(inherited)",
					"@executable_path/Frameworks",
				);
				MARKETING_VERSION = 1.0;
				OTHER_SWIFT_FLAGS = "-D RELEASE";
				PRODUCT_BUNDLE_IDENTIFIER = woojin.GIL;
				PRODUCT_NAME = "$(TARGET_NAME)";
				SUPPORTED_PLATFORMS = "iphoneos iphonesimulator";
				SUPPORTS_MACCATALYST = NO;
				SUPPORTS_MAC_DESIGNED_FOR_IPHONE_IPAD = NO;
				SUPPORTS_XR_DESIGNED_FOR_IPHONE_IPAD = NO;
				SWIFT_EMIT_LOC_STRINGS = YES;
				SWIFT_VERSION = 5.0;
				TARGETED_DEVICE_FAMILY = 1;
			};
			name = Release;
		};
		584FA4122BA41485002600F1 /* Release */ = {
			isa = XCBuildConfiguration;
			buildSettings = {
				ALWAYS_EMBED_SWIFT_STANDARD_LIBRARIES = YES;
				BUNDLE_LOADER = "$(TEST_HOST)";
				CLANG_ENABLE_MODULES = YES;
				CODE_SIGN_STYLE = Automatic;
				CURRENT_PROJECT_VERSION = 1;
				DEVELOPMENT_TEAM = E98D6ZNGDP;
				ENABLE_TESTABILITY = YES;
				GENERATE_INFOPLIST_FILE = YES;
				IPHONEOS_DEPLOYMENT_TARGET = 17.0;
				MARKETING_VERSION = 1.0;
				PRODUCT_BUNDLE_IDENTIFIER = woojin.GILTests;
				PRODUCT_NAME = "$(TARGET_NAME)";
				SUPPORTED_PLATFORMS = "iphoneos iphonesimulator";
				SUPPORTS_MACCATALYST = NO;
				SUPPORTS_MAC_DESIGNED_FOR_IPHONE_IPAD = NO;
				SUPPORTS_XR_DESIGNED_FOR_IPHONE_IPAD = NO;
				SWIFT_EMIT_LOC_STRINGS = NO;
				SWIFT_VERSION = 5.0;
				TARGETED_DEVICE_FAMILY = 1;
				TEST_HOST = "$(BUILT_PRODUCTS_DIR)/GIL.app/$(BUNDLE_EXECUTABLE_FOLDER_PATH)/GIL";
			};
			name = Release;
		};
		584FA4152BA41485002600F1 /* Release */ = {
			isa = XCBuildConfiguration;
			buildSettings = {
				ALWAYS_EMBED_SWIFT_STANDARD_LIBRARIES = YES;
				CODE_SIGN_STYLE = Automatic;
				CURRENT_PROJECT_VERSION = 1;
				DEVELOPMENT_TEAM = E98D6ZNGDP;
				GENERATE_INFOPLIST_FILE = YES;
				IPHONEOS_DEPLOYMENT_TARGET = 17.0;
				MARKETING_VERSION = 1.0;
				PRODUCT_BUNDLE_IDENTIFIER = woojin.GILUITests;
				PRODUCT_NAME = "$(TARGET_NAME)";
				SUPPORTED_PLATFORMS = "iphoneos iphonesimulator";
				SUPPORTS_MACCATALYST = NO;
				SUPPORTS_MAC_DESIGNED_FOR_IPHONE_IPAD = NO;
				SUPPORTS_XR_DESIGNED_FOR_IPHONE_IPAD = NO;
				SWIFT_EMIT_LOC_STRINGS = NO;
				SWIFT_VERSION = 5.0;
				TARGETED_DEVICE_FAMILY = 1;
				TEST_TARGET_NAME = GIL;
			};
			name = Release;
		};
		58CC1AF72BEA25270004FEAE /* Dev */ = {
			isa = XCBuildConfiguration;
			buildSettings = {
				ALWAYS_SEARCH_USER_PATHS = NO;
				ASSETCATALOG_COMPILER_GENERATE_SWIFT_ASSET_SYMBOL_EXTENSIONS = YES;
				CLANG_ANALYZER_LOCALIZABILITY_NONLOCALIZED = YES;
				CLANG_ANALYZER_NONNULL = YES;
				CLANG_ANALYZER_NUMBER_OBJECT_CONVERSION = YES_AGGRESSIVE;
				CLANG_CXX_LANGUAGE_STANDARD = "gnu++20";
				CLANG_ENABLE_MODULES = YES;
				CLANG_ENABLE_OBJC_ARC = YES;
				CLANG_ENABLE_OBJC_WEAK = YES;
				CLANG_WARN_BLOCK_CAPTURE_AUTORELEASING = YES;
				CLANG_WARN_BOOL_CONVERSION = YES;
				CLANG_WARN_COMMA = YES;
				CLANG_WARN_CONSTANT_CONVERSION = YES;
				CLANG_WARN_DEPRECATED_OBJC_IMPLEMENTATIONS = YES;
				CLANG_WARN_DIRECT_OBJC_ISA_USAGE = YES_ERROR;
				CLANG_WARN_DOCUMENTATION_COMMENTS = YES;
				CLANG_WARN_EMPTY_BODY = YES;
				CLANG_WARN_ENUM_CONVERSION = YES;
				CLANG_WARN_INFINITE_RECURSION = YES;
				CLANG_WARN_INT_CONVERSION = YES;
				CLANG_WARN_NON_LITERAL_NULL_CONVERSION = YES;
				CLANG_WARN_OBJC_IMPLICIT_RETAIN_SELF = YES;
				CLANG_WARN_OBJC_LITERAL_CONVERSION = YES;
				CLANG_WARN_OBJC_ROOT_CLASS = YES_ERROR;
				CLANG_WARN_QUOTED_INCLUDE_IN_FRAMEWORK_HEADER = YES;
				CLANG_WARN_RANGE_LOOP_ANALYSIS = YES;
				CLANG_WARN_STRICT_PROTOTYPES = YES;
				CLANG_WARN_SUSPICIOUS_MOVE = YES;
				CLANG_WARN_UNGUARDED_AVAILABILITY = YES_AGGRESSIVE;
				CLANG_WARN_UNREACHABLE_CODE = YES;
				CLANG_WARN__DUPLICATE_METHOD_MATCH = YES;
				COPY_PHASE_STRIP = NO;
				DEBUG_INFORMATION_FORMAT = "dwarf-with-dsym";
				ENABLE_NS_ASSERTIONS = NO;
				ENABLE_STRICT_OBJC_MSGSEND = YES;
				ENABLE_TESTABILITY = YES;
				ENABLE_USER_SCRIPT_SANDBOXING = YES;
				GCC_C_LANGUAGE_STANDARD = gnu17;
				GCC_NO_COMMON_BLOCKS = YES;
				GCC_WARN_64_TO_32_BIT_CONVERSION = YES;
				GCC_WARN_ABOUT_RETURN_TYPE = YES_ERROR;
				GCC_WARN_UNDECLARED_SELECTOR = YES;
				GCC_WARN_UNINITIALIZED_AUTOS = YES_AGGRESSIVE;
				GCC_WARN_UNUSED_FUNCTION = YES;
				GCC_WARN_UNUSED_VARIABLE = YES;
				IPHONEOS_DEPLOYMENT_TARGET = 17.0;
				LOCALIZATION_PREFERS_STRING_CATALOGS = YES;
				MTL_ENABLE_DEBUG_INFO = NO;
				MTL_FAST_MATH = YES;
				OTHER_SWIFT_FLAGS = "-D DEV";
				SDKROOT = iphoneos;
				SWIFT_ACTIVE_COMPILATION_CONDITIONS = DEV;
				SWIFT_COMPILATION_MODE = wholemodule;
				VALIDATE_PRODUCT = YES;
			};
			name = Dev;
		};
		58CC1AF82BEA25270004FEAE /* Dev */ = {
			isa = XCBuildConfiguration;
			buildSettings = {
				ASSETCATALOG_COMPILER_APPICON_NAME = AppIconDev;
				ASSETCATALOG_COMPILER_GLOBAL_ACCENT_COLOR_NAME = AccentColor;
				ASSETCATALOG_COMPILER_INCLUDE_ALL_APPICON_ASSETS = NO;
				CODE_SIGN_ENTITLEMENTS = GIL/Resources/GIL.entitlements;
				CODE_SIGN_STYLE = Automatic;
				CURRENT_PROJECT_VERSION = 1;
				DEBUG_INFORMATION_FORMAT = "dwarf-with-dsym";
				DEVELOPMENT_TEAM = E98D6ZNGDP;
				ENABLE_TESTABILITY = YES;
				GENERATE_INFOPLIST_FILE = YES;
				INFOPLIST_FILE = GIL/Resources/Info.plist;
				INFOPLIST_KEY_CFBundleDisplayName = "GIL-Dev";
				INFOPLIST_KEY_UIApplicationSupportsIndirectInputEvents = YES;
				INFOPLIST_KEY_UILaunchStoryboardName = LaunchScreen;
				INFOPLIST_KEY_UISupportedInterfaceOrientations = UIInterfaceOrientationPortrait;
				INFOPLIST_KEY_UISupportedInterfaceOrientations_iPad = "UIInterfaceOrientationLandscapeLeft UIInterfaceOrientationLandscapeRight UIInterfaceOrientationPortrait UIInterfaceOrientationPortraitUpsideDown";
				IPHONEOS_DEPLOYMENT_TARGET = 17.0;
				LD_RUNPATH_SEARCH_PATHS = (
					"$(inherited)",
					"@executable_path/Frameworks",
				);
				MARKETING_VERSION = 1.0;
				OTHER_SWIFT_FLAGS = "-D DEV";
				PRODUCT_BUNDLE_IDENTIFIER = woojin.GIL;
				PRODUCT_NAME = "$(TARGET_NAME)";
				SUPPORTED_PLATFORMS = "iphoneos iphonesimulator";
				SUPPORTS_MACCATALYST = NO;
				SUPPORTS_MAC_DESIGNED_FOR_IPHONE_IPAD = NO;
				SUPPORTS_XR_DESIGNED_FOR_IPHONE_IPAD = NO;
				SWIFT_ACTIVE_COMPILATION_CONDITIONS = DEV;
				SWIFT_EMIT_LOC_STRINGS = YES;
				SWIFT_VERSION = 5.0;
				TARGETED_DEVICE_FAMILY = 1;
			};
			name = Dev;
		};
		58CC1AF92BEA25270004FEAE /* Dev */ = {
			isa = XCBuildConfiguration;
			buildSettings = {
				ALWAYS_EMBED_SWIFT_STANDARD_LIBRARIES = YES;
				BUNDLE_LOADER = "$(TEST_HOST)";
				CLANG_ENABLE_MODULES = YES;
				CODE_SIGN_STYLE = Automatic;
				CURRENT_PROJECT_VERSION = 1;
				DEVELOPMENT_TEAM = E98D6ZNGDP;
				ENABLE_TESTABILITY = YES;
				GENERATE_INFOPLIST_FILE = YES;
				IPHONEOS_DEPLOYMENT_TARGET = 17.0;
				MARKETING_VERSION = 1.0;
				PRODUCT_BUNDLE_IDENTIFIER = woojin.GILTests;
				PRODUCT_NAME = "$(TARGET_NAME)";
				SUPPORTED_PLATFORMS = "iphoneos iphonesimulator";
				SUPPORTS_MACCATALYST = NO;
				SUPPORTS_MAC_DESIGNED_FOR_IPHONE_IPAD = NO;
				SUPPORTS_XR_DESIGNED_FOR_IPHONE_IPAD = NO;
				SWIFT_EMIT_LOC_STRINGS = NO;
				SWIFT_VERSION = 5.0;
				TARGETED_DEVICE_FAMILY = 1;
				TEST_HOST = "$(BUILT_PRODUCTS_DIR)/GIL.app/$(BUNDLE_EXECUTABLE_FOLDER_PATH)/GIL";
			};
			name = Dev;
		};
		58CC1AFA2BEA25270004FEAE /* Dev */ = {
			isa = XCBuildConfiguration;
			buildSettings = {
				ALWAYS_EMBED_SWIFT_STANDARD_LIBRARIES = YES;
				CODE_SIGN_STYLE = Automatic;
				CURRENT_PROJECT_VERSION = 1;
				DEVELOPMENT_TEAM = E98D6ZNGDP;
				GENERATE_INFOPLIST_FILE = YES;
				IPHONEOS_DEPLOYMENT_TARGET = 17.0;
				MARKETING_VERSION = 1.0;
				PRODUCT_BUNDLE_IDENTIFIER = woojin.GILUITests;
				PRODUCT_NAME = "$(TARGET_NAME)";
				SUPPORTED_PLATFORMS = "iphoneos iphonesimulator";
				SUPPORTS_MACCATALYST = NO;
				SUPPORTS_MAC_DESIGNED_FOR_IPHONE_IPAD = NO;
				SUPPORTS_XR_DESIGNED_FOR_IPHONE_IPAD = NO;
				SWIFT_EMIT_LOC_STRINGS = NO;
				SWIFT_VERSION = 5.0;
				TARGETED_DEVICE_FAMILY = 1;
				TEST_TARGET_NAME = GIL;
			};
			name = Dev;
		};
		58CC1AFB2BEA2D560004FEAE /* QA */ = {
			isa = XCBuildConfiguration;
			buildSettings = {
				ALWAYS_SEARCH_USER_PATHS = NO;
				ASSETCATALOG_COMPILER_GENERATE_SWIFT_ASSET_SYMBOL_EXTENSIONS = YES;
				CLANG_ANALYZER_LOCALIZABILITY_NONLOCALIZED = YES;
				CLANG_ANALYZER_NONNULL = YES;
				CLANG_ANALYZER_NUMBER_OBJECT_CONVERSION = YES_AGGRESSIVE;
				CLANG_CXX_LANGUAGE_STANDARD = "gnu++20";
				CLANG_ENABLE_MODULES = YES;
				CLANG_ENABLE_OBJC_ARC = YES;
				CLANG_ENABLE_OBJC_WEAK = YES;
				CLANG_WARN_BLOCK_CAPTURE_AUTORELEASING = YES;
				CLANG_WARN_BOOL_CONVERSION = YES;
				CLANG_WARN_COMMA = YES;
				CLANG_WARN_CONSTANT_CONVERSION = YES;
				CLANG_WARN_DEPRECATED_OBJC_IMPLEMENTATIONS = YES;
				CLANG_WARN_DIRECT_OBJC_ISA_USAGE = YES_ERROR;
				CLANG_WARN_DOCUMENTATION_COMMENTS = YES;
				CLANG_WARN_EMPTY_BODY = YES;
				CLANG_WARN_ENUM_CONVERSION = YES;
				CLANG_WARN_INFINITE_RECURSION = YES;
				CLANG_WARN_INT_CONVERSION = YES;
				CLANG_WARN_NON_LITERAL_NULL_CONVERSION = YES;
				CLANG_WARN_OBJC_IMPLICIT_RETAIN_SELF = YES;
				CLANG_WARN_OBJC_LITERAL_CONVERSION = YES;
				CLANG_WARN_OBJC_ROOT_CLASS = YES_ERROR;
				CLANG_WARN_QUOTED_INCLUDE_IN_FRAMEWORK_HEADER = YES;
				CLANG_WARN_RANGE_LOOP_ANALYSIS = YES;
				CLANG_WARN_STRICT_PROTOTYPES = YES;
				CLANG_WARN_SUSPICIOUS_MOVE = YES;
				CLANG_WARN_UNGUARDED_AVAILABILITY = YES_AGGRESSIVE;
				CLANG_WARN_UNREACHABLE_CODE = YES;
				CLANG_WARN__DUPLICATE_METHOD_MATCH = YES;
				COPY_PHASE_STRIP = NO;
				DEBUG_INFORMATION_FORMAT = "dwarf-with-dsym";
				ENABLE_NS_ASSERTIONS = NO;
				ENABLE_STRICT_OBJC_MSGSEND = YES;
				ENABLE_TESTABILITY = YES;
				ENABLE_USER_SCRIPT_SANDBOXING = YES;
				GCC_C_LANGUAGE_STANDARD = gnu17;
				GCC_NO_COMMON_BLOCKS = YES;
				GCC_WARN_64_TO_32_BIT_CONVERSION = YES;
				GCC_WARN_ABOUT_RETURN_TYPE = YES_ERROR;
				GCC_WARN_UNDECLARED_SELECTOR = YES;
				GCC_WARN_UNINITIALIZED_AUTOS = YES_AGGRESSIVE;
				GCC_WARN_UNUSED_FUNCTION = YES;
				GCC_WARN_UNUSED_VARIABLE = YES;
				IPHONEOS_DEPLOYMENT_TARGET = 17.0;
				LOCALIZATION_PREFERS_STRING_CATALOGS = YES;
				MTL_ENABLE_DEBUG_INFO = NO;
				MTL_FAST_MATH = YES;
				OTHER_SWIFT_FLAGS = "-D QA";
				SDKROOT = iphoneos;
				SWIFT_ACTIVE_COMPILATION_CONDITIONS = QA;
				SWIFT_COMPILATION_MODE = wholemodule;
				VALIDATE_PRODUCT = YES;
			};
			name = QA;
		};
		58CC1AFC2BEA2D560004FEAE /* QA */ = {
			isa = XCBuildConfiguration;
			buildSettings = {
				ASSETCATALOG_COMPILER_APPICON_NAME = AppIconQA;
				ASSETCATALOG_COMPILER_GLOBAL_ACCENT_COLOR_NAME = AccentColor;
				ASSETCATALOG_COMPILER_INCLUDE_ALL_APPICON_ASSETS = NO;
				CODE_SIGN_ENTITLEMENTS = GIL/Resources/GIL.entitlements;
				CODE_SIGN_STYLE = Automatic;
				CURRENT_PROJECT_VERSION = 1;
				DEBUG_INFORMATION_FORMAT = "dwarf-with-dsym";
				DEVELOPMENT_TEAM = E98D6ZNGDP;
				ENABLE_TESTABILITY = YES;
				GENERATE_INFOPLIST_FILE = YES;
				INFOPLIST_FILE = GIL/Resources/Info.plist;
				INFOPLIST_KEY_CFBundleDisplayName = "GIL-QA";
				INFOPLIST_KEY_UIApplicationSupportsIndirectInputEvents = YES;
				INFOPLIST_KEY_UILaunchStoryboardName = LaunchScreen;
				INFOPLIST_KEY_UISupportedInterfaceOrientations = UIInterfaceOrientationPortrait;
				INFOPLIST_KEY_UISupportedInterfaceOrientations_iPad = "UIInterfaceOrientationLandscapeLeft UIInterfaceOrientationLandscapeRight UIInterfaceOrientationPortrait UIInterfaceOrientationPortraitUpsideDown";
				IPHONEOS_DEPLOYMENT_TARGET = 17.0;
				LD_RUNPATH_SEARCH_PATHS = (
					"$(inherited)",
					"@executable_path/Frameworks",
				);
				MARKETING_VERSION = 1.0;
				OTHER_SWIFT_FLAGS = "-D QA";
				PRODUCT_BUNDLE_IDENTIFIER = woojin.GIL;
				PRODUCT_NAME = "$(TARGET_NAME)";
				SUPPORTED_PLATFORMS = "iphoneos iphonesimulator";
				SUPPORTS_MACCATALYST = NO;
				SUPPORTS_MAC_DESIGNED_FOR_IPHONE_IPAD = NO;
				SUPPORTS_XR_DESIGNED_FOR_IPHONE_IPAD = NO;
				SWIFT_EMIT_LOC_STRINGS = YES;
				SWIFT_VERSION = 5.0;
				TARGETED_DEVICE_FAMILY = 1;
			};
			name = QA;
		};
		58CC1AFD2BEA2D560004FEAE /* QA */ = {
			isa = XCBuildConfiguration;
			buildSettings = {
				ALWAYS_EMBED_SWIFT_STANDARD_LIBRARIES = YES;
				BUNDLE_LOADER = "$(TEST_HOST)";
				CLANG_ENABLE_MODULES = YES;
				CODE_SIGN_STYLE = Automatic;
				CURRENT_PROJECT_VERSION = 1;
				DEVELOPMENT_TEAM = E98D6ZNGDP;
				ENABLE_TESTABILITY = YES;
				GENERATE_INFOPLIST_FILE = YES;
				IPHONEOS_DEPLOYMENT_TARGET = 17.0;
				MARKETING_VERSION = 1.0;
				PRODUCT_BUNDLE_IDENTIFIER = woojin.GILTests;
				PRODUCT_NAME = "$(TARGET_NAME)";
				SUPPORTED_PLATFORMS = "iphoneos iphonesimulator";
				SUPPORTS_MACCATALYST = NO;
				SUPPORTS_MAC_DESIGNED_FOR_IPHONE_IPAD = NO;
				SUPPORTS_XR_DESIGNED_FOR_IPHONE_IPAD = NO;
				SWIFT_EMIT_LOC_STRINGS = NO;
				SWIFT_VERSION = 5.0;
				TARGETED_DEVICE_FAMILY = 1;
				TEST_HOST = "$(BUILT_PRODUCTS_DIR)/GIL.app/$(BUNDLE_EXECUTABLE_FOLDER_PATH)/GIL";
			};
			name = QA;
		};
		58CC1AFE2BEA2D560004FEAE /* QA */ = {
			isa = XCBuildConfiguration;
			buildSettings = {
				ALWAYS_EMBED_SWIFT_STANDARD_LIBRARIES = YES;
				CODE_SIGN_STYLE = Automatic;
				CURRENT_PROJECT_VERSION = 1;
				DEVELOPMENT_TEAM = E98D6ZNGDP;
				GENERATE_INFOPLIST_FILE = YES;
				IPHONEOS_DEPLOYMENT_TARGET = 17.0;
				MARKETING_VERSION = 1.0;
				PRODUCT_BUNDLE_IDENTIFIER = woojin.GILUITests;
				PRODUCT_NAME = "$(TARGET_NAME)";
				SUPPORTED_PLATFORMS = "iphoneos iphonesimulator";
				SUPPORTS_MACCATALYST = NO;
				SUPPORTS_MAC_DESIGNED_FOR_IPHONE_IPAD = NO;
				SUPPORTS_XR_DESIGNED_FOR_IPHONE_IPAD = NO;
				SWIFT_EMIT_LOC_STRINGS = NO;
				SWIFT_VERSION = 5.0;
				TARGETED_DEVICE_FAMILY = 1;
				TEST_TARGET_NAME = GIL;
			};
			name = QA;
		};
/* End XCBuildConfiguration section */

/* Begin XCConfigurationList section */
		584FA3DE2BA41483002600F1 /* Build configuration list for PBXProject "GIL" */ = {
			isa = XCConfigurationList;
			buildConfigurations = (
				584FA40C2BA41485002600F1 /* Release */,
				58CC1AF72BEA25270004FEAE /* Dev */,
				58CC1AFB2BEA2D560004FEAE /* QA */,
			);
			defaultConfigurationIsVisible = 0;
			defaultConfigurationName = Release;
		};
		584FA40D2BA41485002600F1 /* Build configuration list for PBXNativeTarget "GIL" */ = {
			isa = XCConfigurationList;
			buildConfigurations = (
				584FA40F2BA41485002600F1 /* Release */,
				58CC1AF82BEA25270004FEAE /* Dev */,
				58CC1AFC2BEA2D560004FEAE /* QA */,
			);
			defaultConfigurationIsVisible = 0;
			defaultConfigurationName = Release;
		};
		584FA4102BA41485002600F1 /* Build configuration list for PBXNativeTarget "GILTests" */ = {
			isa = XCConfigurationList;
			buildConfigurations = (
				584FA4122BA41485002600F1 /* Release */,
				58CC1AF92BEA25270004FEAE /* Dev */,
				58CC1AFD2BEA2D560004FEAE /* QA */,
			);
			defaultConfigurationIsVisible = 0;
			defaultConfigurationName = Release;
		};
		584FA4132BA41485002600F1 /* Build configuration list for PBXNativeTarget "GILUITests" */ = {
			isa = XCConfigurationList;
			buildConfigurations = (
				584FA4152BA41485002600F1 /* Release */,
				58CC1AFA2BEA25270004FEAE /* Dev */,
				58CC1AFE2BEA2D560004FEAE /* QA */,
			);
			defaultConfigurationIsVisible = 0;
			defaultConfigurationName = Release;
		};
/* End XCConfigurationList section */

/* Begin XCRemoteSwiftPackageReference section */
		584FA4352BAD5607002600F1 /* XCRemoteSwiftPackageReference "firebase-ios-sdk" */ = {
			isa = XCRemoteSwiftPackageReference;
			repositoryURL = "https://github.com/firebase/firebase-ios-sdk.git";
			requirement = {
				kind = upToNextMajorVersion;
				minimumVersion = 10.23.0;
			};
		};
		5858892D2C046AF000F3F642 /* XCRemoteSwiftPackageReference "swift-snapshot-testing" */ = {
			isa = XCRemoteSwiftPackageReference;
			repositoryURL = "https://github.com/pointfreeco/swift-snapshot-testing";
			requirement = {
				kind = upToNextMajorVersion;
				minimumVersion = 1.16.0;
			};
		};
/* End XCRemoteSwiftPackageReference section */

/* Begin XCSwiftPackageProductDependency section */
		584FA4362BAD5607002600F1 /* FirebaseAnalytics */ = {
			isa = XCSwiftPackageProductDependency;
			package = 584FA4352BAD5607002600F1 /* XCRemoteSwiftPackageReference "firebase-ios-sdk" */;
			productName = FirebaseAnalytics;
		};
		584FA4382BAD5607002600F1 /* FirebaseAnalyticsOnDeviceConversion */ = {
			isa = XCSwiftPackageProductDependency;
			package = 584FA4352BAD5607002600F1 /* XCRemoteSwiftPackageReference "firebase-ios-sdk" */;
			productName = FirebaseAnalyticsOnDeviceConversion;
		};
		584FA43A2BAD5607002600F1 /* FirebaseAnalyticsSwift */ = {
			isa = XCSwiftPackageProductDependency;
			package = 584FA4352BAD5607002600F1 /* XCRemoteSwiftPackageReference "firebase-ios-sdk" */;
			productName = FirebaseAnalyticsSwift;
		};
		584FA43C2BAD5607002600F1 /* FirebaseAnalyticsWithoutAdIdSupport */ = {
			isa = XCSwiftPackageProductDependency;
			package = 584FA4352BAD5607002600F1 /* XCRemoteSwiftPackageReference "firebase-ios-sdk" */;
			productName = FirebaseAnalyticsWithoutAdIdSupport;
		};
		584FA43E2BAD5607002600F1 /* FirebaseCrashlytics */ = {
			isa = XCSwiftPackageProductDependency;
			package = 584FA4352BAD5607002600F1 /* XCRemoteSwiftPackageReference "firebase-ios-sdk" */;
			productName = FirebaseCrashlytics;
		};
		5858892E2C046AF000F3F642 /* InlineSnapshotTesting */ = {
			isa = XCSwiftPackageProductDependency;
			package = 5858892D2C046AF000F3F642 /* XCRemoteSwiftPackageReference "swift-snapshot-testing" */;
			productName = InlineSnapshotTesting;
		};
		585889302C046AF000F3F642 /* SnapshotTesting */ = {
			isa = XCSwiftPackageProductDependency;
			package = 5858892D2C046AF000F3F642 /* XCRemoteSwiftPackageReference "swift-snapshot-testing" */;
			productName = SnapshotTesting;
		};
		58BDFBD42BBE889D006AC994 /* FirebaseAuth */ = {
			isa = XCSwiftPackageProductDependency;
			package = 584FA4352BAD5607002600F1 /* XCRemoteSwiftPackageReference "firebase-ios-sdk" */;
			productName = FirebaseAuth;
		};
/* End XCSwiftPackageProductDependency section */
	};
	rootObject = 584FA3DB2BA41483002600F1 /* Project object */;
}
