// !$*UTF8*$!
{
	archiveVersion = 1;
	classes = {
	};
	objectVersion = 56;
	objects = {

/* Begin PBXBuildFile section */
		5806472A2BCD147A00FB7310 /* UIImage+Extension.swift in Sources */ = {isa = PBXBuildFile; fileRef = 580647292BCD147A00FB7310 /* UIImage+Extension.swift */; };
		5810DE202BE1F78400180BFB /* MappinImageView.swift in Sources */ = {isa = PBXBuildFile; fileRef = 5810DE1F2BE1F78400180BFB /* MappinImageView.swift */; };
		5810DE232BE1FD3900180BFB /* HomeViewController+CollectionViewSetup.swift in Sources */ = {isa = PBXBuildFile; fileRef = 5810DE222BE1FD3900180BFB /* HomeViewController+CollectionViewSetup.swift */; };
		5810DE252BE1FE1300180BFB /* HomeViewController+DataSourceConfiguration.swift in Sources */ = {isa = PBXBuildFile; fileRef = 5810DE242BE1FE1300180BFB /* HomeViewController+DataSourceConfiguration.swift */; };
		5810DE272BE1FF3A00180BFB /* HomeViewController+UIUpdates.swift in Sources */ = {isa = PBXBuildFile; fileRef = 5810DE262BE1FF3A00180BFB /* HomeViewController+UIUpdates.swift */; };
		5810DE2B2BE2001600180BFB /* PlaceSearchViewController+CollectionViewSetup.swift in Sources */ = {isa = PBXBuildFile; fileRef = 5810DE2A2BE2001600180BFB /* PlaceSearchViewController+CollectionViewSetup.swift */; };
		5810DE2D2BE2006600180BFB /* PlaceSearchViewController+DataSourceConfiguration.swift in Sources */ = {isa = PBXBuildFile; fileRef = 5810DE2C2BE2006600180BFB /* PlaceSearchViewController+DataSourceConfiguration.swift */; };
		5810DE2F2BE200AC00180BFB /* PlaceSearchViewController+BindigSetup.swift in Sources */ = {isa = PBXBuildFile; fileRef = 5810DE2E2BE200AC00180BFB /* PlaceSearchViewController+BindigSetup.swift */; };
		5810DE312BE200F600180BFB /* PlaceSearchViewController+UIUpdates.swift in Sources */ = {isa = PBXBuildFile; fileRef = 5810DE302BE200F600180BFB /* PlaceSearchViewController+UIUpdates.swift */; };
		5810DE332BE2013D00180BFB /* PlaceSearchViewController+Actions.swift in Sources */ = {isa = PBXBuildFile; fileRef = 5810DE322BE2013D00180BFB /* PlaceSearchViewController+Actions.swift */; };
		5810DE352BE2070800180BFB /* StringExtensionTests.swift in Sources */ = {isa = PBXBuildFile; fileRef = 5810DE342BE2070800180BFB /* StringExtensionTests.swift */; };
		5810DE382BE20C7100180BFB /* AuthExtensionTests.swift in Sources */ = {isa = PBXBuildFile; fileRef = 5810DE372BE20C7100180BFB /* AuthExtensionTests.swift */; };
		5810DE3A2BE215FF00180BFB /* LocationServiceTests.swift in Sources */ = {isa = PBXBuildFile; fileRef = 5810DE392BE215FF00180BFB /* LocationServiceTests.swift */; };
		5810DE3C2BE2199400180BFB /* PlaceSearchServiceTests.swift in Sources */ = {isa = PBXBuildFile; fileRef = 5810DE3B2BE2199400180BFB /* PlaceSearchServiceTests.swift */; };
		5810DE422BE29BAD00180BFB /* MockLocationService.swift in Sources */ = {isa = PBXBuildFile; fileRef = 5810DE412BE29BAD00180BFB /* MockLocationService.swift */; };
		58368EFA2BD51957009E008C /* BasicLabel.swift in Sources */ = {isa = PBXBuildFile; fileRef = 58368EF92BD51957009E008C /* BasicLabel.swift */; };
		58368EFC2BD536B8009E008C /* AlertService.swift in Sources */ = {isa = PBXBuildFile; fileRef = 58368EFB2BD536B8009E008C /* AlertService.swift */; };
		58368EFE2BD75E9C009E008C /* FirebaseAuth+Extension.swift in Sources */ = {isa = PBXBuildFile; fileRef = 58368EFD2BD75E9C009E008C /* FirebaseAuth+Extension.swift */; };
		58368F012BD7617D009E008C /* FirebaseAuthError.swift in Sources */ = {isa = PBXBuildFile; fileRef = 58368F002BD7617D009E008C /* FirebaseAuthError.swift */; };
		58368F032BD80472009E008C /* HomeInteractor.swift in Sources */ = {isa = PBXBuildFile; fileRef = 58368F022BD80472009E008C /* HomeInteractor.swift */; };
		58368F052BD8047E009E008C /* HomePresenter.swift in Sources */ = {isa = PBXBuildFile; fileRef = 58368F042BD8047E009E008C /* HomePresenter.swift */; };
		58368F0B2BD81C6C009E008C /* UIViewController+NavigationBarHideable.swift in Sources */ = {isa = PBXBuildFile; fileRef = 58368F0A2BD81C6C009E008C /* UIViewController+NavigationBarHideable.swift */; };
		58368F0D2BD828C6009E008C /* HomeSearchCollectionViewCell.swift in Sources */ = {isa = PBXBuildFile; fileRef = 58368F0C2BD828C6009E008C /* HomeSearchCollectionViewCell.swift */; };
		58368F102BD83490009E008C /* BaseViewController.swift in Sources */ = {isa = PBXBuildFile; fileRef = 58368F0F2BD83490009E008C /* BaseViewController.swift */; };
		58368F122BD8B7D5009E008C /* HomeSearchBarView.swift in Sources */ = {isa = PBXBuildFile; fileRef = 58368F112BD8B7D5009E008C /* HomeSearchBarView.swift */; };
		58368F162BDE41FC009E008C /* PlaceSearchViewController.swift in Sources */ = {isa = PBXBuildFile; fileRef = 58368F152BDE41FC009E008C /* PlaceSearchViewController.swift */; };
		58368F182BDE4243009E008C /* PlaceSearchViewModel.swift in Sources */ = {isa = PBXBuildFile; fileRef = 58368F172BDE4243009E008C /* PlaceSearchViewModel.swift */; };
		58368F1A2BDE424A009E008C /* PlaceSearchView.swift in Sources */ = {isa = PBXBuildFile; fileRef = 58368F192BDE424A009E008C /* PlaceSearchView.swift */; };
		58368F1D2BDE4AD2009E008C /* PlaceSearchNavigationBar.swift in Sources */ = {isa = PBXBuildFile; fileRef = 58368F1C2BDE4AD2009E008C /* PlaceSearchNavigationBar.swift */; };
		584FA3E72BA41484002600F1 /* AppDelegate.swift in Sources */ = {isa = PBXBuildFile; fileRef = 584FA3E62BA41484002600F1 /* AppDelegate.swift */; };
		584FA3E92BA41484002600F1 /* SceneDelegate.swift in Sources */ = {isa = PBXBuildFile; fileRef = 584FA3E82BA41484002600F1 /* SceneDelegate.swift */; };
		584FA3F02BA41485002600F1 /* Assets.xcassets in Resources */ = {isa = PBXBuildFile; fileRef = 584FA3EF2BA41485002600F1 /* Assets.xcassets */; };
		584FA3F32BA41485002600F1 /* LaunchScreen.storyboard in Resources */ = {isa = PBXBuildFile; fileRef = 584FA3F12BA41485002600F1 /* LaunchScreen.storyboard */; };
		584FA3FE2BA41485002600F1 /* GILTests.swift in Sources */ = {isa = PBXBuildFile; fileRef = 584FA3FD2BA41485002600F1 /* GILTests.swift */; };
		584FA4082BA41485002600F1 /* GILUITests.swift in Sources */ = {isa = PBXBuildFile; fileRef = 584FA4072BA41485002600F1 /* GILUITests.swift */; };
		584FA40A2BA41485002600F1 /* GILUITestsLaunchTests.swift in Sources */ = {isa = PBXBuildFile; fileRef = 584FA4092BA41485002600F1 /* GILUITestsLaunchTests.swift */; };
		584FA41B2BA7F606002600F1 /* LoginViewController.swift in Sources */ = {isa = PBXBuildFile; fileRef = 584FA41A2BA7F606002600F1 /* LoginViewController.swift */; };
		584FA41E2BA82886002600F1 /* BasicTextField.swift in Sources */ = {isa = PBXBuildFile; fileRef = 584FA41D2BA82886002600F1 /* BasicTextField.swift */; };
		584FA4222BA84254002600F1 /* BasicButton.swift in Sources */ = {isa = PBXBuildFile; fileRef = 584FA4212BA84254002600F1 /* BasicButton.swift */; };
		584FA4282BA84D00002600F1 /* UIColor+Extension.swift in Sources */ = {isa = PBXBuildFile; fileRef = 584FA4272BA84D00002600F1 /* UIColor+Extension.swift */; };
		584FA4302BABC0EE002600F1 /* LoginView.swift in Sources */ = {isa = PBXBuildFile; fileRef = 584FA42F2BABC0EE002600F1 /* LoginView.swift */; };
		584FA4372BAD5607002600F1 /* FirebaseAnalytics in Frameworks */ = {isa = PBXBuildFile; productRef = 584FA4362BAD5607002600F1 /* FirebaseAnalytics */; };
		584FA4392BAD5607002600F1 /* FirebaseAnalyticsOnDeviceConversion in Frameworks */ = {isa = PBXBuildFile; productRef = 584FA4382BAD5607002600F1 /* FirebaseAnalyticsOnDeviceConversion */; };
		584FA43B2BAD5607002600F1 /* FirebaseAnalyticsSwift in Frameworks */ = {isa = PBXBuildFile; productRef = 584FA43A2BAD5607002600F1 /* FirebaseAnalyticsSwift */; };
		584FA43D2BAD5607002600F1 /* FirebaseAnalyticsWithoutAdIdSupport in Frameworks */ = {isa = PBXBuildFile; productRef = 584FA43C2BAD5607002600F1 /* FirebaseAnalyticsWithoutAdIdSupport */; };
		584FA43F2BAD5607002600F1 /* FirebaseCrashlytics in Frameworks */ = {isa = PBXBuildFile; productRef = 584FA43E2BAD5607002600F1 /* FirebaseCrashlytics */; };
		584FA4452BAD6068002600F1 /* GoogleService-Info.plist in Resources */ = {isa = PBXBuildFile; fileRef = 584FA4442BAD6068002600F1 /* GoogleService-Info.plist */; };
		584FA44A2BB15D51002600F1 /* LoginViewModel.swift in Sources */ = {isa = PBXBuildFile; fileRef = 584FA4492BB15D51002600F1 /* LoginViewModel.swift */; };
		586F030C2BE0C4A2008660A0 /* LanguageCode.swift in Sources */ = {isa = PBXBuildFile; fileRef = 586F030B2BE0C4A1008660A0 /* LanguageCode.swift */; };
		586F030F2BE0D050008660A0 /* PlaceData.swift in Sources */ = {isa = PBXBuildFile; fileRef = 586F030E2BE0D050008660A0 /* PlaceData.swift */; };
		586F03122BE0FC55008660A0 /* PlaceSearchViewController+LocationService.swift in Sources */ = {isa = PBXBuildFile; fileRef = 586F03112BE0FC55008660A0 /* PlaceSearchViewController+LocationService.swift */; };
		586F03142BE0FCB5008660A0 /* PlaceSearchViewController+SearchBar.swift in Sources */ = {isa = PBXBuildFile; fileRef = 586F03132BE0FCB5008660A0 /* PlaceSearchViewController+SearchBar.swift */; };
		586F03162BE0FD9A008660A0 /* PlaceSearchViewController+UICollectionView.swift in Sources */ = {isa = PBXBuildFile; fileRef = 586F03152BE0FD9A008660A0 /* PlaceSearchViewController+UICollectionView.swift */; };
		586F03182BE13696008660A0 /* HomeRecentSearchPlaceCollectionViewCell.swift in Sources */ = {isa = PBXBuildFile; fileRef = 586F03172BE13696008660A0 /* HomeRecentSearchPlaceCollectionViewCell.swift */; };
		58A6808E2BDE7C02004E6706 /* LocationService.swift in Sources */ = {isa = PBXBuildFile; fileRef = 58A6808D2BDE7C02004E6706 /* LocationService.swift */; };
		58BAC8972BC52F8500CDEB1F /* UILabel+Extension.swift in Sources */ = {isa = PBXBuildFile; fileRef = 58BAC8962BC52F8500CDEB1F /* UILabel+Extension.swift */; };
		58BAC8992BC5399D00CDEB1F /* UITextField+Extension.swift in Sources */ = {isa = PBXBuildFile; fileRef = 58BAC8982BC5399D00CDEB1F /* UITextField+Extension.swift */; };
		58BAC89B2BC53A4D00CDEB1F /* UIButton+Extension.swift in Sources */ = {isa = PBXBuildFile; fileRef = 58BAC89A2BC53A4D00CDEB1F /* UIButton+Extension.swift */; };
		58BAC8AD2BC7C79200CDEB1F /* Localizable.xcstrings in Resources */ = {isa = PBXBuildFile; fileRef = 58BAC8AC2BC7C79200CDEB1F /* Localizable.xcstrings */; };
		58BAC8B02BCCF59800CDEB1F /* NavigationActionButton.swift in Sources */ = {isa = PBXBuildFile; fileRef = 58BAC8AF2BCCF59800CDEB1F /* NavigationActionButton.swift */; };
		58BDFBA22BB2B8F5006AC994 /* SignUpViewController.swift in Sources */ = {isa = PBXBuildFile; fileRef = 58BDFBA12BB2B8F5006AC994 /* SignUpViewController.swift */; };
		58BDFBA42BB2E536006AC994 /* SignUpView.swift in Sources */ = {isa = PBXBuildFile; fileRef = 58BDFBA32BB2E536006AC994 /* SignUpView.swift */; };
		58BDFBC22BB6A748006AC994 /* OSLog+Extension.swift in Sources */ = {isa = PBXBuildFile; fileRef = 58BDFBC12BB6A748006AC994 /* OSLog+Extension.swift */; };
		58BDFBC52BB6AFFB006AC994 /* OSLog.framework in Frameworks */ = {isa = PBXBuildFile; fileRef = 58BDFBC42BB6AFFB006AC994 /* OSLog.framework */; settings = {ATTRIBUTES = (Weak, ); }; };
		58BDFBCA2BBA9B27006AC994 /* SignUpViewModel.swift in Sources */ = {isa = PBXBuildFile; fileRef = 58BDFBC92BBA9B27006AC994 /* SignUpViewModel.swift */; };
		58BDFBCC2BBAA78F006AC994 /* String+Extension.swift in Sources */ = {isa = PBXBuildFile; fileRef = 58BDFBCB2BBAA78F006AC994 /* String+Extension.swift */; };
		58BDFBD12BBE5B53006AC994 /* HomeViewController.swift in Sources */ = {isa = PBXBuildFile; fileRef = 58BDFBD02BBE5B53006AC994 /* HomeViewController.swift */; };
		58BDFBD52BBE889D006AC994 /* FirebaseAuth in Frameworks */ = {isa = PBXBuildFile; productRef = 58BDFBD42BBE889D006AC994 /* FirebaseAuth */; };
		58BDFBDC2BBEA5D0006AC994 /* HomeView.swift in Sources */ = {isa = PBXBuildFile; fileRef = 58BDFBDB2BBEA5D0006AC994 /* HomeView.swift */; };
		58DE93062BDF79C600C97575 /* PlacesSearchService.swift in Sources */ = {isa = PBXBuildFile; fileRef = 58DE93052BDF79C600C97575 /* PlacesSearchService.swift */; };
		58DE93092BDF850B00C97575 /* PlaceSearchCollectionViewCell.swift in Sources */ = {isa = PBXBuildFile; fileRef = 58DE93082BDF850B00C97575 /* PlaceSearchCollectionViewCell.swift */; };
		58DE930D2BDF94B600C97575 /* PlaceModel.swift in Sources */ = {isa = PBXBuildFile; fileRef = 58DE930C2BDF94B600C97575 /* PlaceModel.swift */; };
		58DE930F2BDFA23200C97575 /* UIView+Extension.swift in Sources */ = {isa = PBXBuildFile; fileRef = 58DE930E2BDFA23200C97575 /* UIView+Extension.swift */; };
/* End PBXBuildFile section */

/* Begin PBXContainerItemProxy section */
		584FA3FA2BA41485002600F1 /* PBXContainerItemProxy */ = {
			isa = PBXContainerItemProxy;
			containerPortal = 584FA3DB2BA41483002600F1 /* Project object */;
			proxyType = 1;
			remoteGlobalIDString = 584FA3E22BA41484002600F1;
			remoteInfo = GIL;
		};
		584FA4042BA41485002600F1 /* PBXContainerItemProxy */ = {
			isa = PBXContainerItemProxy;
			containerPortal = 584FA3DB2BA41483002600F1 /* Project object */;
			proxyType = 1;
			remoteGlobalIDString = 584FA3E22BA41484002600F1;
			remoteInfo = GIL;
		};
/* End PBXContainerItemProxy section */

/* Begin PBXFileReference section */
		580647292BCD147A00FB7310 /* UIImage+Extension.swift */ = {isa = PBXFileReference; lastKnownFileType = sourcecode.swift; path = "UIImage+Extension.swift"; sourceTree = "<group>"; };
		5810DE1F2BE1F78400180BFB /* MappinImageView.swift */ = {isa = PBXFileReference; lastKnownFileType = sourcecode.swift; path = MappinImageView.swift; sourceTree = "<group>"; };
		5810DE222BE1FD3900180BFB /* HomeViewController+CollectionViewSetup.swift */ = {isa = PBXFileReference; lastKnownFileType = sourcecode.swift; path = "HomeViewController+CollectionViewSetup.swift"; sourceTree = "<group>"; };
		5810DE242BE1FE1300180BFB /* HomeViewController+DataSourceConfiguration.swift */ = {isa = PBXFileReference; lastKnownFileType = sourcecode.swift; path = "HomeViewController+DataSourceConfiguration.swift"; sourceTree = "<group>"; };
		5810DE262BE1FF3A00180BFB /* HomeViewController+UIUpdates.swift */ = {isa = PBXFileReference; lastKnownFileType = sourcecode.swift; path = "HomeViewController+UIUpdates.swift"; sourceTree = "<group>"; };
		5810DE2A2BE2001600180BFB /* PlaceSearchViewController+CollectionViewSetup.swift */ = {isa = PBXFileReference; lastKnownFileType = sourcecode.swift; path = "PlaceSearchViewController+CollectionViewSetup.swift"; sourceTree = "<group>"; };
		5810DE2C2BE2006600180BFB /* PlaceSearchViewController+DataSourceConfiguration.swift */ = {isa = PBXFileReference; lastKnownFileType = sourcecode.swift; path = "PlaceSearchViewController+DataSourceConfiguration.swift"; sourceTree = "<group>"; };
		5810DE2E2BE200AC00180BFB /* PlaceSearchViewController+BindigSetup.swift */ = {isa = PBXFileReference; lastKnownFileType = sourcecode.swift; path = "PlaceSearchViewController+BindigSetup.swift"; sourceTree = "<group>"; };
		5810DE302BE200F600180BFB /* PlaceSearchViewController+UIUpdates.swift */ = {isa = PBXFileReference; lastKnownFileType = sourcecode.swift; path = "PlaceSearchViewController+UIUpdates.swift"; sourceTree = "<group>"; };
		5810DE322BE2013D00180BFB /* PlaceSearchViewController+Actions.swift */ = {isa = PBXFileReference; lastKnownFileType = sourcecode.swift; path = "PlaceSearchViewController+Actions.swift"; sourceTree = "<group>"; };
		5810DE342BE2070800180BFB /* StringExtensionTests.swift */ = {isa = PBXFileReference; lastKnownFileType = sourcecode.swift; path = StringExtensionTests.swift; sourceTree = "<group>"; };
		5810DE372BE20C7100180BFB /* AuthExtensionTests.swift */ = {isa = PBXFileReference; lastKnownFileType = sourcecode.swift; path = AuthExtensionTests.swift; sourceTree = "<group>"; };
		5810DE392BE215FF00180BFB /* LocationServiceTests.swift */ = {isa = PBXFileReference; lastKnownFileType = sourcecode.swift; path = LocationServiceTests.swift; sourceTree = "<group>"; };
		5810DE3B2BE2199400180BFB /* PlaceSearchServiceTests.swift */ = {isa = PBXFileReference; lastKnownFileType = sourcecode.swift; path = PlaceSearchServiceTests.swift; sourceTree = "<group>"; };
		5810DE412BE29BAD00180BFB /* MockLocationService.swift */ = {isa = PBXFileReference; lastKnownFileType = sourcecode.swift; path = MockLocationService.swift; sourceTree = "<group>"; };
		58368EF92BD51957009E008C /* BasicLabel.swift */ = {isa = PBXFileReference; lastKnownFileType = sourcecode.swift; path = BasicLabel.swift; sourceTree = "<group>"; };
		58368EFB2BD536B8009E008C /* AlertService.swift */ = {isa = PBXFileReference; lastKnownFileType = sourcecode.swift; path = AlertService.swift; sourceTree = "<group>"; };
		58368EFD2BD75E9C009E008C /* FirebaseAuth+Extension.swift */ = {isa = PBXFileReference; lastKnownFileType = sourcecode.swift; path = "FirebaseAuth+Extension.swift"; sourceTree = "<group>"; };
		58368F002BD7617D009E008C /* FirebaseAuthError.swift */ = {isa = PBXFileReference; lastKnownFileType = sourcecode.swift; path = FirebaseAuthError.swift; sourceTree = "<group>"; };
		58368F022BD80472009E008C /* HomeInteractor.swift */ = {isa = PBXFileReference; lastKnownFileType = sourcecode.swift; path = HomeInteractor.swift; sourceTree = "<group>"; };
		58368F042BD8047E009E008C /* HomePresenter.swift */ = {isa = PBXFileReference; lastKnownFileType = sourcecode.swift; path = HomePresenter.swift; sourceTree = "<group>"; };
		58368F0A2BD81C6C009E008C /* UIViewController+NavigationBarHideable.swift */ = {isa = PBXFileReference; lastKnownFileType = sourcecode.swift; path = "UIViewController+NavigationBarHideable.swift"; sourceTree = "<group>"; };
		58368F0C2BD828C6009E008C /* HomeSearchCollectionViewCell.swift */ = {isa = PBXFileReference; lastKnownFileType = sourcecode.swift; path = HomeSearchCollectionViewCell.swift; sourceTree = "<group>"; };
		58368F0F2BD83490009E008C /* BaseViewController.swift */ = {isa = PBXFileReference; lastKnownFileType = sourcecode.swift; path = BaseViewController.swift; sourceTree = "<group>"; };
		58368F112BD8B7D5009E008C /* HomeSearchBarView.swift */ = {isa = PBXFileReference; lastKnownFileType = sourcecode.swift; path = HomeSearchBarView.swift; sourceTree = "<group>"; };
		58368F152BDE41FC009E008C /* PlaceSearchViewController.swift */ = {isa = PBXFileReference; lastKnownFileType = sourcecode.swift; path = PlaceSearchViewController.swift; sourceTree = "<group>"; };
		58368F172BDE4243009E008C /* PlaceSearchViewModel.swift */ = {isa = PBXFileReference; lastKnownFileType = sourcecode.swift; path = PlaceSearchViewModel.swift; sourceTree = "<group>"; };
		58368F192BDE424A009E008C /* PlaceSearchView.swift */ = {isa = PBXFileReference; lastKnownFileType = sourcecode.swift; path = PlaceSearchView.swift; sourceTree = "<group>"; };
		58368F1C2BDE4AD2009E008C /* PlaceSearchNavigationBar.swift */ = {isa = PBXFileReference; lastKnownFileType = sourcecode.swift; path = PlaceSearchNavigationBar.swift; sourceTree = "<group>"; };
		584FA3E32BA41484002600F1 /* GIL.app */ = {isa = PBXFileReference; explicitFileType = wrapper.application; includeInIndex = 0; path = GIL.app; sourceTree = BUILT_PRODUCTS_DIR; };
		584FA3E62BA41484002600F1 /* AppDelegate.swift */ = {isa = PBXFileReference; lastKnownFileType = sourcecode.swift; path = AppDelegate.swift; sourceTree = "<group>"; };
		584FA3E82BA41484002600F1 /* SceneDelegate.swift */ = {isa = PBXFileReference; lastKnownFileType = sourcecode.swift; path = SceneDelegate.swift; sourceTree = "<group>"; };
		584FA3EF2BA41485002600F1 /* Assets.xcassets */ = {isa = PBXFileReference; lastKnownFileType = folder.assetcatalog; path = Assets.xcassets; sourceTree = "<group>"; };
		584FA3F42BA41485002600F1 /* Info.plist */ = {isa = PBXFileReference; lastKnownFileType = text.plist.xml; path = Info.plist; sourceTree = "<group>"; };
		584FA3F92BA41485002600F1 /* GILTests.xctest */ = {isa = PBXFileReference; explicitFileType = wrapper.cfbundle; includeInIndex = 0; path = GILTests.xctest; sourceTree = BUILT_PRODUCTS_DIR; };
		584FA3FD2BA41485002600F1 /* GILTests.swift */ = {isa = PBXFileReference; lastKnownFileType = sourcecode.swift; path = GILTests.swift; sourceTree = "<group>"; };
		584FA4032BA41485002600F1 /* GILUITests.xctest */ = {isa = PBXFileReference; explicitFileType = wrapper.cfbundle; includeInIndex = 0; path = GILUITests.xctest; sourceTree = BUILT_PRODUCTS_DIR; };
		584FA4072BA41485002600F1 /* GILUITests.swift */ = {isa = PBXFileReference; lastKnownFileType = sourcecode.swift; path = GILUITests.swift; sourceTree = "<group>"; };
		584FA4092BA41485002600F1 /* GILUITestsLaunchTests.swift */ = {isa = PBXFileReference; lastKnownFileType = sourcecode.swift; path = GILUITestsLaunchTests.swift; sourceTree = "<group>"; };
		584FA41A2BA7F606002600F1 /* LoginViewController.swift */ = {isa = PBXFileReference; lastKnownFileType = sourcecode.swift; path = LoginViewController.swift; sourceTree = "<group>"; };
		584FA41D2BA82886002600F1 /* BasicTextField.swift */ = {isa = PBXFileReference; lastKnownFileType = sourcecode.swift; path = BasicTextField.swift; sourceTree = "<group>"; };
		584FA4212BA84254002600F1 /* BasicButton.swift */ = {isa = PBXFileReference; lastKnownFileType = sourcecode.swift; path = BasicButton.swift; sourceTree = "<group>"; };
		584FA4272BA84D00002600F1 /* UIColor+Extension.swift */ = {isa = PBXFileReference; lastKnownFileType = sourcecode.swift; path = "UIColor+Extension.swift"; sourceTree = "<group>"; };
		584FA42F2BABC0EE002600F1 /* LoginView.swift */ = {isa = PBXFileReference; lastKnownFileType = sourcecode.swift; path = LoginView.swift; sourceTree = "<group>"; };
		584FA4442BAD6068002600F1 /* GoogleService-Info.plist */ = {isa = PBXFileReference; fileEncoding = 4; lastKnownFileType = text.plist.xml; path = "GoogleService-Info.plist"; sourceTree = "<group>"; };
		584FA4492BB15D51002600F1 /* LoginViewModel.swift */ = {isa = PBXFileReference; lastKnownFileType = sourcecode.swift; path = LoginViewModel.swift; sourceTree = "<group>"; };
		586F030B2BE0C4A1008660A0 /* LanguageCode.swift */ = {isa = PBXFileReference; lastKnownFileType = sourcecode.swift; path = LanguageCode.swift; sourceTree = "<group>"; };
		586F030E2BE0D050008660A0 /* PlaceData.swift */ = {isa = PBXFileReference; lastKnownFileType = sourcecode.swift; path = PlaceData.swift; sourceTree = "<group>"; };
		586F03112BE0FC55008660A0 /* PlaceSearchViewController+LocationService.swift */ = {isa = PBXFileReference; lastKnownFileType = sourcecode.swift; path = "PlaceSearchViewController+LocationService.swift"; sourceTree = "<group>"; };
		586F03132BE0FCB5008660A0 /* PlaceSearchViewController+SearchBar.swift */ = {isa = PBXFileReference; lastKnownFileType = sourcecode.swift; path = "PlaceSearchViewController+SearchBar.swift"; sourceTree = "<group>"; };
		586F03152BE0FD9A008660A0 /* PlaceSearchViewController+UICollectionView.swift */ = {isa = PBXFileReference; lastKnownFileType = sourcecode.swift; path = "PlaceSearchViewController+UICollectionView.swift"; sourceTree = "<group>"; };
		586F03172BE13696008660A0 /* HomeRecentSearchPlaceCollectionViewCell.swift */ = {isa = PBXFileReference; lastKnownFileType = sourcecode.swift; path = HomeRecentSearchPlaceCollectionViewCell.swift; sourceTree = "<group>"; };
		58A6808D2BDE7C02004E6706 /* LocationService.swift */ = {isa = PBXFileReference; lastKnownFileType = sourcecode.swift; path = LocationService.swift; sourceTree = "<group>"; };
		58BAC8962BC52F8500CDEB1F /* UILabel+Extension.swift */ = {isa = PBXFileReference; lastKnownFileType = sourcecode.swift; path = "UILabel+Extension.swift"; sourceTree = "<group>"; };
		58BAC8982BC5399D00CDEB1F /* UITextField+Extension.swift */ = {isa = PBXFileReference; lastKnownFileType = sourcecode.swift; path = "UITextField+Extension.swift"; sourceTree = "<group>"; };
		58BAC89A2BC53A4D00CDEB1F /* UIButton+Extension.swift */ = {isa = PBXFileReference; lastKnownFileType = sourcecode.swift; path = "UIButton+Extension.swift"; sourceTree = "<group>"; };
		58BAC8A52BC7B80B00CDEB1F /* ja */ = {isa = PBXFileReference; lastKnownFileType = file.storyboard; name = ja; path = ja.lproj/LaunchScreen.storyboard; sourceTree = "<group>"; };
		58BAC8A82BC7C3EA00CDEB1F /* en */ = {isa = PBXFileReference; lastKnownFileType = file.storyboard; name = en; path = en.lproj/LaunchScreen.storyboard; sourceTree = "<group>"; };
		58BAC8AC2BC7C79200CDEB1F /* Localizable.xcstrings */ = {isa = PBXFileReference; lastKnownFileType = text.json.xcstrings; path = Localizable.xcstrings; sourceTree = "<group>"; };
		58BAC8AE2BC7C79C00CDEB1F /* ko */ = {isa = PBXFileReference; lastKnownFileType = file.storyboard; name = ko; path = ko.lproj/LaunchScreen.storyboard; sourceTree = "<group>"; };
		58BAC8AF2BCCF59800CDEB1F /* NavigationActionButton.swift */ = {isa = PBXFileReference; lastKnownFileType = sourcecode.swift; path = NavigationActionButton.swift; sourceTree = "<group>"; };
		58BDFB9F2BB16F93006AC994 /* GIL.entitlements */ = {isa = PBXFileReference; lastKnownFileType = text.plist.entitlements; path = GIL.entitlements; sourceTree = "<group>"; };
		58BDFBA12BB2B8F5006AC994 /* SignUpViewController.swift */ = {isa = PBXFileReference; lastKnownFileType = sourcecode.swift; path = SignUpViewController.swift; sourceTree = "<group>"; };
		58BDFBA32BB2E536006AC994 /* SignUpView.swift */ = {isa = PBXFileReference; lastKnownFileType = sourcecode.swift; path = SignUpView.swift; sourceTree = "<group>"; };
		58BDFBC12BB6A748006AC994 /* OSLog+Extension.swift */ = {isa = PBXFileReference; lastKnownFileType = sourcecode.swift; path = "OSLog+Extension.swift"; sourceTree = "<group>"; };
		58BDFBC42BB6AFFB006AC994 /* OSLog.framework */ = {isa = PBXFileReference; lastKnownFileType = wrapper.framework; name = OSLog.framework; path = System/Library/Frameworks/OSLog.framework; sourceTree = SDKROOT; };
		58BDFBC92BBA9B27006AC994 /* SignUpViewModel.swift */ = {isa = PBXFileReference; lastKnownFileType = sourcecode.swift; path = SignUpViewModel.swift; sourceTree = "<group>"; };
		58BDFBCB2BBAA78F006AC994 /* String+Extension.swift */ = {isa = PBXFileReference; lastKnownFileType = sourcecode.swift; path = "String+Extension.swift"; sourceTree = "<group>"; };
		58BDFBD02BBE5B53006AC994 /* HomeViewController.swift */ = {isa = PBXFileReference; lastKnownFileType = sourcecode.swift; path = HomeViewController.swift; sourceTree = "<group>"; };
		58BDFBDB2BBEA5D0006AC994 /* HomeView.swift */ = {isa = PBXFileReference; lastKnownFileType = sourcecode.swift; path = HomeView.swift; sourceTree = "<group>"; };
		58DE93052BDF79C600C97575 /* PlacesSearchService.swift */ = {isa = PBXFileReference; lastKnownFileType = sourcecode.swift; path = PlacesSearchService.swift; sourceTree = "<group>"; };
		58DE93082BDF850B00C97575 /* PlaceSearchCollectionViewCell.swift */ = {isa = PBXFileReference; lastKnownFileType = sourcecode.swift; path = PlaceSearchCollectionViewCell.swift; sourceTree = "<group>"; };
		58DE930C2BDF94B600C97575 /* PlaceModel.swift */ = {isa = PBXFileReference; lastKnownFileType = sourcecode.swift; path = PlaceModel.swift; sourceTree = "<group>"; };
		58DE930E2BDFA23200C97575 /* UIView+Extension.swift */ = {isa = PBXFileReference; lastKnownFileType = sourcecode.swift; path = "UIView+Extension.swift"; sourceTree = "<group>"; };
/* End PBXFileReference section */

/* Begin PBXFrameworksBuildPhase section */
		584FA3E02BA41484002600F1 /* Frameworks */ = {
			isa = PBXFrameworksBuildPhase;
			buildActionMask = 2147483647;
			files = (
				584FA43B2BAD5607002600F1 /* FirebaseAnalyticsSwift in Frameworks */,
				584FA4372BAD5607002600F1 /* FirebaseAnalytics in Frameworks */,
				584FA43F2BAD5607002600F1 /* FirebaseCrashlytics in Frameworks */,
				584FA4392BAD5607002600F1 /* FirebaseAnalyticsOnDeviceConversion in Frameworks */,
				584FA43D2BAD5607002600F1 /* FirebaseAnalyticsWithoutAdIdSupport in Frameworks */,
				58BDFBD52BBE889D006AC994 /* FirebaseAuth in Frameworks */,
				58BDFBC52BB6AFFB006AC994 /* OSLog.framework in Frameworks */,
			);
			runOnlyForDeploymentPostprocessing = 0;
		};
		584FA3F62BA41485002600F1 /* Frameworks */ = {
			isa = PBXFrameworksBuildPhase;
			buildActionMask = 2147483647;
			files = (
			);
			runOnlyForDeploymentPostprocessing = 0;
		};
		584FA4002BA41485002600F1 /* Frameworks */ = {
			isa = PBXFrameworksBuildPhase;
			buildActionMask = 2147483647;
			files = (
			);
			runOnlyForDeploymentPostprocessing = 0;
		};
/* End PBXFrameworksBuildPhase section */

/* Begin PBXGroup section */
		5810DE212BE1FD0700180BFB /* Extension */ = {
			isa = PBXGroup;
			children = (
				5810DE222BE1FD3900180BFB /* HomeViewController+CollectionViewSetup.swift */,
				5810DE242BE1FE1300180BFB /* HomeViewController+DataSourceConfiguration.swift */,
				5810DE262BE1FF3A00180BFB /* HomeViewController+UIUpdates.swift */,
			);
			path = Extension;
			sourceTree = "<group>";
		};
		5810DE292BE1FFEC00180BFB /* Extension */ = {
			isa = PBXGroup;
			children = (
				5810DE2A2BE2001600180BFB /* PlaceSearchViewController+CollectionViewSetup.swift */,
				5810DE2C2BE2006600180BFB /* PlaceSearchViewController+DataSourceConfiguration.swift */,
				5810DE2E2BE200AC00180BFB /* PlaceSearchViewController+BindigSetup.swift */,
				5810DE302BE200F600180BFB /* PlaceSearchViewController+UIUpdates.swift */,
				5810DE322BE2013D00180BFB /* PlaceSearchViewController+Actions.swift */,
			);
			path = Extension;
			sourceTree = "<group>";
		};
		58368EFF2BD76162009E008C /* Enum */ = {
			isa = PBXGroup;
			children = (
				58368F002BD7617D009E008C /* FirebaseAuthError.swift */,
				586F030B2BE0C4A1008660A0 /* LanguageCode.swift */,
			);
			path = Enum;
			sourceTree = "<group>";
		};
		58368F0E2BD828CA009E008C /* Cells */ = {
			isa = PBXGroup;
			children = (
				58368F0C2BD828C6009E008C /* HomeSearchCollectionViewCell.swift */,
				586F03172BE13696008660A0 /* HomeRecentSearchPlaceCollectionViewCell.swift */,
			);
			path = Cells;
			sourceTree = "<group>";
		};
		58368F132BD8C1C2009E008C /* Views */ = {
			isa = PBXGroup;
			children = (
				58BDFBDB2BBEA5D0006AC994 /* HomeView.swift */,
				58368F112BD8B7D5009E008C /* HomeSearchBarView.swift */,
			);
			path = Views;
			sourceTree = "<group>";
		};
		58368F142BDE41EB009E008C /* PlaceSearch */ = {
			isa = PBXGroup;
			children = (
				58368F1B2BDE4650009E008C /* Views */,
				58DE93072BDF841300C97575 /* Cells */,
				5810DE292BE1FFEC00180BFB /* Extension */,
				586F03102BE0FC24008660A0 /* Delegate */,
				58368F152BDE41FC009E008C /* PlaceSearchViewController.swift */,
				58368F172BDE4243009E008C /* PlaceSearchViewModel.swift */,
			);
			path = PlaceSearch;
			sourceTree = "<group>";
		};
		58368F1B2BDE4650009E008C /* Views */ = {
			isa = PBXGroup;
			children = (
				58368F192BDE424A009E008C /* PlaceSearchView.swift */,
				58368F1C2BDE4AD2009E008C /* PlaceSearchNavigationBar.swift */,
			);
			path = Views;
			sourceTree = "<group>";
		};
		584FA3DA2BA41483002600F1 = {
			isa = PBXGroup;
			children = (
				584FA3E52BA41484002600F1 /* GIL */,
				584FA3FC2BA41485002600F1 /* GILTests */,
				584FA4062BA41485002600F1 /* GILUITests */,
				584FA3E42BA41484002600F1 /* Products */,
				58BDFBC32BB6AFFB006AC994 /* Frameworks */,
			);
			sourceTree = "<group>";
		};
		584FA3E42BA41484002600F1 /* Products */ = {
			isa = PBXGroup;
			children = (
				584FA3E32BA41484002600F1 /* GIL.app */,
				584FA3F92BA41485002600F1 /* GILTests.xctest */,
				584FA4032BA41485002600F1 /* GILUITests.xctest */,
			);
			name = Products;
			sourceTree = "<group>";
		};
		584FA3E52BA41484002600F1 /* GIL */ = {
			isa = PBXGroup;
			children = (
				58BDFB9F2BB16F93006AC994 /* GIL.entitlements */,
				584FA4192BA7F5E1002600F1 /* Screen */,
				58DE930B2BDF948100C97575 /* Model */,
				586F030D2BE0D03D008660A0 /* SwiftData */,
				584FA4202BA82D26002600F1 /* Component */,
				584FA4262BA84CF5002600F1 /* Extension */,
				58368EFF2BD76162009E008C /* Enum */,
				58BDFBC62BBA8C21006AC994 /* Utilities */,
				584FA3E62BA41484002600F1 /* AppDelegate.swift */,
				584FA3E82BA41484002600F1 /* SceneDelegate.swift */,
				584FA3F12BA41485002600F1 /* LaunchScreen.storyboard */,
				584FA3EF2BA41485002600F1 /* Assets.xcassets */,
				58BAC8AC2BC7C79200CDEB1F /* Localizable.xcstrings */,
				584FA3F42BA41485002600F1 /* Info.plist */,
				584FA4442BAD6068002600F1 /* GoogleService-Info.plist */,
			);
			path = GIL;
			sourceTree = "<group>";
		};
		584FA3FC2BA41485002600F1 /* GILTests */ = {
			isa = PBXGroup;
			children = (
				584FA3FD2BA41485002600F1 /* GILTests.swift */,
				5810DE342BE2070800180BFB /* StringExtensionTests.swift */,
				5810DE372BE20C7100180BFB /* AuthExtensionTests.swift */,
				5810DE392BE215FF00180BFB /* LocationServiceTests.swift */,
				5810DE3B2BE2199400180BFB /* PlaceSearchServiceTests.swift */,
				5810DE412BE29BAD00180BFB /* MockLocationService.swift */,
			);
			path = GILTests;
			sourceTree = "<group>";
		};
		584FA4062BA41485002600F1 /* GILUITests */ = {
			isa = PBXGroup;
			children = (
				584FA4072BA41485002600F1 /* GILUITests.swift */,
				584FA4092BA41485002600F1 /* GILUITestsLaunchTests.swift */,
			);
			path = GILUITests;
			sourceTree = "<group>";
		};
		584FA4192BA7F5E1002600F1 /* Screen */ = {
			isa = PBXGroup;
			children = (
				58368F142BDE41EB009E008C /* PlaceSearch */,
				58BDFBCF2BBE5B43006AC994 /* Home */,
				58BDFBA02BB2B865006AC994 /* SignUp */,
				584FA41F2BA82CE3002600F1 /* Login */,
			);
			path = Screen;
			sourceTree = "<group>";
		};
		584FA41F2BA82CE3002600F1 /* Login */ = {
			isa = PBXGroup;
			children = (
				584FA41A2BA7F606002600F1 /* LoginViewController.swift */,
				584FA42F2BABC0EE002600F1 /* LoginView.swift */,
				584FA4492BB15D51002600F1 /* LoginViewModel.swift */,
			);
			path = Login;
			sourceTree = "<group>";
		};
		584FA4202BA82D26002600F1 /* Component */ = {
			isa = PBXGroup;
			children = (
				58368F0F2BD83490009E008C /* BaseViewController.swift */,
				584FA41D2BA82886002600F1 /* BasicTextField.swift */,
				584FA4212BA84254002600F1 /* BasicButton.swift */,
				58BAC8AF2BCCF59800CDEB1F /* NavigationActionButton.swift */,
				58368EF92BD51957009E008C /* BasicLabel.swift */,
				5810DE1F2BE1F78400180BFB /* MappinImageView.swift */,
			);
			path = Component;
			sourceTree = "<group>";
		};
		584FA4262BA84CF5002600F1 /* Extension */ = {
			isa = PBXGroup;
			children = (
				584FA4272BA84D00002600F1 /* UIColor+Extension.swift */,
				58BDFBC12BB6A748006AC994 /* OSLog+Extension.swift */,
				58BDFBCB2BBAA78F006AC994 /* String+Extension.swift */,
				58BAC8962BC52F8500CDEB1F /* UILabel+Extension.swift */,
				58BAC8982BC5399D00CDEB1F /* UITextField+Extension.swift */,
				58BAC89A2BC53A4D00CDEB1F /* UIButton+Extension.swift */,
				580647292BCD147A00FB7310 /* UIImage+Extension.swift */,
				58368EFD2BD75E9C009E008C /* FirebaseAuth+Extension.swift */,
				58368F0A2BD81C6C009E008C /* UIViewController+NavigationBarHideable.swift */,
				58DE930E2BDFA23200C97575 /* UIView+Extension.swift */,
			);
			path = Extension;
			sourceTree = "<group>";
		};
		586F030D2BE0D03D008660A0 /* SwiftData */ = {
			isa = PBXGroup;
			children = (
				586F030E2BE0D050008660A0 /* PlaceData.swift */,
			);
			path = SwiftData;
			sourceTree = "<group>";
		};
		586F03102BE0FC24008660A0 /* Delegate */ = {
			isa = PBXGroup;
			children = (
				586F03112BE0FC55008660A0 /* PlaceSearchViewController+LocationService.swift */,
				586F03132BE0FCB5008660A0 /* PlaceSearchViewController+SearchBar.swift */,
				586F03152BE0FD9A008660A0 /* PlaceSearchViewController+UICollectionView.swift */,
			);
			path = Delegate;
			sourceTree = "<group>";
		};
		58BDFBA02BB2B865006AC994 /* SignUp */ = {
			isa = PBXGroup;
			children = (
				58BDFBA12BB2B8F5006AC994 /* SignUpViewController.swift */,
				58BDFBA32BB2E536006AC994 /* SignUpView.swift */,
				58BDFBC92BBA9B27006AC994 /* SignUpViewModel.swift */,
			);
			path = SignUp;
			sourceTree = "<group>";
		};
		58BDFBC32BB6AFFB006AC994 /* Frameworks */ = {
			isa = PBXGroup;
			children = (
				58BDFBC42BB6AFFB006AC994 /* OSLog.framework */,
			);
			name = Frameworks;
			sourceTree = "<group>";
		};
		58BDFBC62BBA8C21006AC994 /* Utilities */ = {
			isa = PBXGroup;
			children = (
				58368EFB2BD536B8009E008C /* AlertService.swift */,
				58A6808D2BDE7C02004E6706 /* LocationService.swift */,
				58DE93052BDF79C600C97575 /* PlacesSearchService.swift */,
			);
			path = Utilities;
			sourceTree = "<group>";
		};
		58BDFBCF2BBE5B43006AC994 /* Home */ = {
			isa = PBXGroup;
			children = (
				58368F132BD8C1C2009E008C /* Views */,
				58368F0E2BD828CA009E008C /* Cells */,
				5810DE212BE1FD0700180BFB /* Extension */,
				58BDFBD02BBE5B53006AC994 /* HomeViewController.swift */,
				58368F022BD80472009E008C /* HomeInteractor.swift */,
				58368F042BD8047E009E008C /* HomePresenter.swift */,
			);
			path = Home;
			sourceTree = "<group>";
		};
		58DE93072BDF841300C97575 /* Cells */ = {
			isa = PBXGroup;
			children = (
				58DE93082BDF850B00C97575 /* PlaceSearchCollectionViewCell.swift */,
			);
			path = Cells;
			sourceTree = "<group>";
		};
		58DE930B2BDF948100C97575 /* Model */ = {
			isa = PBXGroup;
			children = (
				58DE930C2BDF94B600C97575 /* PlaceModel.swift */,
			);
			path = Model;
			sourceTree = "<group>";
		};
/* End PBXGroup section */

/* Begin PBXNativeTarget section */
		584FA3E22BA41484002600F1 /* GIL */ = {
			isa = PBXNativeTarget;
			buildConfigurationList = 584FA40D2BA41485002600F1 /* Build configuration list for PBXNativeTarget "GIL" */;
			buildPhases = (
				584FA3DF2BA41484002600F1 /* Sources */,
				584FA3E02BA41484002600F1 /* Frameworks */,
				584FA3E12BA41484002600F1 /* Resources */,
				584FA4462BAD67EF002600F1 /* ShellScript */,
			);
			buildRules = (
			);
			dependencies = (
			);
			name = GIL;
			packageProductDependencies = (
				584FA4362BAD5607002600F1 /* FirebaseAnalytics */,
				584FA4382BAD5607002600F1 /* FirebaseAnalyticsOnDeviceConversion */,
				584FA43A2BAD5607002600F1 /* FirebaseAnalyticsSwift */,
				584FA43C2BAD5607002600F1 /* FirebaseAnalyticsWithoutAdIdSupport */,
				584FA43E2BAD5607002600F1 /* FirebaseCrashlytics */,
				58BDFBD42BBE889D006AC994 /* FirebaseAuth */,
			);
			productName = GIL;
			productReference = 584FA3E32BA41484002600F1 /* GIL.app */;
			productType = "com.apple.product-type.application";
		};
		584FA3F82BA41485002600F1 /* GILTests */ = {
			isa = PBXNativeTarget;
			buildConfigurationList = 584FA4102BA41485002600F1 /* Build configuration list for PBXNativeTarget "GILTests" */;
			buildPhases = (
				584FA3F52BA41485002600F1 /* Sources */,
				584FA3F62BA41485002600F1 /* Frameworks */,
				584FA3F72BA41485002600F1 /* Resources */,
			);
			buildRules = (
			);
			dependencies = (
				584FA3FB2BA41485002600F1 /* PBXTargetDependency */,
			);
			name = GILTests;
			productName = GILTests;
			productReference = 584FA3F92BA41485002600F1 /* GILTests.xctest */;
			productType = "com.apple.product-type.bundle.unit-test";
		};
		584FA4022BA41485002600F1 /* GILUITests */ = {
			isa = PBXNativeTarget;
			buildConfigurationList = 584FA4132BA41485002600F1 /* Build configuration list for PBXNativeTarget "GILUITests" */;
			buildPhases = (
				584FA3FF2BA41485002600F1 /* Sources */,
				584FA4002BA41485002600F1 /* Frameworks */,
				584FA4012BA41485002600F1 /* Resources */,
			);
			buildRules = (
			);
			dependencies = (
				584FA4052BA41485002600F1 /* PBXTargetDependency */,
			);
			name = GILUITests;
			productName = GILUITests;
			productReference = 584FA4032BA41485002600F1 /* GILUITests.xctest */;
			productType = "com.apple.product-type.bundle.ui-testing";
		};
/* End PBXNativeTarget section */

/* Begin PBXProject section */
		584FA3DB2BA41483002600F1 /* Project object */ = {
			isa = PBXProject;
			attributes = {
				BuildIndependentTargetsInParallel = 1;
				LastSwiftUpdateCheck = 1520;
				LastUpgradeCheck = 1520;
				TargetAttributes = {
					584FA3E22BA41484002600F1 = {
						CreatedOnToolsVersion = 15.2;
					};
					584FA3F82BA41485002600F1 = {
						CreatedOnToolsVersion = 15.2;
						TestTargetID = 584FA3E22BA41484002600F1;
					};
					584FA4022BA41485002600F1 = {
						CreatedOnToolsVersion = 15.2;
						TestTargetID = 584FA3E22BA41484002600F1;
					};
				};
			};
			buildConfigurationList = 584FA3DE2BA41483002600F1 /* Build configuration list for PBXProject "GIL" */;
			compatibilityVersion = "Xcode 14.0";
			developmentRegion = ko;
			hasScannedForEncodings = 0;
			knownRegions = (
				ko,
				ja,
				en,
			);
			mainGroup = 584FA3DA2BA41483002600F1;
			packageReferences = (
				584FA4352BAD5607002600F1 /* XCRemoteSwiftPackageReference "firebase-ios-sdk" */,
			);
			productRefGroup = 584FA3E42BA41484002600F1 /* Products */;
			projectDirPath = "";
			projectRoot = "";
			targets = (
				584FA3E22BA41484002600F1 /* GIL */,
				584FA3F82BA41485002600F1 /* GILTests */,
				584FA4022BA41485002600F1 /* GILUITests */,
			);
		};
/* End PBXProject section */

/* Begin PBXResourcesBuildPhase section */
		584FA3E12BA41484002600F1 /* Resources */ = {
			isa = PBXResourcesBuildPhase;
			buildActionMask = 2147483647;
			files = (
				584FA3F32BA41485002600F1 /* LaunchScreen.storyboard in Resources */,
				584FA4452BAD6068002600F1 /* GoogleService-Info.plist in Resources */,
				58BAC8AD2BC7C79200CDEB1F /* Localizable.xcstrings in Resources */,
				584FA3F02BA41485002600F1 /* Assets.xcassets in Resources */,
			);
			runOnlyForDeploymentPostprocessing = 0;
		};
		584FA3F72BA41485002600F1 /* Resources */ = {
			isa = PBXResourcesBuildPhase;
			buildActionMask = 2147483647;
			files = (
			);
			runOnlyForDeploymentPostprocessing = 0;
		};
		584FA4012BA41485002600F1 /* Resources */ = {
			isa = PBXResourcesBuildPhase;
			buildActionMask = 2147483647;
			files = (
			);
			runOnlyForDeploymentPostprocessing = 0;
		};
/* End PBXResourcesBuildPhase section */

/* Begin PBXShellScriptBuildPhase section */
		584FA4462BAD67EF002600F1 /* ShellScript */ = {
			isa = PBXShellScriptBuildPhase;
			buildActionMask = 2147483647;
			files = (
			);
			inputFileListPaths = (
			);
			inputPaths = (
				"${DWARF_DSYM_FOLDER_PATH}/${DWARF_DSYM_FILE_NAME}",
				"${DWARF_DSYM_FOLDER_PATH}/${DWARF_DSYM_FILE_NAME}/Contents/Resources/DWARF/${PRODUCT_NAME}",
				"${DWARF_DSYM_FOLDER_PATH}/${DWARF_DSYM_FILE_NAME}/Contents/Info.plist",
				"$(TARGET_BUILD_DIR)/$(UNLOCALIZED_RESOURCES_FOLDER_PATH)/GoogleService-Info.plist",
				"$(TARGET_BUILD_DIR)/$(EXECUTABLE_PATH)",
			);
			outputFileListPaths = (
			);
			outputPaths = (
			);
			runOnlyForDeploymentPostprocessing = 0;
			shellPath = /bin/sh;
			shellScript = "# Type a script or drag a script file from your workspace to insert its path.\n\"${BUILD_DIR%/Build/*}/SourcePackages/checkouts/firebase-ios-sdk/Crashlytics/run\"\n";
		};
/* End PBXShellScriptBuildPhase section */

/* Begin PBXSourcesBuildPhase section */
		584FA3DF2BA41484002600F1 /* Sources */ = {
			isa = PBXSourcesBuildPhase;
			buildActionMask = 2147483647;
			files = (
				5810DE232BE1FD3900180BFB /* HomeViewController+CollectionViewSetup.swift in Sources */,
				586F030F2BE0D050008660A0 /* PlaceData.swift in Sources */,
				58368EFC2BD536B8009E008C /* AlertService.swift in Sources */,
				584FA41B2BA7F606002600F1 /* LoginViewController.swift in Sources */,
				58368F032BD80472009E008C /* HomeInteractor.swift in Sources */,
				58368F052BD8047E009E008C /* HomePresenter.swift in Sources */,
				586F03122BE0FC55008660A0 /* PlaceSearchViewController+LocationService.swift in Sources */,
				58368F162BDE41FC009E008C /* PlaceSearchViewController.swift in Sources */,
				58BDFBDC2BBEA5D0006AC994 /* HomeView.swift in Sources */,
				584FA4282BA84D00002600F1 /* UIColor+Extension.swift in Sources */,
				58A6808E2BDE7C02004E6706 /* LocationService.swift in Sources */,
				58368F122BD8B7D5009E008C /* HomeSearchBarView.swift in Sources */,
				58BDFBA22BB2B8F5006AC994 /* SignUpViewController.swift in Sources */,
				58BAC8B02BCCF59800CDEB1F /* NavigationActionButton.swift in Sources */,
				586F03162BE0FD9A008660A0 /* PlaceSearchViewController+UICollectionView.swift in Sources */,
				58DE93062BDF79C600C97575 /* PlacesSearchService.swift in Sources */,
				584FA4222BA84254002600F1 /* BasicButton.swift in Sources */,
				58DE930D2BDF94B600C97575 /* PlaceModel.swift in Sources */,
				58368F102BD83490009E008C /* BaseViewController.swift in Sources */,
				58368F012BD7617D009E008C /* FirebaseAuthError.swift in Sources */,
				58BAC89B2BC53A4D00CDEB1F /* UIButton+Extension.swift in Sources */,
				5806472A2BCD147A00FB7310 /* UIImage+Extension.swift in Sources */,
				5810DE202BE1F78400180BFB /* MappinImageView.swift in Sources */,
				58BDFBCA2BBA9B27006AC994 /* SignUpViewModel.swift in Sources */,
				58BDFBC22BB6A748006AC994 /* OSLog+Extension.swift in Sources */,
				58368F1A2BDE424A009E008C /* PlaceSearchView.swift in Sources */,
				58BAC8972BC52F8500CDEB1F /* UILabel+Extension.swift in Sources */,
				58368EFA2BD51957009E008C /* BasicLabel.swift in Sources */,
				584FA3E72BA41484002600F1 /* AppDelegate.swift in Sources */,
				5810DE2D2BE2006600180BFB /* PlaceSearchViewController+DataSourceConfiguration.swift in Sources */,
				58368F1D2BDE4AD2009E008C /* PlaceSearchNavigationBar.swift in Sources */,
				584FA41E2BA82886002600F1 /* BasicTextField.swift in Sources */,
				5810DE332BE2013D00180BFB /* PlaceSearchViewController+Actions.swift in Sources */,
				58DE93092BDF850B00C97575 /* PlaceSearchCollectionViewCell.swift in Sources */,
				58DE930F2BDFA23200C97575 /* UIView+Extension.swift in Sources */,
				5810DE252BE1FE1300180BFB /* HomeViewController+DataSourceConfiguration.swift in Sources */,
				58368EFE2BD75E9C009E008C /* FirebaseAuth+Extension.swift in Sources */,
				586F03142BE0FCB5008660A0 /* PlaceSearchViewController+SearchBar.swift in Sources */,
				58BDFBD12BBE5B53006AC994 /* HomeViewController.swift in Sources */,
				58BDFBA42BB2E536006AC994 /* SignUpView.swift in Sources */,
				584FA4302BABC0EE002600F1 /* LoginView.swift in Sources */,
				5810DE2B2BE2001600180BFB /* PlaceSearchViewController+CollectionViewSetup.swift in Sources */,
				5810DE2F2BE200AC00180BFB /* PlaceSearchViewController+BindigSetup.swift in Sources */,
				584FA3E92BA41484002600F1 /* SceneDelegate.swift in Sources */,
				58368F0D2BD828C6009E008C /* HomeSearchCollectionViewCell.swift in Sources */,
				58368F0B2BD81C6C009E008C /* UIViewController+NavigationBarHideable.swift in Sources */,
				58368F182BDE4243009E008C /* PlaceSearchViewModel.swift in Sources */,
				586F030C2BE0C4A2008660A0 /* LanguageCode.swift in Sources */,
				58BDFBCC2BBAA78F006AC994 /* String+Extension.swift in Sources */,
				58BAC8992BC5399D00CDEB1F /* UITextField+Extension.swift in Sources */,
				5810DE312BE200F600180BFB /* PlaceSearchViewController+UIUpdates.swift in Sources */,
				586F03182BE13696008660A0 /* HomeRecentSearchPlaceCollectionViewCell.swift in Sources */,
				584FA44A2BB15D51002600F1 /* LoginViewModel.swift in Sources */,
				5810DE272BE1FF3A00180BFB /* HomeViewController+UIUpdates.swift in Sources */,
			);
			runOnlyForDeploymentPostprocessing = 0;
		};
		584FA3F52BA41485002600F1 /* Sources */ = {
			isa = PBXSourcesBuildPhase;
			buildActionMask = 2147483647;
			files = (
				5810DE422BE29BAD00180BFB /* MockLocationService.swift in Sources */,
				5810DE3C2BE2199400180BFB /* PlaceSearchServiceTests.swift in Sources */,
				5810DE352BE2070800180BFB /* StringExtensionTests.swift in Sources */,
				5810DE382BE20C7100180BFB /* AuthExtensionTests.swift in Sources */,
				5810DE3A2BE215FF00180BFB /* LocationServiceTests.swift in Sources */,
				584FA3FE2BA41485002600F1 /* GILTests.swift in Sources */,
			);
			runOnlyForDeploymentPostprocessing = 0;
		};
		584FA3FF2BA41485002600F1 /* Sources */ = {
			isa = PBXSourcesBuildPhase;
			buildActionMask = 2147483647;
			files = (
				584FA4082BA41485002600F1 /* GILUITests.swift in Sources */,
				584FA40A2BA41485002600F1 /* GILUITestsLaunchTests.swift in Sources */,
			);
			runOnlyForDeploymentPostprocessing = 0;
		};
/* End PBXSourcesBuildPhase section */

/* Begin PBXTargetDependency section */
		584FA3FB2BA41485002600F1 /* PBXTargetDependency */ = {
			isa = PBXTargetDependency;
			target = 584FA3E22BA41484002600F1 /* GIL */;
			targetProxy = 584FA3FA2BA41485002600F1 /* PBXContainerItemProxy */;
		};
		584FA4052BA41485002600F1 /* PBXTargetDependency */ = {
			isa = PBXTargetDependency;
			target = 584FA3E22BA41484002600F1 /* GIL */;
			targetProxy = 584FA4042BA41485002600F1 /* PBXContainerItemProxy */;
		};
/* End PBXTargetDependency section */

/* Begin PBXVariantGroup section */
		584FA3F12BA41485002600F1 /* LaunchScreen.storyboard */ = {
			isa = PBXVariantGroup;
			children = (
				58BAC8A52BC7B80B00CDEB1F /* ja */,
				58BAC8A82BC7C3EA00CDEB1F /* en */,
				58BAC8AE2BC7C79C00CDEB1F /* ko */,
			);
			name = LaunchScreen.storyboard;
			sourceTree = "<group>";
		};
/* End PBXVariantGroup section */

/* Begin XCBuildConfiguration section */
		584FA40B2BA41485002600F1 /* Debug */ = {
			isa = XCBuildConfiguration;
			buildSettings = {
				ALWAYS_SEARCH_USER_PATHS = NO;
				ASSETCATALOG_COMPILER_GENERATE_SWIFT_ASSET_SYMBOL_EXTENSIONS = YES;
				CLANG_ANALYZER_LOCALIZABILITY_NONLOCALIZED = YES;
				CLANG_ANALYZER_NONNULL = YES;
				CLANG_ANALYZER_NUMBER_OBJECT_CONVERSION = YES_AGGRESSIVE;
				CLANG_CXX_LANGUAGE_STANDARD = "gnu++20";
				CLANG_ENABLE_MODULES = YES;
				CLANG_ENABLE_OBJC_ARC = YES;
				CLANG_ENABLE_OBJC_WEAK = YES;
				CLANG_WARN_BLOCK_CAPTURE_AUTORELEASING = YES;
				CLANG_WARN_BOOL_CONVERSION = YES;
				CLANG_WARN_COMMA = YES;
				CLANG_WARN_CONSTANT_CONVERSION = YES;
				CLANG_WARN_DEPRECATED_OBJC_IMPLEMENTATIONS = YES;
				CLANG_WARN_DIRECT_OBJC_ISA_USAGE = YES_ERROR;
				CLANG_WARN_DOCUMENTATION_COMMENTS = YES;
				CLANG_WARN_EMPTY_BODY = YES;
				CLANG_WARN_ENUM_CONVERSION = YES;
				CLANG_WARN_INFINITE_RECURSION = YES;
				CLANG_WARN_INT_CONVERSION = YES;
				CLANG_WARN_NON_LITERAL_NULL_CONVERSION = YES;
				CLANG_WARN_OBJC_IMPLICIT_RETAIN_SELF = YES;
				CLANG_WARN_OBJC_LITERAL_CONVERSION = YES;
				CLANG_WARN_OBJC_ROOT_CLASS = YES_ERROR;
				CLANG_WARN_QUOTED_INCLUDE_IN_FRAMEWORK_HEADER = YES;
				CLANG_WARN_RANGE_LOOP_ANALYSIS = YES;
				CLANG_WARN_STRICT_PROTOTYPES = YES;
				CLANG_WARN_SUSPICIOUS_MOVE = YES;
				CLANG_WARN_UNGUARDED_AVAILABILITY = YES_AGGRESSIVE;
				CLANG_WARN_UNREACHABLE_CODE = YES;
				CLANG_WARN__DUPLICATE_METHOD_MATCH = YES;
				COPY_PHASE_STRIP = NO;
				DEBUG_INFORMATION_FORMAT = dwarf;
				ENABLE_STRICT_OBJC_MSGSEND = YES;
				ENABLE_TESTABILITY = YES;
				ENABLE_USER_SCRIPT_SANDBOXING = YES;
				GCC_C_LANGUAGE_STANDARD = gnu17;
				GCC_DYNAMIC_NO_PIC = NO;
				GCC_NO_COMMON_BLOCKS = YES;
				GCC_OPTIMIZATION_LEVEL = 0;
				GCC_PREPROCESSOR_DEFINITIONS = (
					"DEBUG=1",
					"$(inherited)",
				);
				GCC_WARN_64_TO_32_BIT_CONVERSION = YES;
				GCC_WARN_ABOUT_RETURN_TYPE = YES_ERROR;
				GCC_WARN_UNDECLARED_SELECTOR = YES;
				GCC_WARN_UNINITIALIZED_AUTOS = YES_AGGRESSIVE;
				GCC_WARN_UNUSED_FUNCTION = YES;
				GCC_WARN_UNUSED_VARIABLE = YES;
				IPHONEOS_DEPLOYMENT_TARGET = 17.0;
				LOCALIZATION_PREFERS_STRING_CATALOGS = YES;
				MTL_ENABLE_DEBUG_INFO = INCLUDE_SOURCE;
				MTL_FAST_MATH = YES;
				ONLY_ACTIVE_ARCH = YES;
				SDKROOT = iphoneos;
				SWIFT_ACTIVE_COMPILATION_CONDITIONS = "DEBUG $(inherited)";
				SWIFT_OPTIMIZATION_LEVEL = "-Onone";
			};
			name = Debug;
		};
		584FA40C2BA41485002600F1 /* Release */ = {
			isa = XCBuildConfiguration;
			buildSettings = {
				ALWAYS_SEARCH_USER_PATHS = NO;
				ASSETCATALOG_COMPILER_GENERATE_SWIFT_ASSET_SYMBOL_EXTENSIONS = YES;
				CLANG_ANALYZER_LOCALIZABILITY_NONLOCALIZED = YES;
				CLANG_ANALYZER_NONNULL = YES;
				CLANG_ANALYZER_NUMBER_OBJECT_CONVERSION = YES_AGGRESSIVE;
				CLANG_CXX_LANGUAGE_STANDARD = "gnu++20";
				CLANG_ENABLE_MODULES = YES;
				CLANG_ENABLE_OBJC_ARC = YES;
				CLANG_ENABLE_OBJC_WEAK = YES;
				CLANG_WARN_BLOCK_CAPTURE_AUTORELEASING = YES;
				CLANG_WARN_BOOL_CONVERSION = YES;
				CLANG_WARN_COMMA = YES;
				CLANG_WARN_CONSTANT_CONVERSION = YES;
				CLANG_WARN_DEPRECATED_OBJC_IMPLEMENTATIONS = YES;
				CLANG_WARN_DIRECT_OBJC_ISA_USAGE = YES_ERROR;
				CLANG_WARN_DOCUMENTATION_COMMENTS = YES;
				CLANG_WARN_EMPTY_BODY = YES;
				CLANG_WARN_ENUM_CONVERSION = YES;
				CLANG_WARN_INFINITE_RECURSION = YES;
				CLANG_WARN_INT_CONVERSION = YES;
				CLANG_WARN_NON_LITERAL_NULL_CONVERSION = YES;
				CLANG_WARN_OBJC_IMPLICIT_RETAIN_SELF = YES;
				CLANG_WARN_OBJC_LITERAL_CONVERSION = YES;
				CLANG_WARN_OBJC_ROOT_CLASS = YES_ERROR;
				CLANG_WARN_QUOTED_INCLUDE_IN_FRAMEWORK_HEADER = YES;
				CLANG_WARN_RANGE_LOOP_ANALYSIS = YES;
				CLANG_WARN_STRICT_PROTOTYPES = YES;
				CLANG_WARN_SUSPICIOUS_MOVE = YES;
				CLANG_WARN_UNGUARDED_AVAILABILITY = YES_AGGRESSIVE;
				CLANG_WARN_UNREACHABLE_CODE = YES;
				CLANG_WARN__DUPLICATE_METHOD_MATCH = YES;
				COPY_PHASE_STRIP = NO;
				DEBUG_INFORMATION_FORMAT = "dwarf-with-dsym";
				ENABLE_NS_ASSERTIONS = NO;
				ENABLE_STRICT_OBJC_MSGSEND = YES;
				ENABLE_USER_SCRIPT_SANDBOXING = YES;
				GCC_C_LANGUAGE_STANDARD = gnu17;
				GCC_NO_COMMON_BLOCKS = YES;
				GCC_WARN_64_TO_32_BIT_CONVERSION = YES;
				GCC_WARN_ABOUT_RETURN_TYPE = YES_ERROR;
				GCC_WARN_UNDECLARED_SELECTOR = YES;
				GCC_WARN_UNINITIALIZED_AUTOS = YES_AGGRESSIVE;
				GCC_WARN_UNUSED_FUNCTION = YES;
				GCC_WARN_UNUSED_VARIABLE = YES;
				IPHONEOS_DEPLOYMENT_TARGET = 17.0;
				LOCALIZATION_PREFERS_STRING_CATALOGS = YES;
				MTL_ENABLE_DEBUG_INFO = NO;
				MTL_FAST_MATH = YES;
				SDKROOT = iphoneos;
				SWIFT_COMPILATION_MODE = wholemodule;
				VALIDATE_PRODUCT = YES;
			};
			name = Release;
		};
		584FA40E2BA41485002600F1 /* Debug */ = {
			isa = XCBuildConfiguration;
			buildSettings = {
				ASSETCATALOG_COMPILER_APPICON_NAME = AppIcon;
				ASSETCATALOG_COMPILER_GLOBAL_ACCENT_COLOR_NAME = AccentColor;
				CODE_SIGN_ENTITLEMENTS = GIL/GIL.entitlements;
				CODE_SIGN_STYLE = Automatic;
				CURRENT_PROJECT_VERSION = 1;
				DEBUG_INFORMATION_FORMAT = dwarf;
				DEVELOPMENT_TEAM = E98D6ZNGDP;
				GENERATE_INFOPLIST_FILE = YES;
				INFOPLIST_FILE = GIL/Info.plist;
				INFOPLIST_KEY_UIApplicationSupportsIndirectInputEvents = YES;
				INFOPLIST_KEY_UILaunchStoryboardName = LaunchScreen;
				INFOPLIST_KEY_UISupportedInterfaceOrientations = UIInterfaceOrientationPortrait;
				INFOPLIST_KEY_UISupportedInterfaceOrientations_iPad = "UIInterfaceOrientationLandscapeLeft UIInterfaceOrientationLandscapeRight UIInterfaceOrientationPortrait UIInterfaceOrientationPortraitUpsideDown";
				IPHONEOS_DEPLOYMENT_TARGET = 17.0;
				LD_RUNPATH_SEARCH_PATHS = (
					"$(inherited)",
					"@executable_path/Frameworks",
				);
				MARKETING_VERSION = 1.0;
				PRODUCT_BUNDLE_IDENTIFIER = woojin.GIL;
				PRODUCT_NAME = "$(TARGET_NAME)";
				SUPPORTED_PLATFORMS = "iphoneos iphonesimulator";
				SUPPORTS_MACCATALYST = NO;
				SUPPORTS_MAC_DESIGNED_FOR_IPHONE_IPAD = NO;
				SUPPORTS_XR_DESIGNED_FOR_IPHONE_IPAD = NO;
				SWIFT_EMIT_LOC_STRINGS = YES;
				SWIFT_VERSION = 5.0;
				TARGETED_DEVICE_FAMILY = 1;
			};
			name = Debug;
		};
		584FA40F2BA41485002600F1 /* Release */ = {
			isa = XCBuildConfiguration;
			buildSettings = {
				ASSETCATALOG_COMPILER_APPICON_NAME = AppIcon;
				ASSETCATALOG_COMPILER_GLOBAL_ACCENT_COLOR_NAME = AccentColor;
				CODE_SIGN_ENTITLEMENTS = GIL/GIL.entitlements;
				CODE_SIGN_STYLE = Automatic;
				CURRENT_PROJECT_VERSION = 1;
				DEBUG_INFORMATION_FORMAT = "dwarf-with-dsym";
				DEVELOPMENT_TEAM = E98D6ZNGDP;
				GENERATE_INFOPLIST_FILE = YES;
				INFOPLIST_FILE = GIL/Info.plist;
				INFOPLIST_KEY_UIApplicationSupportsIndirectInputEvents = YES;
				INFOPLIST_KEY_UILaunchStoryboardName = LaunchScreen;
				INFOPLIST_KEY_UISupportedInterfaceOrientations = UIInterfaceOrientationPortrait;
				INFOPLIST_KEY_UISupportedInterfaceOrientations_iPad = "UIInterfaceOrientationLandscapeLeft UIInterfaceOrientationLandscapeRight UIInterfaceOrientationPortrait UIInterfaceOrientationPortraitUpsideDown";
				IPHONEOS_DEPLOYMENT_TARGET = 17.0;
				LD_RUNPATH_SEARCH_PATHS = (
					"$(inherited)",
					"@executable_path/Frameworks",
				);
				MARKETING_VERSION = 1.0;
				PRODUCT_BUNDLE_IDENTIFIER = woojin.GIL;
				PRODUCT_NAME = "$(TARGET_NAME)";
				SUPPORTED_PLATFORMS = "iphoneos iphonesimulator";
				SUPPORTS_MACCATALYST = NO;
				SUPPORTS_MAC_DESIGNED_FOR_IPHONE_IPAD = NO;
				SUPPORTS_XR_DESIGNED_FOR_IPHONE_IPAD = NO;
				SWIFT_EMIT_LOC_STRINGS = YES;
				SWIFT_VERSION = 5.0;
				TARGETED_DEVICE_FAMILY = 1;
			};
			name = Release;
		};
		584FA4112BA41485002600F1 /* Debug */ = {
			isa = XCBuildConfiguration;
			buildSettings = {
				ALWAYS_EMBED_SWIFT_STANDARD_LIBRARIES = YES;
				BUNDLE_LOADER = "$(TEST_HOST)";
				CODE_SIGN_STYLE = Automatic;
				CURRENT_PROJECT_VERSION = 1;
				DEVELOPMENT_TEAM = E98D6ZNGDP;
				GENERATE_INFOPLIST_FILE = YES;
				IPHONEOS_DEPLOYMENT_TARGET = 17.0;
				MARKETING_VERSION = 1.0;
				PRODUCT_BUNDLE_IDENTIFIER = woojin.GILTests;
				PRODUCT_NAME = "$(TARGET_NAME)";
				SUPPORTED_PLATFORMS = "iphoneos iphonesimulator";
				SUPPORTS_MACCATALYST = NO;
				SUPPORTS_MAC_DESIGNED_FOR_IPHONE_IPAD = NO;
				SUPPORTS_XR_DESIGNED_FOR_IPHONE_IPAD = NO;
				SWIFT_EMIT_LOC_STRINGS = NO;
				SWIFT_VERSION = 5.0;
				TARGETED_DEVICE_FAMILY = 1;
				TEST_HOST = "$(BUILT_PRODUCTS_DIR)/GIL.app/$(BUNDLE_EXECUTABLE_FOLDER_PATH)/GIL";
			};
			name = Debug;
		};
		584FA4122BA41485002600F1 /* Release */ = {
			isa = XCBuildConfiguration;
			buildSettings = {
				ALWAYS_EMBED_SWIFT_STANDARD_LIBRARIES = YES;
				BUNDLE_LOADER = "$(TEST_HOST)";
				CODE_SIGN_STYLE = Automatic;
				CURRENT_PROJECT_VERSION = 1;
				DEVELOPMENT_TEAM = E98D6ZNGDP;
				GENERATE_INFOPLIST_FILE = YES;
				IPHONEOS_DEPLOYMENT_TARGET = 17.0;
				MARKETING_VERSION = 1.0;
				PRODUCT_BUNDLE_IDENTIFIER = woojin.GILTests;
				PRODUCT_NAME = "$(TARGET_NAME)";
				SUPPORTED_PLATFORMS = "iphoneos iphonesimulator";
				SUPPORTS_MACCATALYST = NO;
				SUPPORTS_MAC_DESIGNED_FOR_IPHONE_IPAD = NO;
				SUPPORTS_XR_DESIGNED_FOR_IPHONE_IPAD = NO;
				SWIFT_EMIT_LOC_STRINGS = NO;
				SWIFT_VERSION = 5.0;
				TARGETED_DEVICE_FAMILY = 1;
				TEST_HOST = "$(BUILT_PRODUCTS_DIR)/GIL.app/$(BUNDLE_EXECUTABLE_FOLDER_PATH)/GIL";
			};
			name = Release;
		};
		584FA4142BA41485002600F1 /* Debug */ = {
			isa = XCBuildConfiguration;
			buildSettings = {
				ALWAYS_EMBED_SWIFT_STANDARD_LIBRARIES = YES;
				CODE_SIGN_STYLE = Automatic;
				CURRENT_PROJECT_VERSION = 1;
				DEVELOPMENT_TEAM = E98D6ZNGDP;
				GENERATE_INFOPLIST_FILE = YES;
				IPHONEOS_DEPLOYMENT_TARGET = 17.0;
				MARKETING_VERSION = 1.0;
				PRODUCT_BUNDLE_IDENTIFIER = woojin.GILUITests;
				PRODUCT_NAME = "$(TARGET_NAME)";
				SUPPORTED_PLATFORMS = "iphoneos iphonesimulator";
				SUPPORTS_MACCATALYST = NO;
				SUPPORTS_MAC_DESIGNED_FOR_IPHONE_IPAD = NO;
				SUPPORTS_XR_DESIGNED_FOR_IPHONE_IPAD = NO;
				SWIFT_EMIT_LOC_STRINGS = NO;
				SWIFT_VERSION = 5.0;
				TARGETED_DEVICE_FAMILY = 1;
				TEST_TARGET_NAME = GIL;
			};
			name = Debug;
		};
		584FA4152BA41485002600F1 /* Release */ = {
			isa = XCBuildConfiguration;
			buildSettings = {
				ALWAYS_EMBED_SWIFT_STANDARD_LIBRARIES = YES;
				CODE_SIGN_STYLE = Automatic;
				CURRENT_PROJECT_VERSION = 1;
				DEVELOPMENT_TEAM = E98D6ZNGDP;
				GENERATE_INFOPLIST_FILE = YES;
				IPHONEOS_DEPLOYMENT_TARGET = 17.0;
				MARKETING_VERSION = 1.0;
				PRODUCT_BUNDLE_IDENTIFIER = woojin.GILUITests;
				PRODUCT_NAME = "$(TARGET_NAME)";
				SUPPORTED_PLATFORMS = "iphoneos iphonesimulator";
				SUPPORTS_MACCATALYST = NO;
				SUPPORTS_MAC_DESIGNED_FOR_IPHONE_IPAD = NO;
				SUPPORTS_XR_DESIGNED_FOR_IPHONE_IPAD = NO;
				SWIFT_EMIT_LOC_STRINGS = NO;
				SWIFT_VERSION = 5.0;
				TARGETED_DEVICE_FAMILY = 1;
				TEST_TARGET_NAME = GIL;
			};
			name = Release;
		};
/* End XCBuildConfiguration section */

/* Begin XCConfigurationList section */
		584FA3DE2BA41483002600F1 /* Build configuration list for PBXProject "GIL" */ = {
			isa = XCConfigurationList;
			buildConfigurations = (
				584FA40B2BA41485002600F1 /* Debug */,
				584FA40C2BA41485002600F1 /* Release */,
			);
			defaultConfigurationIsVisible = 0;
			defaultConfigurationName = Release;
		};
		584FA40D2BA41485002600F1 /* Build configuration list for PBXNativeTarget "GIL" */ = {
			isa = XCConfigurationList;
			buildConfigurations = (
				584FA40E2BA41485002600F1 /* Debug */,
				584FA40F2BA41485002600F1 /* Release */,
			);
			defaultConfigurationIsVisible = 0;
			defaultConfigurationName = Release;
		};
		584FA4102BA41485002600F1 /* Build configuration list for PBXNativeTarget "GILTests" */ = {
			isa = XCConfigurationList;
			buildConfigurations = (
				584FA4112BA41485002600F1 /* Debug */,
				584FA4122BA41485002600F1 /* Release */,
			);
			defaultConfigurationIsVisible = 0;
			defaultConfigurationName = Release;
		};
		584FA4132BA41485002600F1 /* Build configuration list for PBXNativeTarget "GILUITests" */ = {
			isa = XCConfigurationList;
			buildConfigurations = (
				584FA4142BA41485002600F1 /* Debug */,
				584FA4152BA41485002600F1 /* Release */,
			);
			defaultConfigurationIsVisible = 0;
			defaultConfigurationName = Release;
		};
/* End XCConfigurationList section */

/* Begin XCRemoteSwiftPackageReference section */
		584FA4352BAD5607002600F1 /* XCRemoteSwiftPackageReference "firebase-ios-sdk" */ = {
			isa = XCRemoteSwiftPackageReference;
			repositoryURL = "https://github.com/firebase/firebase-ios-sdk.git";
			requirement = {
				kind = upToNextMajorVersion;
				minimumVersion = 10.23.0;
			};
		};
/* End XCRemoteSwiftPackageReference section */

/* Begin XCSwiftPackageProductDependency section */
		584FA4362BAD5607002600F1 /* FirebaseAnalytics */ = {
			isa = XCSwiftPackageProductDependency;
			package = 584FA4352BAD5607002600F1 /* XCRemoteSwiftPackageReference "firebase-ios-sdk" */;
			productName = FirebaseAnalytics;
		};
		584FA4382BAD5607002600F1 /* FirebaseAnalyticsOnDeviceConversion */ = {
			isa = XCSwiftPackageProductDependency;
			package = 584FA4352BAD5607002600F1 /* XCRemoteSwiftPackageReference "firebase-ios-sdk" */;
			productName = FirebaseAnalyticsOnDeviceConversion;
		};
		584FA43A2BAD5607002600F1 /* FirebaseAnalyticsSwift */ = {
			isa = XCSwiftPackageProductDependency;
			package = 584FA4352BAD5607002600F1 /* XCRemoteSwiftPackageReference "firebase-ios-sdk" */;
			productName = FirebaseAnalyticsSwift;
		};
		584FA43C2BAD5607002600F1 /* FirebaseAnalyticsWithoutAdIdSupport */ = {
			isa = XCSwiftPackageProductDependency;
			package = 584FA4352BAD5607002600F1 /* XCRemoteSwiftPackageReference "firebase-ios-sdk" */;
			productName = FirebaseAnalyticsWithoutAdIdSupport;
		};
		584FA43E2BAD5607002600F1 /* FirebaseCrashlytics */ = {
			isa = XCSwiftPackageProductDependency;
			package = 584FA4352BAD5607002600F1 /* XCRemoteSwiftPackageReference "firebase-ios-sdk" */;
			productName = FirebaseCrashlytics;
		};
		58BDFBD42BBE889D006AC994 /* FirebaseAuth */ = {
			isa = XCSwiftPackageProductDependency;
			package = 584FA4352BAD5607002600F1 /* XCRemoteSwiftPackageReference "firebase-ios-sdk" */;
			productName = FirebaseAuth;
		};
/* End XCSwiftPackageProductDependency section */
	};
	rootObject = 584FA3DB2BA41483002600F1 /* Project object */;
}
